{
  "version": 4,
  "terraform_version": "1.6.4",
  "serial": 135,
  "lineage": "b638d247-bec4-7079-c94c-62b1fc867340",
  "outputs": {},
  "resources": [
    {
      "mode": "managed",
      "type": "azurerm_container_registry",
      "name": "acr",
      "provider": "provider[\"registry.terraform.io/hashicorp/azurerm\"]",
      "instances": [
        {
          "schema_version": 2,
          "attributes": {
            "admin_enabled": false,
            "admin_password": "",
            "admin_username": "",
            "anonymous_pull_enabled": false,
            "data_endpoint_enabled": false,
            "encryption": [
              {
                "enabled": false,
                "identity_client_id": "",
                "key_vault_key_id": ""
              }
            ],
            "export_policy_enabled": true,
            "georeplications": [],
            "id": "/subscriptions/a210845b-25ae-4bcf-8aea-919dfd0a4467/resourceGroups/squaremarket-group/providers/Microsoft.ContainerRegistry/registries/squaremarketacr",
            "identity": [],
            "location": "northeurope",
            "login_server": "squaremarketacr.azurecr.io",
            "name": "squaremarketacr",
            "network_rule_bypass_option": "AzureServices",
            "network_rule_set": [],
            "public_network_access_enabled": true,
            "quarantine_policy_enabled": false,
            "resource_group_name": "squaremarket-group",
            "retention_policy": [
              {
                "days": 7,
                "enabled": false
              }
            ],
            "sku": "Basic",
            "tags": {
              "environment": "production",
              "source": "terraform"
            },
            "timeouts": null,
            "trust_policy": [
              {
                "enabled": false
              }
            ],
            "zone_redundancy_enabled": false
          },
          "sensitive_attributes": [],
          "private": "eyJlMmJmYjczMC1lY2FhLTExZTYtOGY4OC0zNDM2M2JjN2M0YzAiOnsiY3JlYXRlIjoxODAwMDAwMDAwMDAwLCJkZWxldGUiOjE4MDAwMDAwMDAwMDAsInJlYWQiOjMwMDAwMDAwMDAwMCwidXBkYXRlIjoxODAwMDAwMDAwMDAwfSwic2NoZW1hX3ZlcnNpb24iOiIyIn0=",
          "dependencies": [
            "azurerm_resource_group.squaremarket-group"
          ]
        }
      ]
    },
    {
      "mode": "managed",
      "type": "azurerm_dns_zone",
      "name": "frontend",
      "provider": "provider[\"registry.terraform.io/hashicorp/azurerm\"]",
      "instances": [
        {
          "schema_version": 1,
          "attributes": {
            "id": "/subscriptions/a210845b-25ae-4bcf-8aea-919dfd0a4467/resourceGroups/squaremarket-group/providers/Microsoft.Network/dnszones/sq.rikdenbreejen.nl",
            "max_number_of_record_sets": 10000,
            "name": "sq.rikdenbreejen.nl",
            "name_servers": [
              "ns1-36.azure-dns.com.",
              "ns2-36.azure-dns.net.",
              "ns3-36.azure-dns.org.",
              "ns4-36.azure-dns.info."
            ],
            "number_of_record_sets": 2,
            "resource_group_name": "squaremarket-group",
            "soa_record": [
              {
                "email": "azuredns-hostmaster.microsoft.com",
                "expire_time": 2419200,
                "fqdn": "sq.rikdenbreejen.nl.",
                "host_name": "ns1-36.azure-dns.com.",
                "minimum_ttl": 300,
                "refresh_time": 3600,
                "retry_time": 300,
                "serial_number": 1,
                "tags": {},
                "ttl": 3600
              }
            ],
            "tags": {},
            "timeouts": null
          },
          "sensitive_attributes": [],
          "private": "eyJlMmJmYjczMC1lY2FhLTExZTYtOGY4OC0zNDM2M2JjN2M0YzAiOnsiY3JlYXRlIjoxODAwMDAwMDAwMDAwLCJkZWxldGUiOjE4MDAwMDAwMDAwMDAsInJlYWQiOjMwMDAwMDAwMDAwMCwidXBkYXRlIjoxODAwMDAwMDAwMDAwfSwic2NoZW1hX3ZlcnNpb24iOiIxIn0=",
          "dependencies": [
            "azurerm_resource_group.squaremarket-group"
          ]
        }
      ]
    },
    {
      "mode": "managed",
      "type": "azurerm_frontdoor",
      "name": "frontdoor",
      "provider": "provider[\"registry.terraform.io/hashicorp/azurerm\"]",
      "instances": [
        {
          "schema_version": 2,
          "attributes": {
            "backend_pool": [
              {
                "backend": [
                  {
                    "address": "squaremarketfrontend.z16.web.core.windows.net",
                    "enabled": true,
                    "host_header": "squaremarketfrontend.z16.web.core.windows.net",
                    "http_port": 80,
                    "https_port": 443,
                    "priority": 1,
                    "weight": 50
                  }
                ],
                "health_probe_name": "frontend",
                "id": "/subscriptions/a210845b-25ae-4bcf-8aea-919dfd0a4467/resourceGroups/squaremarket-group/providers/Microsoft.Network/frontDoors/squaremarket-frontdoor/backendPools/frontend",
                "load_balancing_name": "frontend",
                "name": "frontend"
              }
            ],
            "backend_pool_health_probe": [
              {
                "enabled": true,
                "id": "/subscriptions/a210845b-25ae-4bcf-8aea-919dfd0a4467/resourceGroups/squaremarket-group/providers/Microsoft.Network/frontDoors/squaremarket-frontdoor/healthProbeSettings/frontend",
                "interval_in_seconds": 120,
                "name": "frontend",
                "path": "/",
                "probe_method": "GET",
                "protocol": "Https"
              }
            ],
            "backend_pool_health_probes": {
              "frontend": "/subscriptions/a210845b-25ae-4bcf-8aea-919dfd0a4467/resourceGroups/squaremarket-group/providers/Microsoft.Network/frontDoors/squaremarket-frontdoor/healthProbeSettings/frontend"
            },
            "backend_pool_load_balancing": [
              {
                "additional_latency_milliseconds": 0,
                "id": "/subscriptions/a210845b-25ae-4bcf-8aea-919dfd0a4467/resourceGroups/squaremarket-group/providers/Microsoft.Network/frontDoors/squaremarket-frontdoor/loadBalancingSettings/frontend",
                "name": "frontend",
                "sample_size": 4,
                "successful_samples_required": 2
              }
            ],
            "backend_pool_load_balancing_settings": {
              "frontend": "/subscriptions/a210845b-25ae-4bcf-8aea-919dfd0a4467/resourceGroups/squaremarket-group/providers/Microsoft.Network/frontDoors/squaremarket-frontdoor/loadBalancingSettings/frontend"
            },
            "backend_pool_settings": [
              {
                "backend_pools_send_receive_timeout_seconds": 60,
                "enforce_backend_pools_certificate_name_check": false
              }
            ],
            "backend_pools": {
              "frontend": "/subscriptions/a210845b-25ae-4bcf-8aea-919dfd0a4467/resourceGroups/squaremarket-group/providers/Microsoft.Network/frontDoors/squaremarket-frontdoor/backendPools/frontend"
            },
            "cname": "squaremarket-frontdoor.azurefd.net",
            "explicit_resource_order": [
              {
                "backend_pool_health_probe_ids": [
                  "/subscriptions/a210845b-25ae-4bcf-8aea-919dfd0a4467/resourceGroups/squaremarket-group/providers/Microsoft.Network/frontDoors/squaremarket-frontdoor/healthProbeSettings/frontend"
                ],
                "backend_pool_ids": [
                  "/subscriptions/a210845b-25ae-4bcf-8aea-919dfd0a4467/resourceGroups/squaremarket-group/providers/Microsoft.Network/frontDoors/squaremarket-frontdoor/backendPools/frontend"
                ],
                "backend_pool_load_balancing_ids": [
                  "/subscriptions/a210845b-25ae-4bcf-8aea-919dfd0a4467/resourceGroups/squaremarket-group/providers/Microsoft.Network/frontDoors/squaremarket-frontdoor/loadBalancingSettings/frontend"
                ],
                "frontend_endpoint_ids": [
                  "/subscriptions/a210845b-25ae-4bcf-8aea-919dfd0a4467/resourceGroups/squaremarket-group/providers/Microsoft.Network/frontDoors/squaremarket-frontdoor/frontendEndpoints/frontend",
                  "/subscriptions/a210845b-25ae-4bcf-8aea-919dfd0a4467/resourceGroups/squaremarket-group/providers/Microsoft.Network/frontDoors/squaremarket-frontdoor/frontendEndpoints/frontdoor"
                ],
                "routing_rule_ids": [
                  "/subscriptions/a210845b-25ae-4bcf-8aea-919dfd0a4467/resourceGroups/squaremarket-group/providers/Microsoft.Network/frontDoors/squaremarket-frontdoor/routingRules/https-frontend",
                  "/subscriptions/a210845b-25ae-4bcf-8aea-919dfd0a4467/resourceGroups/squaremarket-group/providers/Microsoft.Network/frontDoors/squaremarket-frontdoor/routingRules/https-redirect"
                ]
              }
            ],
            "friendly_name": "",
            "frontend_endpoint": [
              {
                "host_name": "sq.rikdenbreejen.nl",
                "id": "/subscriptions/a210845b-25ae-4bcf-8aea-919dfd0a4467/resourceGroups/squaremarket-group/providers/Microsoft.Network/frontDoors/squaremarket-frontdoor/frontendEndpoints/frontend",
                "name": "frontend",
                "session_affinity_enabled": false,
                "session_affinity_ttl_seconds": 0,
                "web_application_firewall_policy_link_id": ""
              },
              {
                "host_name": "squaremarket-frontdoor.azurefd.net",
                "id": "/subscriptions/a210845b-25ae-4bcf-8aea-919dfd0a4467/resourceGroups/squaremarket-group/providers/Microsoft.Network/frontDoors/squaremarket-frontdoor/frontendEndpoints/frontdoor",
                "name": "frontdoor",
                "session_affinity_enabled": false,
                "session_affinity_ttl_seconds": 0,
                "web_application_firewall_policy_link_id": ""
              }
            ],
            "frontend_endpoints": {
              "frontdoor": "/subscriptions/a210845b-25ae-4bcf-8aea-919dfd0a4467/resourceGroups/squaremarket-group/providers/Microsoft.Network/frontDoors/squaremarket-frontdoor/frontendEndpoints/frontdoor",
              "frontend": "/subscriptions/a210845b-25ae-4bcf-8aea-919dfd0a4467/resourceGroups/squaremarket-group/providers/Microsoft.Network/frontDoors/squaremarket-frontdoor/frontendEndpoints/frontend"
            },
            "header_frontdoor_id": "90491286-212c-4740-9de1-1184e1c5bfcc",
            "id": "/subscriptions/a210845b-25ae-4bcf-8aea-919dfd0a4467/resourceGroups/squaremarket-group/providers/Microsoft.Network/frontDoors/squaremarket-frontdoor",
            "load_balancer_enabled": true,
            "name": "squaremarket-frontdoor",
            "resource_group_name": "squaremarket-group",
            "routing_rule": [
              {
                "accepted_protocols": [
                  "Https"
                ],
                "enabled": true,
                "forwarding_configuration": [
                  {
                    "backend_pool_name": "frontend",
                    "cache_duration": "",
                    "cache_enabled": false,
                    "cache_query_parameter_strip_directive": "StripAll",
                    "cache_query_parameters": [],
                    "cache_use_dynamic_compression": false,
                    "custom_forwarding_path": "",
                    "forwarding_protocol": "HttpsOnly"
                  }
                ],
                "frontend_endpoints": [
                  "frontend"
                ],
                "id": "/subscriptions/a210845b-25ae-4bcf-8aea-919dfd0a4467/resourceGroups/squaremarket-group/providers/Microsoft.Network/frontDoors/squaremarket-frontdoor/routingRules/https-frontend",
                "name": "https-frontend",
                "patterns_to_match": [
                  "/*"
                ],
                "redirect_configuration": []
              },
              {
                "accepted_protocols": [
                  "Http"
                ],
                "enabled": true,
                "forwarding_configuration": [],
                "frontend_endpoints": [
                  "frontend"
                ],
                "id": "/subscriptions/a210845b-25ae-4bcf-8aea-919dfd0a4467/resourceGroups/squaremarket-group/providers/Microsoft.Network/frontDoors/squaremarket-frontdoor/routingRules/https-redirect",
                "name": "https-redirect",
                "patterns_to_match": [
                  "/*"
                ],
                "redirect_configuration": [
                  {
                    "custom_fragment": "",
                    "custom_host": "",
                    "custom_path": "",
                    "custom_query_string": "",
                    "redirect_protocol": "HttpsOnly",
                    "redirect_type": "Moved"
                  }
                ]
              }
            ],
            "routing_rules": {
              "https-frontend": "/subscriptions/a210845b-25ae-4bcf-8aea-919dfd0a4467/resourceGroups/squaremarket-group/providers/Microsoft.Network/frontDoors/squaremarket-frontdoor/routingRules/https-frontend",
              "https-redirect": "/subscriptions/a210845b-25ae-4bcf-8aea-919dfd0a4467/resourceGroups/squaremarket-group/providers/Microsoft.Network/frontDoors/squaremarket-frontdoor/routingRules/https-redirect"
            },
            "tags": {},
            "timeouts": null
          },
          "sensitive_attributes": [],
          "private": "eyJlMmJmYjczMC1lY2FhLTExZTYtOGY4OC0zNDM2M2JjN2M0YzAiOnsiY3JlYXRlIjoyMTYwMDAwMDAwMDAwMCwiZGVsZXRlIjoyMTYwMDAwMDAwMDAwMCwicmVhZCI6MzAwMDAwMDAwMDAwLCJ1cGRhdGUiOjIxNjAwMDAwMDAwMDAwfSwic2NoZW1hX3ZlcnNpb24iOiIyIn0=",
          "dependencies": [
            "azurerm_dns_zone.frontend",
            "azurerm_resource_group.squaremarket-group",
            "azurerm_storage_account.frontend-account"
          ]
        }
      ]
    },
    {
      "mode": "managed",
      "type": "azurerm_frontdoor_custom_https_configuration",
      "name": "frontend-https",
      "provider": "provider[\"registry.terraform.io/hashicorp/azurerm\"]",
      "instances": [
        {
          "schema_version": 1,
          "attributes": {
            "custom_https_configuration": [
              {
                "azure_key_vault_certificate_secret_name": "",
                "azure_key_vault_certificate_secret_version": "",
                "azure_key_vault_certificate_vault_id": "",
                "certificate_source": "FrontDoor",
                "minimum_tls_version": "1.2",
                "provisioning_state": "Enabled",
                "provisioning_substate": "CertificateDeployed"
              }
            ],
            "custom_https_provisioning_enabled": true,
            "frontend_endpoint_id": "/subscriptions/a210845b-25ae-4bcf-8aea-919dfd0a4467/resourceGroups/squaremarket-group/providers/Microsoft.Network/frontDoors/squaremarket-frontdoor/frontendEndpoints/frontend",
            "id": "/subscriptions/a210845b-25ae-4bcf-8aea-919dfd0a4467/resourceGroups/squaremarket-group/providers/Microsoft.Network/frontDoors/squaremarket-frontdoor/customHttpsConfiguration/frontend",
            "timeouts": null
          },
          "sensitive_attributes": [],
          "private": "eyJlMmJmYjczMC1lY2FhLTExZTYtOGY4OC0zNDM2M2JjN2M0YzAiOnsiY3JlYXRlIjoyMTYwMDAwMDAwMDAwMCwiZGVsZXRlIjoyMTYwMDAwMDAwMDAwMCwicmVhZCI6MzAwMDAwMDAwMDAwLCJ1cGRhdGUiOjIxNjAwMDAwMDAwMDAwfSwic2NoZW1hX3ZlcnNpb24iOiIxIn0=",
          "dependencies": [
            "azurerm_dns_zone.frontend",
            "azurerm_frontdoor.frontdoor",
            "azurerm_resource_group.squaremarket-group",
            "azurerm_storage_account.frontend-account"
          ]
        }
      ]
    },
    {
      "mode": "managed",
      "type": "azurerm_kubernetes_cluster",
      "name": "api",
      "provider": "provider[\"registry.terraform.io/hashicorp/azurerm\"]",
      "instances": [
        {
          "schema_version": 2,
          "attributes": {
            "aci_connector_linux": [],
            "api_server_authorized_ip_ranges": null,
            "auto_scaler_profile": [],
            "automatic_channel_upgrade": "",
            "azure_active_directory_role_based_access_control": [],
            "azure_policy_enabled": false,
            "default_node_pool": [
              {
                "enable_auto_scaling": false,
                "enable_host_encryption": false,
                "enable_node_public_ip": false,
                "fips_enabled": false,
                "kubelet_config": [],
                "kubelet_disk_type": "OS",
                "linux_os_config": [],
                "max_count": 0,
                "max_pods": 110,
                "min_count": 0,
                "name": "system",
                "node_count": 2,
                "node_labels": {},
                "node_public_ip_prefix_id": "",
                "node_taints": null,
                "only_critical_addons_enabled": false,
                "orchestrator_version": "1.28.0",
                "os_disk_size_gb": 128,
                "os_disk_type": "Managed",
                "os_sku": "Ubuntu",
                "pod_subnet_id": "",
                "proximity_placement_group_id": "",
                "tags": null,
                "type": "VirtualMachineScaleSets",
                "ultra_ssd_enabled": false,
                "upgrade_settings": [
                  {
                    "max_surge": "10%"
                  }
                ],
                "vm_size": "Standard_DS2_v2",
                "vnet_subnet_id": "",
                "zones": null
              }
            ],
            "disk_encryption_set_id": "",
            "dns_prefix": "squaremarket-aks",
            "dns_prefix_private_cluster": "",
            "enable_pod_security_policy": false,
            "fqdn": "squaremarket-aks-t989as5n.hcp.northeurope.azmk8s.io",
            "http_application_routing_enabled": false,
            "http_application_routing_zone_name": "",
            "http_proxy_config": [],
            "id": "/subscriptions/a210845b-25ae-4bcf-8aea-919dfd0a4467/resourceGroups/squaremarket-group/providers/Microsoft.ContainerService/managedClusters/squaremarket-aks",
            "identity": [
              {
                "identity_ids": null,
                "principal_id": "13076939-1fcc-42ff-bfef-cb44524d7462",
                "tenant_id": "0172c9f5-f568-42ac-9eb8-24ef84881faa",
                "type": "SystemAssigned"
              }
            ],
            "ingress_application_gateway": [],
            "key_vault_secrets_provider": [],
            "kube_admin_config": [],
            "kube_admin_config_raw": "",
            "kube_config": [
              {
                "client_certificate": "LS0tLS1CRUdJTiBDRVJUSUZJQ0FURS0tLS0tCk1JSUZIVENDQXdXZ0F3SUJBZ0lRRXAvV2JlRFViNFR2Z0tnaGVFbXdKekFOQmdrcWhraUc5dzBCQVFzRkFEQU4KTVFzd0NRWURWUVFERXdKallUQWVGdzB5TkRBeE1USXlNRE0xTURGYUZ3MHlOakF4TVRJeU1EUTFNREZhTURBeApGekFWQmdOVkJBb1REbk41YzNSbGJUcHRZWE4wWlhKek1SVXdFd1lEVlFRREV3eHRZWE4wWlhKamJHbGxiblF3CmdnSWlNQTBHQ1NxR1NJYjNEUUVCQVFVQUE0SUNEd0F3Z2dJS0FvSUNBUURPMkZlYk5JK1NuYjJ2emI1ZGJhckUKcFhjU05ETURlMDFsYUlKL3VlYkY5ZVFKV1diUERxcVl3WVdjUlo0SlNKTjNFa0Nwb1lrN3I0UDJvUEZGYWZuagpES3NFTERBSm50M2NlY3NDZkJnRFZkUWpiOElTMW5BV2FrUXB1OFo0ZFRkU0REa2piR3V2bXZNb0VXYnc0V3MwCnVuNFdGamxEWmRFRHJVQS8wUjBpc3ZHc0NDQVQzMUMrNzA3M2pZRk1xK2MyMjBYMEhiSTlLOWF6T21LU0RIWWgKbytQSlBnZ0s5c0F4OTZwMG9kdS9KSFR5VEI3dWJSbG41a3pxczlTUXcvaUZaeUIvb0hhUW83cXZsdTc0OHRYQQp1TGlOQWl2ZXZ1bDZEOWlvMzk3R25vSE9wcjFuZDhLdDhqZXRnbGZ4VmJ6dUhsR0lEbkZhNkw2Mldwd0UyUTVsClg3SmFqTzhXV0xJTHIwOTUvMkNSbHVyV0sxWERpeFNRM0ZXY1VJelc3WTJiNG4zbXZhak9yWVFnRGpZTDh5OXAKRXJPZ2xJbWZ3cGtidEJsMUFhS2FHajhvRkFtNUxPdFhzQVNhSnlUd1dPQVFOV0RTL3ptbmF5bmNnQlRHWVlKNgppNkFkQ3E4U3UveDdLT0xGS0hBN0hOaGxJd0pDUGxpM3ZWWWQyYnpKd0Jha3Q1WUpwZ0FUcEluWXJOSUhKYW93CmM0UTArSGRZcC8yN3N5cG1BT0JxTlI5YUZVVXRqcVVNVk55R1RQQ1JuaFdURGMxU0YyR3F0bVlCVVVTdThzeC8KU3FNWVAwQ01lQ3B5aDZUL1oxa0Z0c1BQZWJWU3JqcnpHYlMwbDE1QjN3Z2RCYkNEcWZwdlJCa0ZzcHZqaFdKeQplSWRsY1RHUVpGZmJ3SkVIN2lWY013SURBUUFCbzFZd1ZEQU9CZ05WSFE4QkFmOEVCQU1DQmFBd0V3WURWUjBsCkJBd3dDZ1lJS3dZQkJRVUhBd0l3REFZRFZSMFRBUUgvQkFJd0FEQWZCZ05WSFNNRUdEQVdnQlR4eGVhN2RUeXoKQUdLcFlyRnVWL1NBRXpTOVpEQU5CZ2txaGtpRzl3MEJBUXNGQUFPQ0FnRUFVN1lVMmdkYUNvejArRnlWUTJ3dwp0ZFhFMHlsTnRuK2VzTFhNK2llQy94WGxjdzNkdExQTWl5OXk4bmdMS0NCL2lNRTRNWFhEQ0l0N2RYTU9meC9tCnlqWGptTk1VVkd1ek5vUk1melgxVTd1clYwTG15cnRpQTVvMklaU1dzdHIrelVveDlndjV0dzFWdm15U2pxcUYKTnFUL0hjUytya0FzbnB4VUxXOUphSmNrSTlZVVo1OEZvSHFmaFJ1by82NUxXNzRMcWMwY2RZRlFiQktkWDFxSwo2Y2dmQVIvQTI5WElucjJmYmQraGNtSHEyNGZObzh1dnNsbW9UbzN5U2NLbDRwbjc2K1NwcGgvbGtIcEJ6d3lrCi9XdGJ2QWxlL3pwL3RtckxOQk5FUzBDaERNTXNhUzdkVmNXaXYzZ3QxN1YyS0NGbjZYeTVjNGIyWC9TV2RXekQKR2h5c3htTlh0VDIvLzFya3ZURU1iaGdWcVB2QW53RGRqRnV5NzZ6TFA2cDRIOXJWUmRMYy9CQlUvVnA0NXR6aAo4RVZwZkRsUElXeVRNVHVucmlRN1ljZW53dkFxblBFVnpFaXJ2OThsS0tRODV6MWprRmp0UXBTZWRVcFhHZGRJCkR0R0luMU5OaERNMndQVVdpNHZBdUVIaTNFWVdUYUtEVVp2eVg3czVEVzRNUlljWVhJZ3BEK3hOQjA0Z2hsWGkKNWdRV2RaUzZmYjF1V09pQmU1dkJTTUNRQzE3dFZzR2lBWHY5SnVJSklqZE9XZnlrb2U5SmlDTjZ2Mzgxajg1YQpTdStaWEZwZmx4a3ErT2VWRXJPZGVVQ3ZMYW5WV2J0TDVjZmdrV1M1eXdxMjFEa3FjYWFYR3NQSXd6Qk1RWWk2CjJCY0ZLc0diR0RyYlVROXEyYTJGRlY0PQotLS0tLUVORCBDRVJUSUZJQ0FURS0tLS0tCg==",
                "client_key": "LS0tLS1CRUdJTiBSU0EgUFJJVkFURSBLRVktLS0tLQpNSUlKS1FJQkFBS0NBZ0VBenRoWG16U1BrcDI5cjgyK1hXMnF4S1YzRWpRekEzdE5aV2lDZjdubXhmWGtDVmxtCnp3NnFtTUdGbkVXZUNVaVRkeEpBcWFHSk82K0Q5cUR4UlduNTR3eXJCQ3d3Q1o3ZDNIbkxBbndZQTFYVUkyL0MKRXRad0ZtcEVLYnZHZUhVM1VndzVJMnhycjVyektCRm04T0ZyTkxwK0ZoWTVRMlhSQTYxQVA5RWRJckx4ckFnZwpFOTlRdnU5Tzk0MkJUS3ZuTnR0RjlCMnlQU3ZXc3pwaWtneDJJYVBqeVQ0SUN2YkFNZmVxZEtIYnZ5UjA4a3dlCjdtMFpaK1pNNnJQVWtNUDRoV2NnZjZCMmtLTzZyNWJ1K1BMVndMaTRqUUlyM3I3cGVnL1lxTi9leHA2QnpxYTkKWjNmQ3JmSTNyWUpYOFZXODdoNVJpQTV4V3VpK3RscWNCTmtPWlYreVdvenZGbGl5QzY5UGVmOWdrWmJxMWl0Vgp3NHNVa054Vm5GQ00xdTJObStKOTVyMm96cTJFSUE0MkMvTXZhUkt6b0pTSm44S1pHN1FaZFFHaW1oby9LQlFKCnVTenJWN0FFbWljazhGamdFRFZnMHY4NXAyc3AzSUFVeG1HQ2VvdWdIUXF2RXJ2OGV5aml4U2h3T3h6WVpTTUMKUWo1WXQ3MVdIZG04eWNBV3BMZVdDYVlBRTZTSjJLelNCeVdxTUhPRU5QaDNXS2Y5dTdNcVpnRGdhalVmV2hWRgpMWTZsREZUY2hrendrWjRWa3czTlVoZGhxclptQVZGRXJ2TE1mMHFqR0Q5QWpIZ3Fjb2VrLzJkWkJiYkR6M20xClVxNDY4eG0wdEpkZVFkOElIUVd3ZzZuNmIwUVpCYktiNDRWaWNuaUhaWEV4a0dSWDI4Q1JCKzRsWERNQ0F3RUEKQVFLQ0FnQktBanh1U3dNbjZZcktVV3BRa1lHdGRLckM5NnhkRFl3bXdac1h5bE5ZOTE4TlBWQzh1em10Q0drZQovZ1hLdW80UTU1WDlXOC8zYkJoaWNUbUNwYVdFYUs3MEFqOTU0Yjd1T1NHN0ZOMmVxK0lJZjk5SDBEUXd3UHI4Cmw3UXV1M244d0dUZFdOaTY3MDBiUkFhNkgxMjFjeGpVSEVXRzZQSTlSNHNhaWw3TFlJMTZDVG81QWdrcEdBVUEKTEVCY1I1R21IaFRNZ0tlYW5Zbm5mUGR4M0VXVVNjaWg0N0VMQXpqSGFCODBOZ21qUFk4ZWRzQUdmVUMrM1RjZQpMeFBhYkZRS24xaVFjY0NhaGdxdzh1YzBhZWF6V3lTbFIyYWMvMkFZalh6dkI1TDFMQmV6OGhNSTUxL2Z6eSsrCnhFbGxEMUZYUGIvY1Y1YVZlWHRyVWNaTE1jS2xPK1crNkZaRXcrQzVCMmFtZWk3bTRWclA2b3BRUEZEYTBZaU8KQ2NvczloemxzTnVqMndjcU5meTdzVGVzWGErbExCRFluRHNTa2t1cHlOWUJVVllEa1EvOXp6U0xibGkyZFhwdApjUGJwbFE2MDJONGQvRzVyZ1BFeDNJbHhPMGRjWjBsRUlrc0RqK0s2cnlHQVZpVVlDbm9xYndHQURtcUU0VzBLCnRmUmVjNk5OZUhTTTBDTm5GdTdnZHNJQk83dUhQeUZUM1JRTm96cXowMVc1c1Fpd3h0SG1NZ2ZjTElBZDZSQUkKK1N1TmZwRk9SVjRZYWFMN0o0cm5SRjNmOGppL3ZvOW5EZWtabDBjNHQ5aEIxbWRPZVNGd0xuU2h1RHZDMnJmZwo0YnBCemdqb3B5MUN6ZDJSK0NkMDNId0U0bUhkTDl3YkFkZHdWSjF3dVJLS0IwNWpJUUtDQVFFQTlvR2lPN01QCnRZbGFTbCtvNmNTQ1kraDBKNjlvOEdRNVNwb0tRMmJlZGp1dm9QSy92Yjc5V2YyQlR3Vlg3eVJsdG0xZFVPOFEKNnpKRko1cjBuMElaZElSeG02dTQ2a1M1alFMNTV6WTMyUlFhWGhmVWNBbzdkM2RLMkgzeXZESVFERzViTFdieQpjenJ5V1FCUmFGbzdOb2RKd0k0dEQvSkZSOVNvZTR5dFBuY3lLbUdhOVZUTkdVNlA5eE04MjQ1LytuRE5GK1dZCk5HYUZLZVUxOFpQeWZPNlZ2ZW85YVBtY0xaeG1YZGZjeXlRUGsyU3pML2VDaFovbWZDeitWdjc5ZWxQR3NaRHEKaHZWWU9BL0hnQjhKbFZZMERDT0p0YkF5RUVlUHIyZjNBWWVlZ0NKcmVZZ2hkd0J3b2JJS0hVWUplV3J2aGd1bQpjb2s1U2hrVkEwM1VBd0tDQVFFQTFzK3RtMFlVWkR5M1lDaVR3TFprSjZ0cG9YVC96RkZraTdQSHZTcHdQMmN4Ckl0R1NkbDJ1TkNEWGJoZXNvYnVHbHZSdUhSb1RCakRVUzEwZ0o4ZTNRVU1kYzNZaDJxYW5FS1VKZ3BuRVkzUEYKZGNoMG44RFhTWGViVWNQTy8zN2NtUFo3alFGUmFjY1Z5ZTdBT0JMSnN5MktFc1RMTWcvbkFIdmcwN2tLOExoVwpkc2ZLa3RjeGczS3B4NXllZmZxWlpjRytqbVZKNWJvNWFEVG1HUDAxeGZ1TGZ0MUhFUnYxVk9WM2pkYmc3Ym5MCkhEWEt5SmMvYllHWEFML1M3bnVkNFBVR2xMUkhJNG5NbjJDMXB3ckUxR0s2NTExeUQwUS94VWlOdjlRYXdxak4KNlZSTVo4VjJmalB3M3RDejRTZG9tSGx2RXUvVDNvSURaRmZMMjE0WUVRS0NBUUVBeHJFODdEUHJzSjd5eVVvTAo0OG1DZERkVkVQdmhjUXJINXlyOHBOR1E5T290S1dVaFNqZGREU0U2RGxDM1RVb2dOZ2czRkZwdVg3WFlhaEVMCnBpYm9UN1BGd3YyS2drSTg4YjE1WTNXZlZIbFF1NUVucWR1RmpVajVha0V5MjZEYXNMcHZBY3llRm1Wb0hIY1cKSnkrNzFMcjlwcGl6Rjh4bkxYdnJCaE1oUFYxa2NTYlZlWFFPRVp6eWkrdlV2UUJDaGNKUWZqZVJGSU9pU0YrNQp1R3hSSTRSSDdKbVhRRHNhT09WODJaMTZHYitLVW5yenQvRWdJc2I5U0JBWVBsVXdTVjZucEU2enkyNk0yanRWCnloNjZZY1huRS9XOU5WYTlNOFFLdkE3bjJUTFFmbVhBRFdpOTJLYmhJbVJZcExua1B4c0QwQjhwM2Q1ZjhDc0IKZGZWUXN3S0NBUUE0b2R3Rk9iNmFocDlaekpqWGo3NXI3dmNVU0FKQVhaMENiODFUQStNLzgvYXlWVW9seHFEcwp3VlBLaEpkUXRGM1JZbk85WEdoemsyQUUxbkpweW05MzF6Zm1mdGlDQ3JtMDI2M2NMcW5tQmxtaXFjeUZhWlBZCm5KM29PcFZTS3FJQitjbXM3UklIcnlNQmI5NWhhaUtmQ0h5RVlqbW40eVZsclVNaXpvQWg0cGQ1RFVkTTIwc0UKZXJCa0hkaHpJaVJhL1c4OW4xcVNKRHlLU3BmM01wcUFyY2FqRmJkc3ZWQTZwNXlUV25sR2Mxc20vcytOZnNLTQpIa1F2UUdOZDJGMVJONGdhb0VTNUM5VlVsMnlNczN3YytrS0lTTXlQVmREeU5DU2ExRktSeTJzdC9ybCtDa01wCkZveUVVY1Y2c0tjVXU3OGE0UHVjaCs1WkFBU1F1d2ZoQW9JQkFRQ29XeE5VVzFXN29hZlBzM2srL1hlMkVZN2sKUXBKTzNjcUFUNHYvRitYSys0QnVCUnRQT2U4aytRTzQ3amI3UUlWdkJDM25OZDlId2dycHVqTlorTXBrZkxtRQpVMjZJREFFNE5vTFlHVDRadWM2YWhJUFh5U0NYeW1OSXRlcmRreGRBcFRmcnl1SDZSSWFmNlJPRWhER000MDRICnR6SkFmbXJlRXR3Sm1DK0FxM1ROWmM4ckVzVkRGNitkdHZTaGlMdWJKUGpqNWIzTkoyMU1UT2wrb2FmVHBBaUYKcCt4c0JSbjNZQktwRkJtaGd2YllsNDFoRDNBTG5TWmNvTVdoNnk3TlMrK1VBNTc4V1l3cGQ4OTNkNkFncmJCZApZVHVvdVJuWGF0YXMzQUk1djFWOERVRGV3ajBPbUhTZGw3V25NU0Z1dDZpSzBwQVpHK0dGdkx5WUZMS3gKLS0tLS1FTkQgUlNBIFBSSVZBVEUgS0VZLS0tLS0K",
                "cluster_ca_certificate": "LS0tLS1CRUdJTiBDRVJUSUZJQ0FURS0tLS0tCk1JSUU2VENDQXRHZ0F3SUJBZ0lSQUlTa2ZHZlUxMDZBMzVadVBwMjduU3d3RFFZSktvWklodmNOQVFFTEJRQXcKRFRFTE1Ba0dBMVVFQXhNQ1kyRXdJQmNOTWpRd01URXlNakF6TlRBeFdoZ1BNakExTkRBeE1USXlNRFExTURGYQpNQTB4Q3pBSkJnTlZCQU1UQW1OaE1JSUNJakFOQmdrcWhraUc5dzBCQVFFRkFBT0NBZzhBTUlJQ0NnS0NBZ0VBCnVjQnJmWEpBM1RwWnc3UEE0YXJReVpjWExqYzR2aW51SjdnbTI3ZUJodjdkVFZndG9KQzVubDJKNFpqMXVpemkKMjF4ZitlWjdrYi9yUEdNVnpNRjZtVHo1UVExZ3FTQzBzZTVBSEltcjJLbFJwWGFFMU5vWmx0YTI5Z2V2ZitEYgprVjlwOUVqd1R6ZFQ3ZDRLdmMvazJpS3E0OVhQL0JRM0c2V09YcXRvRzNldXh5eWhDVGQ2NHkxNzVDYWxKVEx1Cmt6N2dwWFo3VFJjaDRIQ2NEYlZtT0puRElaQVJtcGZzbnR0TFBVUlIrOHNaTlB6MXR1QWxyaUwwTHVLREZTSlQKbzVueHczRmZodS8vdUl2NkpoZ3ZkR1lYeGEzU1hES2dCcmRFQlE4dnh2YUhKaXhSMjIwYVhqckIwZlBSdTdKUAptZzVkQis1aFptQ0g2ei8zclcvVDR3emlGMDZscjRURDJ6K3VnQmJQUWQ5WW1jRlhvSEthWFo1YUNJalVFRDRDCkZzZU9oRXlPNURIRysrSzBZbTFTOEdGK0tMb1hhVHRTNjJnSGt5SHhva0g5Skk2YlZmMkZVNFRmNG9NNXJ0aXEKWjBuTjgxb2ZXOUtLNXJ5WHV0VisxMjNSSzdSZEtzTVBRS3dsN2UvclhmT3N4Mkp5UlNUV3ZHSWNRWGdRbk9LNwozcms5RUFlSUVITXhGa3o2Q1lWQ1d6b2xiNUlyTWZwZnZYd0FWU1JmSjNWOU5LUU5qRDAyNjhIV1dXS2dEeVpyCmp6RlpPeDBjaS9yRVJMdWcyOFNManAyUUN5cnhQSTNnVTRWK2hIZWxJaG1pV1RXM0VWS0M0cGpqaFNBUHoxSk0KeStEUmVpS0FqZk1xaGpCNVltSU9xclRUemxMdzdkWnhMTnk0aG40UHQ2VUNBd0VBQWFOQ01FQXdEZ1lEVlIwUApBUUgvQkFRREFnS2tNQThHQTFVZEV3RUIvd1FGTUFNQkFmOHdIUVlEVlIwT0JCWUVGUEhGNXJ0MVBMTUFZcWxpCnNXNVg5SUFUTkwxa01BMEdDU3FHU0liM0RRRUJDd1VBQTRJQ0FRQkxtRGxvU29qazVmdDlLWEZuWWo3NldkUUcKY0IwWGFLdm1lbXNNNUxUcXNCVFM4dm1JMkhheWhaenBNTmtrUi90ZXRSeEtwcnluTlVScUE3OTZlY0xzTStySApjdi9nc1YvMjgrV3JaYjhmZ0NxZzRiUDFaTVRXTzdhT3dSa1EzOVI5MzVrTWpaNWVJT0ZSYllxaHlSM0NnQnZECjltOHdvTG9TMzU5cXhVVEFVWjlxYktpaU1ldUoxc09KQ1kvN25xcEtwRlc1c3A5dlUvaXNnd2tQbDBFd25DekcKb1pOSWhlY1NGN1V2MDFGeGYvaEVESEFadTF6Tkt5S3NJWDlmNGZuaHhXc1Z2emtGSE1EVVlvNUNNc0tUeno0NQpka3BUaEV6bGkwYy9RN3E1SlpTS2xOSUtNSkF1KzBhZjA4ZDNLempUL0RsY2N0QUVPMHZFWUdsc1l1d05KL2s3CjhMVVc1TEJSdmZpTXZGSnViVXMxdFczcXNXUU1QbjhzTDI2YWRDN2ljcTVFc1RtNzFMSlkzV0VaNDRhYzRJTlQKR1plN0NkMEtQdExsRjkwTlczODAvelNqcTZQM2EyUlBXeFRVTjVzK3BEdjZxWUtVeFlRUkR4VFIwQ0JSWVV0eQoxdlZaKys3cjloamgvWERiUlhaQVV5MUxycDFmdFE4bXpMUjRQcHgxK3hPVW1DN0VXR1FqbG9PUG05ZTdmQVpJCjFuOE1xSCtVOHkrN3A3NFArelM1ci9ObGU5MGZTd1JUSzRkVm5xMjNKckxLRmgvdGZ1YzkrUllQZDIwdmZsYWIKeGF0VnJjVTZnM2R4aWh1engzckY2NW5DaFgwOElXTVAyUjczcWNwSDRXcllQcnN3KzZsVVBmZFIvQWJHR3plcQp4S2VtWTJsNmljZ2g1TlB5MUE9PQotLS0tLUVORCBDRVJUSUZJQ0FURS0tLS0tCg==",
                "host": "https://squaremarket-aks-t989as5n.hcp.northeurope.azmk8s.io:443",
                "password": "1ax84amdce5i5g3b0rihwasxirdsvmhwqyva45gg1l2vg5ugj25js5hw5xeqtgonxxr31phlzyjrf4xapjwmyv1ze900cfffhgxh7twbmsvpabhojoc16pw5szia6hvo",
                "username": "clusterUser_squaremarket-group_squaremarket-aks"
              }
            ],
            "kube_config_raw": "apiVersion: v1\nclusters:\n- cluster:\n    certificate-authority-data: LS0tLS1CRUdJTiBDRVJUSUZJQ0FURS0tLS0tCk1JSUU2VENDQXRHZ0F3SUJBZ0lSQUlTa2ZHZlUxMDZBMzVadVBwMjduU3d3RFFZSktvWklodmNOQVFFTEJRQXcKRFRFTE1Ba0dBMVVFQXhNQ1kyRXdJQmNOTWpRd01URXlNakF6TlRBeFdoZ1BNakExTkRBeE1USXlNRFExTURGYQpNQTB4Q3pBSkJnTlZCQU1UQW1OaE1JSUNJakFOQmdrcWhraUc5dzBCQVFFRkFBT0NBZzhBTUlJQ0NnS0NBZ0VBCnVjQnJmWEpBM1RwWnc3UEE0YXJReVpjWExqYzR2aW51SjdnbTI3ZUJodjdkVFZndG9KQzVubDJKNFpqMXVpemkKMjF4ZitlWjdrYi9yUEdNVnpNRjZtVHo1UVExZ3FTQzBzZTVBSEltcjJLbFJwWGFFMU5vWmx0YTI5Z2V2ZitEYgprVjlwOUVqd1R6ZFQ3ZDRLdmMvazJpS3E0OVhQL0JRM0c2V09YcXRvRzNldXh5eWhDVGQ2NHkxNzVDYWxKVEx1Cmt6N2dwWFo3VFJjaDRIQ2NEYlZtT0puRElaQVJtcGZzbnR0TFBVUlIrOHNaTlB6MXR1QWxyaUwwTHVLREZTSlQKbzVueHczRmZodS8vdUl2NkpoZ3ZkR1lYeGEzU1hES2dCcmRFQlE4dnh2YUhKaXhSMjIwYVhqckIwZlBSdTdKUAptZzVkQis1aFptQ0g2ei8zclcvVDR3emlGMDZscjRURDJ6K3VnQmJQUWQ5WW1jRlhvSEthWFo1YUNJalVFRDRDCkZzZU9oRXlPNURIRysrSzBZbTFTOEdGK0tMb1hhVHRTNjJnSGt5SHhva0g5Skk2YlZmMkZVNFRmNG9NNXJ0aXEKWjBuTjgxb2ZXOUtLNXJ5WHV0VisxMjNSSzdSZEtzTVBRS3dsN2UvclhmT3N4Mkp5UlNUV3ZHSWNRWGdRbk9LNwozcms5RUFlSUVITXhGa3o2Q1lWQ1d6b2xiNUlyTWZwZnZYd0FWU1JmSjNWOU5LUU5qRDAyNjhIV1dXS2dEeVpyCmp6RlpPeDBjaS9yRVJMdWcyOFNManAyUUN5cnhQSTNnVTRWK2hIZWxJaG1pV1RXM0VWS0M0cGpqaFNBUHoxSk0KeStEUmVpS0FqZk1xaGpCNVltSU9xclRUemxMdzdkWnhMTnk0aG40UHQ2VUNBd0VBQWFOQ01FQXdEZ1lEVlIwUApBUUgvQkFRREFnS2tNQThHQTFVZEV3RUIvd1FGTUFNQkFmOHdIUVlEVlIwT0JCWUVGUEhGNXJ0MVBMTUFZcWxpCnNXNVg5SUFUTkwxa01BMEdDU3FHU0liM0RRRUJDd1VBQTRJQ0FRQkxtRGxvU29qazVmdDlLWEZuWWo3NldkUUcKY0IwWGFLdm1lbXNNNUxUcXNCVFM4dm1JMkhheWhaenBNTmtrUi90ZXRSeEtwcnluTlVScUE3OTZlY0xzTStySApjdi9nc1YvMjgrV3JaYjhmZ0NxZzRiUDFaTVRXTzdhT3dSa1EzOVI5MzVrTWpaNWVJT0ZSYllxaHlSM0NnQnZECjltOHdvTG9TMzU5cXhVVEFVWjlxYktpaU1ldUoxc09KQ1kvN25xcEtwRlc1c3A5dlUvaXNnd2tQbDBFd25DekcKb1pOSWhlY1NGN1V2MDFGeGYvaEVESEFadTF6Tkt5S3NJWDlmNGZuaHhXc1Z2emtGSE1EVVlvNUNNc0tUeno0NQpka3BUaEV6bGkwYy9RN3E1SlpTS2xOSUtNSkF1KzBhZjA4ZDNLempUL0RsY2N0QUVPMHZFWUdsc1l1d05KL2s3CjhMVVc1TEJSdmZpTXZGSnViVXMxdFczcXNXUU1QbjhzTDI2YWRDN2ljcTVFc1RtNzFMSlkzV0VaNDRhYzRJTlQKR1plN0NkMEtQdExsRjkwTlczODAvelNqcTZQM2EyUlBXeFRVTjVzK3BEdjZxWUtVeFlRUkR4VFIwQ0JSWVV0eQoxdlZaKys3cjloamgvWERiUlhaQVV5MUxycDFmdFE4bXpMUjRQcHgxK3hPVW1DN0VXR1FqbG9PUG05ZTdmQVpJCjFuOE1xSCtVOHkrN3A3NFArelM1ci9ObGU5MGZTd1JUSzRkVm5xMjNKckxLRmgvdGZ1YzkrUllQZDIwdmZsYWIKeGF0VnJjVTZnM2R4aWh1engzckY2NW5DaFgwOElXTVAyUjczcWNwSDRXcllQcnN3KzZsVVBmZFIvQWJHR3plcQp4S2VtWTJsNmljZ2g1TlB5MUE9PQotLS0tLUVORCBDRVJUSUZJQ0FURS0tLS0tCg==\n    server: https://squaremarket-aks-t989as5n.hcp.northeurope.azmk8s.io:443\n  name: squaremarket-aks\ncontexts:\n- context:\n    cluster: squaremarket-aks\n    user: clusterUser_squaremarket-group_squaremarket-aks\n  name: squaremarket-aks\ncurrent-context: squaremarket-aks\nkind: Config\npreferences: {}\nusers:\n- name: clusterUser_squaremarket-group_squaremarket-aks\n  user:\n    client-certificate-data: LS0tLS1CRUdJTiBDRVJUSUZJQ0FURS0tLS0tCk1JSUZIVENDQXdXZ0F3SUJBZ0lRRXAvV2JlRFViNFR2Z0tnaGVFbXdKekFOQmdrcWhraUc5dzBCQVFzRkFEQU4KTVFzd0NRWURWUVFERXdKallUQWVGdzB5TkRBeE1USXlNRE0xTURGYUZ3MHlOakF4TVRJeU1EUTFNREZhTURBeApGekFWQmdOVkJBb1REbk41YzNSbGJUcHRZWE4wWlhKek1SVXdFd1lEVlFRREV3eHRZWE4wWlhKamJHbGxiblF3CmdnSWlNQTBHQ1NxR1NJYjNEUUVCQVFVQUE0SUNEd0F3Z2dJS0FvSUNBUURPMkZlYk5JK1NuYjJ2emI1ZGJhckUKcFhjU05ETURlMDFsYUlKL3VlYkY5ZVFKV1diUERxcVl3WVdjUlo0SlNKTjNFa0Nwb1lrN3I0UDJvUEZGYWZuagpES3NFTERBSm50M2NlY3NDZkJnRFZkUWpiOElTMW5BV2FrUXB1OFo0ZFRkU0REa2piR3V2bXZNb0VXYnc0V3MwCnVuNFdGamxEWmRFRHJVQS8wUjBpc3ZHc0NDQVQzMUMrNzA3M2pZRk1xK2MyMjBYMEhiSTlLOWF6T21LU0RIWWgKbytQSlBnZ0s5c0F4OTZwMG9kdS9KSFR5VEI3dWJSbG41a3pxczlTUXcvaUZaeUIvb0hhUW83cXZsdTc0OHRYQQp1TGlOQWl2ZXZ1bDZEOWlvMzk3R25vSE9wcjFuZDhLdDhqZXRnbGZ4VmJ6dUhsR0lEbkZhNkw2Mldwd0UyUTVsClg3SmFqTzhXV0xJTHIwOTUvMkNSbHVyV0sxWERpeFNRM0ZXY1VJelc3WTJiNG4zbXZhak9yWVFnRGpZTDh5OXAKRXJPZ2xJbWZ3cGtidEJsMUFhS2FHajhvRkFtNUxPdFhzQVNhSnlUd1dPQVFOV0RTL3ptbmF5bmNnQlRHWVlKNgppNkFkQ3E4U3UveDdLT0xGS0hBN0hOaGxJd0pDUGxpM3ZWWWQyYnpKd0Jha3Q1WUpwZ0FUcEluWXJOSUhKYW93CmM0UTArSGRZcC8yN3N5cG1BT0JxTlI5YUZVVXRqcVVNVk55R1RQQ1JuaFdURGMxU0YyR3F0bVlCVVVTdThzeC8KU3FNWVAwQ01lQ3B5aDZUL1oxa0Z0c1BQZWJWU3JqcnpHYlMwbDE1QjN3Z2RCYkNEcWZwdlJCa0ZzcHZqaFdKeQplSWRsY1RHUVpGZmJ3SkVIN2lWY013SURBUUFCbzFZd1ZEQU9CZ05WSFE4QkFmOEVCQU1DQmFBd0V3WURWUjBsCkJBd3dDZ1lJS3dZQkJRVUhBd0l3REFZRFZSMFRBUUgvQkFJd0FEQWZCZ05WSFNNRUdEQVdnQlR4eGVhN2RUeXoKQUdLcFlyRnVWL1NBRXpTOVpEQU5CZ2txaGtpRzl3MEJBUXNGQUFPQ0FnRUFVN1lVMmdkYUNvejArRnlWUTJ3dwp0ZFhFMHlsTnRuK2VzTFhNK2llQy94WGxjdzNkdExQTWl5OXk4bmdMS0NCL2lNRTRNWFhEQ0l0N2RYTU9meC9tCnlqWGptTk1VVkd1ek5vUk1melgxVTd1clYwTG15cnRpQTVvMklaU1dzdHIrelVveDlndjV0dzFWdm15U2pxcUYKTnFUL0hjUytya0FzbnB4VUxXOUphSmNrSTlZVVo1OEZvSHFmaFJ1by82NUxXNzRMcWMwY2RZRlFiQktkWDFxSwo2Y2dmQVIvQTI5WElucjJmYmQraGNtSHEyNGZObzh1dnNsbW9UbzN5U2NLbDRwbjc2K1NwcGgvbGtIcEJ6d3lrCi9XdGJ2QWxlL3pwL3RtckxOQk5FUzBDaERNTXNhUzdkVmNXaXYzZ3QxN1YyS0NGbjZYeTVjNGIyWC9TV2RXekQKR2h5c3htTlh0VDIvLzFya3ZURU1iaGdWcVB2QW53RGRqRnV5NzZ6TFA2cDRIOXJWUmRMYy9CQlUvVnA0NXR6aAo4RVZwZkRsUElXeVRNVHVucmlRN1ljZW53dkFxblBFVnpFaXJ2OThsS0tRODV6MWprRmp0UXBTZWRVcFhHZGRJCkR0R0luMU5OaERNMndQVVdpNHZBdUVIaTNFWVdUYUtEVVp2eVg3czVEVzRNUlljWVhJZ3BEK3hOQjA0Z2hsWGkKNWdRV2RaUzZmYjF1V09pQmU1dkJTTUNRQzE3dFZzR2lBWHY5SnVJSklqZE9XZnlrb2U5SmlDTjZ2Mzgxajg1YQpTdStaWEZwZmx4a3ErT2VWRXJPZGVVQ3ZMYW5WV2J0TDVjZmdrV1M1eXdxMjFEa3FjYWFYR3NQSXd6Qk1RWWk2CjJCY0ZLc0diR0RyYlVROXEyYTJGRlY0PQotLS0tLUVORCBDRVJUSUZJQ0FURS0tLS0tCg==\n    client-key-data: LS0tLS1CRUdJTiBSU0EgUFJJVkFURSBLRVktLS0tLQpNSUlKS1FJQkFBS0NBZ0VBenRoWG16U1BrcDI5cjgyK1hXMnF4S1YzRWpRekEzdE5aV2lDZjdubXhmWGtDVmxtCnp3NnFtTUdGbkVXZUNVaVRkeEpBcWFHSk82K0Q5cUR4UlduNTR3eXJCQ3d3Q1o3ZDNIbkxBbndZQTFYVUkyL0MKRXRad0ZtcEVLYnZHZUhVM1VndzVJMnhycjVyektCRm04T0ZyTkxwK0ZoWTVRMlhSQTYxQVA5RWRJckx4ckFnZwpFOTlRdnU5Tzk0MkJUS3ZuTnR0RjlCMnlQU3ZXc3pwaWtneDJJYVBqeVQ0SUN2YkFNZmVxZEtIYnZ5UjA4a3dlCjdtMFpaK1pNNnJQVWtNUDRoV2NnZjZCMmtLTzZyNWJ1K1BMVndMaTRqUUlyM3I3cGVnL1lxTi9leHA2QnpxYTkKWjNmQ3JmSTNyWUpYOFZXODdoNVJpQTV4V3VpK3RscWNCTmtPWlYreVdvenZGbGl5QzY5UGVmOWdrWmJxMWl0Vgp3NHNVa054Vm5GQ00xdTJObStKOTVyMm96cTJFSUE0MkMvTXZhUkt6b0pTSm44S1pHN1FaZFFHaW1oby9LQlFKCnVTenJWN0FFbWljazhGamdFRFZnMHY4NXAyc3AzSUFVeG1HQ2VvdWdIUXF2RXJ2OGV5aml4U2h3T3h6WVpTTUMKUWo1WXQ3MVdIZG04eWNBV3BMZVdDYVlBRTZTSjJLelNCeVdxTUhPRU5QaDNXS2Y5dTdNcVpnRGdhalVmV2hWRgpMWTZsREZUY2hrendrWjRWa3czTlVoZGhxclptQVZGRXJ2TE1mMHFqR0Q5QWpIZ3Fjb2VrLzJkWkJiYkR6M20xClVxNDY4eG0wdEpkZVFkOElIUVd3ZzZuNmIwUVpCYktiNDRWaWNuaUhaWEV4a0dSWDI4Q1JCKzRsWERNQ0F3RUEKQVFLQ0FnQktBanh1U3dNbjZZcktVV3BRa1lHdGRLckM5NnhkRFl3bXdac1h5bE5ZOTE4TlBWQzh1em10Q0drZQovZ1hLdW80UTU1WDlXOC8zYkJoaWNUbUNwYVdFYUs3MEFqOTU0Yjd1T1NHN0ZOMmVxK0lJZjk5SDBEUXd3UHI4Cmw3UXV1M244d0dUZFdOaTY3MDBiUkFhNkgxMjFjeGpVSEVXRzZQSTlSNHNhaWw3TFlJMTZDVG81QWdrcEdBVUEKTEVCY1I1R21IaFRNZ0tlYW5Zbm5mUGR4M0VXVVNjaWg0N0VMQXpqSGFCODBOZ21qUFk4ZWRzQUdmVUMrM1RjZQpMeFBhYkZRS24xaVFjY0NhaGdxdzh1YzBhZWF6V3lTbFIyYWMvMkFZalh6dkI1TDFMQmV6OGhNSTUxL2Z6eSsrCnhFbGxEMUZYUGIvY1Y1YVZlWHRyVWNaTE1jS2xPK1crNkZaRXcrQzVCMmFtZWk3bTRWclA2b3BRUEZEYTBZaU8KQ2NvczloemxzTnVqMndjcU5meTdzVGVzWGErbExCRFluRHNTa2t1cHlOWUJVVllEa1EvOXp6U0xibGkyZFhwdApjUGJwbFE2MDJONGQvRzVyZ1BFeDNJbHhPMGRjWjBsRUlrc0RqK0s2cnlHQVZpVVlDbm9xYndHQURtcUU0VzBLCnRmUmVjNk5OZUhTTTBDTm5GdTdnZHNJQk83dUhQeUZUM1JRTm96cXowMVc1c1Fpd3h0SG1NZ2ZjTElBZDZSQUkKK1N1TmZwRk9SVjRZYWFMN0o0cm5SRjNmOGppL3ZvOW5EZWtabDBjNHQ5aEIxbWRPZVNGd0xuU2h1RHZDMnJmZwo0YnBCemdqb3B5MUN6ZDJSK0NkMDNId0U0bUhkTDl3YkFkZHdWSjF3dVJLS0IwNWpJUUtDQVFFQTlvR2lPN01QCnRZbGFTbCtvNmNTQ1kraDBKNjlvOEdRNVNwb0tRMmJlZGp1dm9QSy92Yjc5V2YyQlR3Vlg3eVJsdG0xZFVPOFEKNnpKRko1cjBuMElaZElSeG02dTQ2a1M1alFMNTV6WTMyUlFhWGhmVWNBbzdkM2RLMkgzeXZESVFERzViTFdieQpjenJ5V1FCUmFGbzdOb2RKd0k0dEQvSkZSOVNvZTR5dFBuY3lLbUdhOVZUTkdVNlA5eE04MjQ1LytuRE5GK1dZCk5HYUZLZVUxOFpQeWZPNlZ2ZW85YVBtY0xaeG1YZGZjeXlRUGsyU3pML2VDaFovbWZDeitWdjc5ZWxQR3NaRHEKaHZWWU9BL0hnQjhKbFZZMERDT0p0YkF5RUVlUHIyZjNBWWVlZ0NKcmVZZ2hkd0J3b2JJS0hVWUplV3J2aGd1bQpjb2s1U2hrVkEwM1VBd0tDQVFFQTFzK3RtMFlVWkR5M1lDaVR3TFprSjZ0cG9YVC96RkZraTdQSHZTcHdQMmN4Ckl0R1NkbDJ1TkNEWGJoZXNvYnVHbHZSdUhSb1RCakRVUzEwZ0o4ZTNRVU1kYzNZaDJxYW5FS1VKZ3BuRVkzUEYKZGNoMG44RFhTWGViVWNQTy8zN2NtUFo3alFGUmFjY1Z5ZTdBT0JMSnN5MktFc1RMTWcvbkFIdmcwN2tLOExoVwpkc2ZLa3RjeGczS3B4NXllZmZxWlpjRytqbVZKNWJvNWFEVG1HUDAxeGZ1TGZ0MUhFUnYxVk9WM2pkYmc3Ym5MCkhEWEt5SmMvYllHWEFML1M3bnVkNFBVR2xMUkhJNG5NbjJDMXB3ckUxR0s2NTExeUQwUS94VWlOdjlRYXdxak4KNlZSTVo4VjJmalB3M3RDejRTZG9tSGx2RXUvVDNvSURaRmZMMjE0WUVRS0NBUUVBeHJFODdEUHJzSjd5eVVvTAo0OG1DZERkVkVQdmhjUXJINXlyOHBOR1E5T290S1dVaFNqZGREU0U2RGxDM1RVb2dOZ2czRkZwdVg3WFlhaEVMCnBpYm9UN1BGd3YyS2drSTg4YjE1WTNXZlZIbFF1NUVucWR1RmpVajVha0V5MjZEYXNMcHZBY3llRm1Wb0hIY1cKSnkrNzFMcjlwcGl6Rjh4bkxYdnJCaE1oUFYxa2NTYlZlWFFPRVp6eWkrdlV2UUJDaGNKUWZqZVJGSU9pU0YrNQp1R3hSSTRSSDdKbVhRRHNhT09WODJaMTZHYitLVW5yenQvRWdJc2I5U0JBWVBsVXdTVjZucEU2enkyNk0yanRWCnloNjZZY1huRS9XOU5WYTlNOFFLdkE3bjJUTFFmbVhBRFdpOTJLYmhJbVJZcExua1B4c0QwQjhwM2Q1ZjhDc0IKZGZWUXN3S0NBUUE0b2R3Rk9iNmFocDlaekpqWGo3NXI3dmNVU0FKQVhaMENiODFUQStNLzgvYXlWVW9seHFEcwp3VlBLaEpkUXRGM1JZbk85WEdoemsyQUUxbkpweW05MzF6Zm1mdGlDQ3JtMDI2M2NMcW5tQmxtaXFjeUZhWlBZCm5KM29PcFZTS3FJQitjbXM3UklIcnlNQmI5NWhhaUtmQ0h5RVlqbW40eVZsclVNaXpvQWg0cGQ1RFVkTTIwc0UKZXJCa0hkaHpJaVJhL1c4OW4xcVNKRHlLU3BmM01wcUFyY2FqRmJkc3ZWQTZwNXlUV25sR2Mxc20vcytOZnNLTQpIa1F2UUdOZDJGMVJONGdhb0VTNUM5VlVsMnlNczN3YytrS0lTTXlQVmREeU5DU2ExRktSeTJzdC9ybCtDa01wCkZveUVVY1Y2c0tjVXU3OGE0UHVjaCs1WkFBU1F1d2ZoQW9JQkFRQ29XeE5VVzFXN29hZlBzM2srL1hlMkVZN2sKUXBKTzNjcUFUNHYvRitYSys0QnVCUnRQT2U4aytRTzQ3amI3UUlWdkJDM25OZDlId2dycHVqTlorTXBrZkxtRQpVMjZJREFFNE5vTFlHVDRadWM2YWhJUFh5U0NYeW1OSXRlcmRreGRBcFRmcnl1SDZSSWFmNlJPRWhER000MDRICnR6SkFmbXJlRXR3Sm1DK0FxM1ROWmM4ckVzVkRGNitkdHZTaGlMdWJKUGpqNWIzTkoyMU1UT2wrb2FmVHBBaUYKcCt4c0JSbjNZQktwRkJtaGd2YllsNDFoRDNBTG5TWmNvTVdoNnk3TlMrK1VBNTc4V1l3cGQ4OTNkNkFncmJCZApZVHVvdVJuWGF0YXMzQUk1djFWOERVRGV3ajBPbUhTZGw3V25NU0Z1dDZpSzBwQVpHK0dGdkx5WUZMS3gKLS0tLS1FTkQgUlNBIFBSSVZBVEUgS0VZLS0tLS0K\n    token: 1ax84amdce5i5g3b0rihwasxirdsvmhwqyva45gg1l2vg5ugj25js5hw5xeqtgonxxr31phlzyjrf4xapjwmyv1ze900cfffhgxh7twbmsvpabhojoc16pw5szia6hvo\n",
            "kubelet_identity": [
              {
                "client_id": "3404e83d-6197-4f1b-81ff-e6a289550fc1",
                "object_id": "85a39aa2-9757-4018-8112-f23749e4818a",
                "user_assigned_identity_id": "/subscriptions/a210845b-25ae-4bcf-8aea-919dfd0a4467/resourceGroups/MC_squaremarket-group_squaremarket-aks_northeurope/providers/Microsoft.ManagedIdentity/userAssignedIdentities/squaremarket-aks-agentpool"
              }
            ],
            "kubernetes_version": "1.28.0",
            "linux_profile": [],
            "local_account_disabled": false,
            "location": "northeurope",
            "maintenance_window": [],
            "name": "squaremarket-aks",
            "network_profile": [
              {
                "dns_service_ip": "10.0.0.10",
                "docker_bridge_cidr": "172.17.0.1/16",
                "load_balancer_profile": [
                  {
                    "effective_outbound_ips": [
                      "/subscriptions/a210845b-25ae-4bcf-8aea-919dfd0a4467/resourceGroups/MC_squaremarket-group_squaremarket-aks_northeurope/providers/Microsoft.Network/publicIPAddresses/fd318c32-9e45-4152-bde1-d7e60e9beb61"
                    ],
                    "idle_timeout_in_minutes": 0,
                    "managed_outbound_ip_count": 1,
                    "outbound_ip_address_ids": [],
                    "outbound_ip_prefix_ids": [],
                    "outbound_ports_allocated": 0
                  }
                ],
                "load_balancer_sku": "standard",
                "nat_gateway_profile": [],
                "network_mode": "",
                "network_plugin": "kubenet",
                "network_policy": "calico",
                "outbound_type": "loadBalancer",
                "pod_cidr": "10.244.0.0/16",
                "service_cidr": "10.0.0.0/16"
              }
            ],
            "node_resource_group": "MC_squaremarket-group_squaremarket-aks_northeurope",
            "oms_agent": [],
            "open_service_mesh_enabled": false,
            "portal_fqdn": "squaremarket-aks-t989as5n.portal.hcp.northeurope.azmk8s.io",
            "private_cluster_enabled": false,
            "private_cluster_public_fqdn_enabled": false,
            "private_dns_zone_id": "",
            "private_fqdn": "",
            "public_network_access_enabled": true,
            "resource_group_name": "squaremarket-group",
            "role_based_access_control_enabled": true,
            "service_principal": [],
            "sku_tier": "Free",
            "tags": {
              "environment": "production",
              "source": "terraform"
            },
            "timeouts": null,
            "windows_profile": []
          },
          "sensitive_attributes": [],
          "private": "eyJlMmJmYjczMC1lY2FhLTExZTYtOGY4OC0zNDM2M2JjN2M0YzAiOnsiY3JlYXRlIjo1NDAwMDAwMDAwMDAwLCJkZWxldGUiOjU0MDAwMDAwMDAwMDAsInJlYWQiOjMwMDAwMDAwMDAwMCwidXBkYXRlIjo1NDAwMDAwMDAwMDAwfSwic2NoZW1hX3ZlcnNpb24iOiIyIn0=",
          "dependencies": [
            "azurerm_resource_group.squaremarket-group"
          ]
        }
      ]
    },
    {
      "mode": "managed",
      "type": "azurerm_mysql_database",
      "name": "accounts-db",
      "provider": "provider[\"registry.terraform.io/hashicorp/azurerm\"]",
      "instances": [
        {
          "schema_version": 0,
          "attributes": {
            "charset": "utf8",
            "collation": "utf8_unicode_ci",
            "id": "/subscriptions/a210845b-25ae-4bcf-8aea-919dfd0a4467/resourceGroups/squaremarket-group/providers/Microsoft.DBforMySQL/servers/squaremarket-accounts/databases/accounts",
            "name": "accounts",
            "resource_group_name": "squaremarket-group",
            "server_name": "squaremarket-accounts",
            "timeouts": null
          },
          "sensitive_attributes": [],
          "private": "eyJlMmJmYjczMC1lY2FhLTExZTYtOGY4OC0zNDM2M2JjN2M0YzAiOnsiY3JlYXRlIjozNjAwMDAwMDAwMDAwLCJkZWxldGUiOjM2MDAwMDAwMDAwMDAsInJlYWQiOjMwMDAwMDAwMDAwMCwidXBkYXRlIjozNjAwMDAwMDAwMDAwfX0=",
          "dependencies": [
            "azurerm_mysql_server.accounts-db-server",
            "azurerm_resource_group.squaremarket-group"
          ]
        }
      ]
    },
    {
      "mode": "managed",
      "type": "azurerm_mysql_database",
      "name": "advertisements-db",
      "provider": "provider[\"registry.terraform.io/hashicorp/azurerm\"]",
      "instances": [
        {
          "schema_version": 0,
          "attributes": {
            "charset": "utf8",
            "collation": "utf8_unicode_ci",
            "id": "/subscriptions/a210845b-25ae-4bcf-8aea-919dfd0a4467/resourceGroups/squaremarket-group/providers/Microsoft.DBforMySQL/servers/squaremarket-advertisements/databases/advertisements",
            "name": "advertisements",
            "resource_group_name": "squaremarket-group",
            "server_name": "squaremarket-advertisements",
            "timeouts": null
          },
          "sensitive_attributes": [],
          "private": "eyJlMmJmYjczMC1lY2FhLTExZTYtOGY4OC0zNDM2M2JjN2M0YzAiOnsiY3JlYXRlIjozNjAwMDAwMDAwMDAwLCJkZWxldGUiOjM2MDAwMDAwMDAwMDAsInJlYWQiOjMwMDAwMDAwMDAwMCwidXBkYXRlIjozNjAwMDAwMDAwMDAwfX0=",
          "dependencies": [
            "azurerm_mysql_server.advertisements-db-server",
            "azurerm_resource_group.squaremarket-group"
          ]
        }
      ]
    },
    {
      "mode": "managed",
      "type": "azurerm_mysql_database",
      "name": "messages-db",
      "provider": "provider[\"registry.terraform.io/hashicorp/azurerm\"]",
      "instances": [
        {
          "schema_version": 0,
          "attributes": {
            "charset": "utf8",
            "collation": "utf8_unicode_ci",
            "id": "/subscriptions/a210845b-25ae-4bcf-8aea-919dfd0a4467/resourceGroups/squaremarket-group/providers/Microsoft.DBforMySQL/servers/squaremarket-messages/databases/messages",
            "name": "messages",
            "resource_group_name": "squaremarket-group",
            "server_name": "squaremarket-messages",
            "timeouts": null
          },
          "sensitive_attributes": [],
          "private": "eyJlMmJmYjczMC1lY2FhLTExZTYtOGY4OC0zNDM2M2JjN2M0YzAiOnsiY3JlYXRlIjozNjAwMDAwMDAwMDAwLCJkZWxldGUiOjM2MDAwMDAwMDAwMDAsInJlYWQiOjMwMDAwMDAwMDAwMCwidXBkYXRlIjozNjAwMDAwMDAwMDAwfX0=",
          "dependencies": [
            "azurerm_mysql_server.messages-db-server",
            "azurerm_resource_group.squaremarket-group"
          ]
        }
      ]
    },
    {
      "mode": "managed",
      "type": "azurerm_mysql_firewall_rule",
      "name": "accounts-db-to-server",
      "provider": "provider[\"registry.terraform.io/hashicorp/azurerm\"]",
      "instances": [
        {
          "schema_version": 0,
          "attributes": {
            "end_ip_address": "255.255.255.255",
            "id": "/subscriptions/a210845b-25ae-4bcf-8aea-919dfd0a4467/resourceGroups/squaremarket-group/providers/Microsoft.DBforMySQL/servers/squaremarket-accounts/firewallRules/server",
            "name": "server",
            "resource_group_name": "squaremarket-group",
            "server_name": "squaremarket-accounts",
            "start_ip_address": "0.0.0.0",
            "timeouts": null
          },
          "sensitive_attributes": [],
          "private": "eyJlMmJmYjczMC1lY2FhLTExZTYtOGY4OC0zNDM2M2JjN2M0YzAiOnsiY3JlYXRlIjoxODAwMDAwMDAwMDAwLCJkZWxldGUiOjE4MDAwMDAwMDAwMDAsInJlYWQiOjMwMDAwMDAwMDAwMCwidXBkYXRlIjoxODAwMDAwMDAwMDAwfX0=",
          "dependencies": [
            "azurerm_mysql_server.accounts-db-server",
            "azurerm_resource_group.squaremarket-group"
          ]
        }
      ]
    },
    {
      "mode": "managed",
      "type": "azurerm_mysql_firewall_rule",
      "name": "advertisements-db-to-server",
      "provider": "provider[\"registry.terraform.io/hashicorp/azurerm\"]",
      "instances": [
        {
          "schema_version": 0,
          "attributes": {
            "end_ip_address": "255.255.255.255",
            "id": "/subscriptions/a210845b-25ae-4bcf-8aea-919dfd0a4467/resourceGroups/squaremarket-group/providers/Microsoft.DBforMySQL/servers/squaremarket-advertisements/firewallRules/server",
            "name": "server",
            "resource_group_name": "squaremarket-group",
            "server_name": "squaremarket-advertisements",
            "start_ip_address": "0.0.0.0",
            "timeouts": null
          },
          "sensitive_attributes": [],
          "private": "eyJlMmJmYjczMC1lY2FhLTExZTYtOGY4OC0zNDM2M2JjN2M0YzAiOnsiY3JlYXRlIjoxODAwMDAwMDAwMDAwLCJkZWxldGUiOjE4MDAwMDAwMDAwMDAsInJlYWQiOjMwMDAwMDAwMDAwMCwidXBkYXRlIjoxODAwMDAwMDAwMDAwfX0=",
          "dependencies": [
            "azurerm_mysql_server.advertisements-db-server",
            "azurerm_resource_group.squaremarket-group"
          ]
        }
      ]
    },
    {
      "mode": "managed",
      "type": "azurerm_mysql_firewall_rule",
      "name": "messages-db-to-server",
      "provider": "provider[\"registry.terraform.io/hashicorp/azurerm\"]",
      "instances": [
        {
          "schema_version": 0,
          "attributes": {
            "end_ip_address": "255.255.255.255",
            "id": "/subscriptions/a210845b-25ae-4bcf-8aea-919dfd0a4467/resourceGroups/squaremarket-group/providers/Microsoft.DBforMySQL/servers/squaremarket-messages/firewallRules/server",
            "name": "server",
            "resource_group_name": "squaremarket-group",
            "server_name": "squaremarket-messages",
            "start_ip_address": "0.0.0.0",
            "timeouts": null
          },
          "sensitive_attributes": [],
          "private": "eyJlMmJmYjczMC1lY2FhLTExZTYtOGY4OC0zNDM2M2JjN2M0YzAiOnsiY3JlYXRlIjoxODAwMDAwMDAwMDAwLCJkZWxldGUiOjE4MDAwMDAwMDAwMDAsInJlYWQiOjMwMDAwMDAwMDAwMCwidXBkYXRlIjoxODAwMDAwMDAwMDAwfX0=",
          "dependencies": [
            "azurerm_mysql_server.messages-db-server",
            "azurerm_resource_group.squaremarket-group"
          ]
        }
      ]
    },
    {
      "mode": "managed",
      "type": "azurerm_mysql_server",
      "name": "accounts-db-server",
      "provider": "provider[\"registry.terraform.io/hashicorp/azurerm\"]",
      "instances": [
        {
          "schema_version": 0,
          "attributes": {
            "administrator_login": "Education6661",
            "administrator_login_password": "Exemplary-Footer-Juice2-Visa-Footing-Trousers",
            "auto_grow_enabled": true,
            "backup_retention_days": 7,
            "create_mode": "Default",
            "creation_source_server_id": null,
            "fqdn": "squaremarket-accounts.mysql.database.azure.com",
            "geo_redundant_backup_enabled": false,
            "id": "/subscriptions/a210845b-25ae-4bcf-8aea-919dfd0a4467/resourceGroups/squaremarket-group/providers/Microsoft.DBforMySQL/servers/squaremarket-accounts",
            "identity": [],
            "infrastructure_encryption_enabled": false,
            "location": "northeurope",
            "name": "squaremarket-accounts",
            "public_network_access_enabled": true,
            "resource_group_name": "squaremarket-group",
            "restore_point_in_time": null,
            "sku_name": "B_Gen5_1",
            "ssl_enforcement_enabled": true,
            "ssl_minimal_tls_version_enforced": "TLS1_2",
            "storage_mb": 5120,
            "tags": {
              "environment": "production",
              "source": "terraform"
            },
            "threat_detection_policy": [],
            "timeouts": null,
            "version": "8.0"
          },
          "sensitive_attributes": [],
          "private": "eyJlMmJmYjczMC1lY2FhLTExZTYtOGY4OC0zNDM2M2JjN2M0YzAiOnsiY3JlYXRlIjozNjAwMDAwMDAwMDAwLCJkZWxldGUiOjM2MDAwMDAwMDAwMDAsInJlYWQiOjMwMDAwMDAwMDAwMCwidXBkYXRlIjozNjAwMDAwMDAwMDAwfX0=",
          "dependencies": [
            "azurerm_resource_group.squaremarket-group"
          ]
        }
      ]
    },
    {
      "mode": "managed",
      "type": "azurerm_mysql_server",
      "name": "advertisements-db-server",
      "provider": "provider[\"registry.terraform.io/hashicorp/azurerm\"]",
      "instances": [
        {
          "schema_version": 0,
          "attributes": {
            "administrator_login": "Education6661",
            "administrator_login_password": "Exemplary-Footer-Juice2-Visa-Footing-Trousers",
            "auto_grow_enabled": true,
            "backup_retention_days": 7,
            "create_mode": "Default",
            "creation_source_server_id": null,
            "fqdn": "squaremarket-advertisements.mysql.database.azure.com",
            "geo_redundant_backup_enabled": false,
            "id": "/subscriptions/a210845b-25ae-4bcf-8aea-919dfd0a4467/resourceGroups/squaremarket-group/providers/Microsoft.DBforMySQL/servers/squaremarket-advertisements",
            "identity": [],
            "infrastructure_encryption_enabled": false,
            "location": "northeurope",
            "name": "squaremarket-advertisements",
            "public_network_access_enabled": true,
            "resource_group_name": "squaremarket-group",
            "restore_point_in_time": null,
            "sku_name": "B_Gen5_1",
            "ssl_enforcement_enabled": true,
            "ssl_minimal_tls_version_enforced": "TLS1_2",
            "storage_mb": 5120,
            "tags": {
              "environment": "production",
              "source": "terraform"
            },
            "threat_detection_policy": [],
            "timeouts": null,
            "version": "8.0"
          },
          "sensitive_attributes": [],
          "private": "eyJlMmJmYjczMC1lY2FhLTExZTYtOGY4OC0zNDM2M2JjN2M0YzAiOnsiY3JlYXRlIjozNjAwMDAwMDAwMDAwLCJkZWxldGUiOjM2MDAwMDAwMDAwMDAsInJlYWQiOjMwMDAwMDAwMDAwMCwidXBkYXRlIjozNjAwMDAwMDAwMDAwfX0=",
          "dependencies": [
            "azurerm_resource_group.squaremarket-group"
          ]
        }
      ]
    },
    {
      "mode": "managed",
      "type": "azurerm_mysql_server",
      "name": "messages-db-server",
      "provider": "provider[\"registry.terraform.io/hashicorp/azurerm\"]",
      "instances": [
        {
          "schema_version": 0,
          "attributes": {
            "administrator_login": "Education6661",
            "administrator_login_password": "Exemplary-Footer-Juice2-Visa-Footing-Trousers",
            "auto_grow_enabled": true,
            "backup_retention_days": 7,
            "create_mode": "Default",
            "creation_source_server_id": null,
            "fqdn": "squaremarket-messages.mysql.database.azure.com",
            "geo_redundant_backup_enabled": false,
            "id": "/subscriptions/a210845b-25ae-4bcf-8aea-919dfd0a4467/resourceGroups/squaremarket-group/providers/Microsoft.DBforMySQL/servers/squaremarket-messages",
            "identity": [],
            "infrastructure_encryption_enabled": false,
            "location": "northeurope",
            "name": "squaremarket-messages",
            "public_network_access_enabled": true,
            "resource_group_name": "squaremarket-group",
            "restore_point_in_time": null,
            "sku_name": "B_Gen5_1",
            "ssl_enforcement_enabled": true,
            "ssl_minimal_tls_version_enforced": "TLS1_2",
            "storage_mb": 5120,
            "tags": {
              "environment": "production",
              "source": "terraform"
            },
            "threat_detection_policy": [],
            "timeouts": null,
            "version": "8.0"
          },
          "sensitive_attributes": [],
          "private": "eyJlMmJmYjczMC1lY2FhLTExZTYtOGY4OC0zNDM2M2JjN2M0YzAiOnsiY3JlYXRlIjozNjAwMDAwMDAwMDAwLCJkZWxldGUiOjM2MDAwMDAwMDAwMDAsInJlYWQiOjMwMDAwMDAwMDAwMCwidXBkYXRlIjozNjAwMDAwMDAwMDAwfX0=",
          "dependencies": [
            "azurerm_resource_group.squaremarket-group"
          ]
        }
      ]
    },
    {
      "mode": "managed",
      "type": "azurerm_resource_group",
      "name": "squaremarket-group",
      "provider": "provider[\"registry.terraform.io/hashicorp/azurerm\"]",
      "instances": [
        {
          "schema_version": 0,
          "attributes": {
            "id": "/subscriptions/a210845b-25ae-4bcf-8aea-919dfd0a4467/resourceGroups/squaremarket-group",
            "location": "northeurope",
            "name": "squaremarket-group",
            "tags": {
              "environment": "production",
              "source": "terraform"
            },
            "timeouts": null
          },
          "sensitive_attributes": [],
          "private": "eyJlMmJmYjczMC1lY2FhLTExZTYtOGY4OC0zNDM2M2JjN2M0YzAiOnsiY3JlYXRlIjo1NDAwMDAwMDAwMDAwLCJkZWxldGUiOjU0MDAwMDAwMDAwMDAsInJlYWQiOjMwMDAwMDAwMDAwMCwidXBkYXRlIjo1NDAwMDAwMDAwMDAwfX0="
        }
      ]
    },
    {
      "mode": "managed",
      "type": "azurerm_role_assignment",
      "name": "aks_pull_acr",
      "provider": "provider[\"registry.terraform.io/hashicorp/azurerm\"]",
      "instances": [
        {
          "schema_version": 0,
          "attributes": {
            "condition": "",
            "condition_version": "",
            "delegated_managed_identity_resource_id": "",
            "description": "",
            "id": "/subscriptions/a210845b-25ae-4bcf-8aea-919dfd0a4467/resourceGroups/squaremarket-group/providers/Microsoft.ContainerRegistry/registries/squaremarketacr/providers/Microsoft.Authorization/roleAssignments/7510fcab-ca55-fec1-45a9-e0ada55fece4",
            "name": "7510fcab-ca55-fec1-45a9-e0ada55fece4",
            "principal_id": "85a39aa2-9757-4018-8112-f23749e4818a",
            "principal_type": "ServicePrincipal",
            "role_definition_id": "/subscriptions/a210845b-25ae-4bcf-8aea-919dfd0a4467/providers/Microsoft.Authorization/roleDefinitions/7f951dda-4ed3-4680-a7ca-43fe172d538d",
            "role_definition_name": "AcrPull",
            "scope": "/subscriptions/a210845b-25ae-4bcf-8aea-919dfd0a4467/resourceGroups/squaremarket-group/providers/Microsoft.ContainerRegistry/registries/squaremarketacr",
            "skip_service_principal_aad_check": null,
            "timeouts": null
          },
          "sensitive_attributes": [],
          "private": "eyJlMmJmYjczMC1lY2FhLTExZTYtOGY4OC0zNDM2M2JjN2M0YzAiOnsiY3JlYXRlIjoxODAwMDAwMDAwMDAwLCJkZWxldGUiOjE4MDAwMDAwMDAwMDAsInJlYWQiOjMwMDAwMDAwMDAwMCwidXBkYXRlIjoxODAwMDAwMDAwMDAwfX0=",
          "dependencies": [
            "azurerm_container_registry.acr",
            "azurerm_kubernetes_cluster.api",
            "azurerm_resource_group.squaremarket-group"
          ]
        }
      ]
    },
    {
      "mode": "managed",
      "type": "azurerm_storage_account",
      "name": "frontend-account",
      "provider": "provider[\"registry.terraform.io/hashicorp/azurerm\"]",
      "instances": [
        {
          "schema_version": 3,
          "attributes": {
            "access_tier": "Hot",
            "account_kind": "StorageV2",
            "account_replication_type": "GRS",
            "account_tier": "Standard",
            "allow_nested_items_to_be_public": true,
            "azure_files_authentication": [],
            "blob_properties": [
              {
                "change_feed_enabled": false,
                "container_delete_retention_policy": [],
                "cors_rule": [],
                "default_service_version": "",
                "delete_retention_policy": [],
                "last_access_time_enabled": false,
                "versioning_enabled": false
              }
            ],
            "custom_domain": [
              {
                "name": "sq.rikdenbreejen.nl",
                "use_subdomain": false
              }
            ],
            "customer_managed_key": [],
            "edge_zone": "",
            "enable_https_traffic_only": true,
            "id": "/subscriptions/a210845b-25ae-4bcf-8aea-919dfd0a4467/resourceGroups/squaremarket-group/providers/Microsoft.Storage/storageAccounts/squaremarketfrontend",
            "identity": [],
            "infrastructure_encryption_enabled": false,
            "is_hns_enabled": false,
            "large_file_share_enabled": null,
            "location": "northeurope",
            "min_tls_version": "TLS1_2",
            "name": "squaremarketfrontend",
            "network_rules": [
              {
                "bypass": [
                  "AzureServices"
                ],
                "default_action": "Allow",
                "ip_rules": [],
                "private_link_access": [],
                "virtual_network_subnet_ids": []
              }
            ],
            "nfsv3_enabled": false,
            "primary_access_key": "3PtuA2DxRax879QomhnaZC+6gRNZS0pH/tRY0CDCblJVfS9iU307MKIEetS8v2602XdXPe7ZW7v1+AStnVry4w==",
            "primary_blob_connection_string": "DefaultEndpointsProtocol=https;BlobEndpoint=https://squaremarketfrontend.blob.core.windows.net/;AccountName=squaremarketfrontend;AccountKey=3PtuA2DxRax879QomhnaZC+6gRNZS0pH/tRY0CDCblJVfS9iU307MKIEetS8v2602XdXPe7ZW7v1+AStnVry4w==",
            "primary_blob_endpoint": "https://squaremarketfrontend.blob.core.windows.net/",
            "primary_blob_host": "squaremarketfrontend.blob.core.windows.net",
            "primary_connection_string": "DefaultEndpointsProtocol=https;AccountName=squaremarketfrontend;AccountKey=3PtuA2DxRax879QomhnaZC+6gRNZS0pH/tRY0CDCblJVfS9iU307MKIEetS8v2602XdXPe7ZW7v1+AStnVry4w==;EndpointSuffix=core.windows.net",
            "primary_dfs_endpoint": "https://squaremarketfrontend.dfs.core.windows.net/",
            "primary_dfs_host": "squaremarketfrontend.dfs.core.windows.net",
            "primary_file_endpoint": "https://squaremarketfrontend.file.core.windows.net/",
            "primary_file_host": "squaremarketfrontend.file.core.windows.net",
            "primary_location": "northeurope",
            "primary_queue_endpoint": "https://squaremarketfrontend.queue.core.windows.net/",
            "primary_queue_host": "squaremarketfrontend.queue.core.windows.net",
            "primary_table_endpoint": "https://squaremarketfrontend.table.core.windows.net/",
            "primary_table_host": "squaremarketfrontend.table.core.windows.net",
            "primary_web_endpoint": "https://squaremarketfrontend.z16.web.core.windows.net/",
            "primary_web_host": "squaremarketfrontend.z16.web.core.windows.net",
            "queue_encryption_key_type": "Service",
            "queue_properties": [
              {
                "cors_rule": [],
                "hour_metrics": [
                  {
                    "enabled": true,
                    "include_apis": true,
                    "retention_policy_days": 7,
                    "version": "1.0"
                  }
                ],
                "logging": [
                  {
                    "delete": false,
                    "read": false,
                    "retention_policy_days": 0,
                    "version": "1.0",
                    "write": false
                  }
                ],
                "minute_metrics": [
                  {
                    "enabled": false,
                    "include_apis": false,
                    "retention_policy_days": 0,
                    "version": "1.0"
                  }
                ]
              }
            ],
            "resource_group_name": "squaremarket-group",
            "routing": [],
            "secondary_access_key": "pfBvnLMKDOVBb/MqqRw/CgCtZkPPUnYE8S2nkLx8ev407cxd5ztqfzZUCm9j+Qd20ObT3sKLNWEU+AStMskbnQ==",
            "secondary_blob_connection_string": "",
            "secondary_blob_endpoint": null,
            "secondary_blob_host": null,
            "secondary_connection_string": "DefaultEndpointsProtocol=https;AccountName=squaremarketfrontend;AccountKey=pfBvnLMKDOVBb/MqqRw/CgCtZkPPUnYE8S2nkLx8ev407cxd5ztqfzZUCm9j+Qd20ObT3sKLNWEU+AStMskbnQ==;EndpointSuffix=core.windows.net",
            "secondary_dfs_endpoint": null,
            "secondary_dfs_host": null,
            "secondary_file_endpoint": null,
            "secondary_file_host": null,
            "secondary_location": "westeurope",
            "secondary_queue_endpoint": null,
            "secondary_queue_host": null,
            "secondary_table_endpoint": null,
            "secondary_table_host": null,
            "secondary_web_endpoint": null,
            "secondary_web_host": null,
            "share_properties": [
              {
                "cors_rule": [],
                "retention_policy": [
                  {
                    "days": 7
                  }
                ],
                "smb": []
              }
            ],
            "shared_access_key_enabled": true,
            "static_website": [
              {
                "error_404_document": "index.html",
                "index_document": "index.html"
              }
            ],
            "table_encryption_key_type": "Service",
            "tags": {
              "environment": "production",
              "source": "terraform"
            },
            "timeouts": null
          },
          "sensitive_attributes": [],
          "private": "eyJlMmJmYjczMC1lY2FhLTExZTYtOGY4OC0zNDM2M2JjN2M0YzAiOnsiY3JlYXRlIjozNjAwMDAwMDAwMDAwLCJkZWxldGUiOjM2MDAwMDAwMDAwMDAsInJlYWQiOjMwMDAwMDAwMDAwMCwidXBkYXRlIjozNjAwMDAwMDAwMDAwfSwic2NoZW1hX3ZlcnNpb24iOiIzIn0=",
          "dependencies": [
            "azurerm_resource_group.squaremarket-group"
          ]
        }
      ]
    },
    {
      "mode": "managed",
      "type": "azurerm_storage_account",
      "name": "storage-account",
      "provider": "provider[\"registry.terraform.io/hashicorp/azurerm\"]",
      "instances": [
        {
          "schema_version": 3,
          "attributes": {
            "access_tier": "Hot",
            "account_kind": "StorageV2",
            "account_replication_type": "GRS",
            "account_tier": "Standard",
            "allow_nested_items_to_be_public": true,
            "azure_files_authentication": [],
            "blob_properties": [
              {
                "change_feed_enabled": false,
                "container_delete_retention_policy": [],
                "cors_rule": [],
                "default_service_version": "",
                "delete_retention_policy": [],
                "last_access_time_enabled": false,
                "versioning_enabled": false
              }
            ],
            "custom_domain": [],
            "customer_managed_key": [],
            "edge_zone": "",
            "enable_https_traffic_only": true,
            "id": "/subscriptions/a210845b-25ae-4bcf-8aea-919dfd0a4467/resourceGroups/squaremarket-group/providers/Microsoft.Storage/storageAccounts/squaremarketblobstorage",
            "identity": [],
            "infrastructure_encryption_enabled": false,
            "is_hns_enabled": false,
            "large_file_share_enabled": null,
            "location": "northeurope",
            "min_tls_version": "TLS1_2",
            "name": "squaremarketblobstorage",
            "network_rules": [
              {
                "bypass": [
                  "AzureServices"
                ],
                "default_action": "Allow",
                "ip_rules": [],
                "private_link_access": [],
                "virtual_network_subnet_ids": []
              }
            ],
            "nfsv3_enabled": false,
            "primary_access_key": "/sdUcvMUXtbqdUh+ftAkO/2XaCCAtx6n0sZ0sjwzR3ArCz4UtX0fpgnkrgtpsE2qY2qeVAy21dFc+ASttggrbw==",
            "primary_blob_connection_string": "DefaultEndpointsProtocol=https;BlobEndpoint=https://squaremarketblobstorage.blob.core.windows.net/;AccountName=squaremarketblobstorage;AccountKey=/sdUcvMUXtbqdUh+ftAkO/2XaCCAtx6n0sZ0sjwzR3ArCz4UtX0fpgnkrgtpsE2qY2qeVAy21dFc+ASttggrbw==",
            "primary_blob_endpoint": "https://squaremarketblobstorage.blob.core.windows.net/",
            "primary_blob_host": "squaremarketblobstorage.blob.core.windows.net",
            "primary_connection_string": "DefaultEndpointsProtocol=https;AccountName=squaremarketblobstorage;AccountKey=/sdUcvMUXtbqdUh+ftAkO/2XaCCAtx6n0sZ0sjwzR3ArCz4UtX0fpgnkrgtpsE2qY2qeVAy21dFc+ASttggrbw==;EndpointSuffix=core.windows.net",
            "primary_dfs_endpoint": "https://squaremarketblobstorage.dfs.core.windows.net/",
            "primary_dfs_host": "squaremarketblobstorage.dfs.core.windows.net",
            "primary_file_endpoint": "https://squaremarketblobstorage.file.core.windows.net/",
            "primary_file_host": "squaremarketblobstorage.file.core.windows.net",
            "primary_location": "northeurope",
            "primary_queue_endpoint": "https://squaremarketblobstorage.queue.core.windows.net/",
            "primary_queue_host": "squaremarketblobstorage.queue.core.windows.net",
            "primary_table_endpoint": "https://squaremarketblobstorage.table.core.windows.net/",
            "primary_table_host": "squaremarketblobstorage.table.core.windows.net",
            "primary_web_endpoint": "https://squaremarketblobstorage.z16.web.core.windows.net/",
            "primary_web_host": "squaremarketblobstorage.z16.web.core.windows.net",
            "queue_encryption_key_type": "Service",
            "queue_properties": [
              {
                "cors_rule": [],
                "hour_metrics": [
                  {
                    "enabled": true,
                    "include_apis": true,
                    "retention_policy_days": 7,
                    "version": "1.0"
                  }
                ],
                "logging": [
                  {
                    "delete": false,
                    "read": false,
                    "retention_policy_days": 0,
                    "version": "1.0",
                    "write": false
                  }
                ],
                "minute_metrics": [
                  {
                    "enabled": false,
                    "include_apis": false,
                    "retention_policy_days": 0,
                    "version": "1.0"
                  }
                ]
              }
            ],
            "resource_group_name": "squaremarket-group",
            "routing": [],
            "secondary_access_key": "zbQmccjub/0uthJ8XsheloBC/ca/xYPEyFydD+odbGq7aKo77F1+SBX3gyk4r5iW8YwTPkLTKlIH+AStTIgJzw==",
            "secondary_blob_connection_string": "",
            "secondary_blob_endpoint": null,
            "secondary_blob_host": null,
            "secondary_connection_string": "DefaultEndpointsProtocol=https;AccountName=squaremarketblobstorage;AccountKey=zbQmccjub/0uthJ8XsheloBC/ca/xYPEyFydD+odbGq7aKo77F1+SBX3gyk4r5iW8YwTPkLTKlIH+AStTIgJzw==;EndpointSuffix=core.windows.net",
            "secondary_dfs_endpoint": null,
            "secondary_dfs_host": null,
            "secondary_file_endpoint": null,
            "secondary_file_host": null,
            "secondary_location": "westeurope",
            "secondary_queue_endpoint": null,
            "secondary_queue_host": null,
            "secondary_table_endpoint": null,
            "secondary_table_host": null,
            "secondary_web_endpoint": null,
            "secondary_web_host": null,
            "share_properties": [
              {
                "cors_rule": [],
                "retention_policy": [
                  {
                    "days": 7
                  }
                ],
                "smb": []
              }
            ],
            "shared_access_key_enabled": true,
            "static_website": [],
            "table_encryption_key_type": "Service",
            "tags": {
              "environment": "production",
              "source": "terraform"
            },
            "timeouts": null
          },
          "sensitive_attributes": [],
          "private": "eyJlMmJmYjczMC1lY2FhLTExZTYtOGY4OC0zNDM2M2JjN2M0YzAiOnsiY3JlYXRlIjozNjAwMDAwMDAwMDAwLCJkZWxldGUiOjM2MDAwMDAwMDAwMDAsInJlYWQiOjMwMDAwMDAwMDAwMCwidXBkYXRlIjozNjAwMDAwMDAwMDAwfSwic2NoZW1hX3ZlcnNpb24iOiIzIn0=",
          "dependencies": [
            "azurerm_resource_group.squaremarket-group"
          ]
        }
      ]
    },
    {
      "mode": "managed",
      "type": "azurerm_storage_container",
      "name": "storage-container",
      "provider": "provider[\"registry.terraform.io/hashicorp/azurerm\"]",
      "instances": [
        {
          "schema_version": 1,
          "attributes": {
            "container_access_type": "private",
            "has_immutability_policy": false,
            "has_legal_hold": false,
            "id": "https://squaremarketblobstorage.blob.core.windows.net/advertisement-images",
            "metadata": {},
            "name": "advertisement-images",
            "resource_manager_id": "/subscriptions/a210845b-25ae-4bcf-8aea-919dfd0a4467/resourceGroups/squaremarket-group/providers/Microsoft.Storage/storageAccounts/squaremarketblobstorage/blobServices/default/containers/advertisement-images",
            "storage_account_name": "squaremarketblobstorage",
            "timeouts": null
          },
          "sensitive_attributes": [],
          "private": "eyJlMmJmYjczMC1lY2FhLTExZTYtOGY4OC0zNDM2M2JjN2M0YzAiOnsiY3JlYXRlIjoxODAwMDAwMDAwMDAwLCJkZWxldGUiOjE4MDAwMDAwMDAwMDAsInJlYWQiOjMwMDAwMDAwMDAwMCwidXBkYXRlIjoxODAwMDAwMDAwMDAwfSwic2NoZW1hX3ZlcnNpb24iOiIxIn0=",
          "dependencies": [
            "azurerm_resource_group.squaremarket-group",
            "azurerm_storage_account.storage-account"
          ]
        }
      ]
    }
  ],
  "check_results": null
}
