{
  "version": 4,
  "terraform_version": "1.6.4",
  "serial": 241,
  "lineage": "b638d247-bec4-7079-c94c-62b1fc867340",
  "outputs": {},
  "resources": [
    {
      "mode": "managed",
      "type": "azurerm_container_registry",
      "name": "acr",
      "provider": "provider[\"registry.terraform.io/hashicorp/azurerm\"]",
      "instances": [
        {
          "schema_version": 2,
          "attributes": {
            "admin_enabled": false,
            "admin_password": "",
            "admin_username": "",
            "anonymous_pull_enabled": false,
            "data_endpoint_enabled": false,
            "encryption": [
              {
                "enabled": false,
                "identity_client_id": "",
                "key_vault_key_id": ""
              }
            ],
            "export_policy_enabled": true,
            "georeplications": [],
            "id": "/subscriptions/a210845b-25ae-4bcf-8aea-919dfd0a4467/resourceGroups/squaremarket-group/providers/Microsoft.ContainerRegistry/registries/squaremarketacr",
            "identity": [],
            "location": "northeurope",
            "login_server": "squaremarketacr.azurecr.io",
            "name": "squaremarketacr",
            "network_rule_bypass_option": "AzureServices",
            "network_rule_set": [],
            "public_network_access_enabled": true,
            "quarantine_policy_enabled": false,
            "resource_group_name": "squaremarket-group",
            "retention_policy": [
              {
                "days": 7,
                "enabled": false
              }
            ],
            "sku": "Basic",
            "tags": {
              "environment": "production",
              "source": "terraform"
            },
            "timeouts": null,
            "trust_policy": [
              {
                "enabled": false
              }
            ],
            "zone_redundancy_enabled": false
          },
          "sensitive_attributes": [],
          "private": "eyJlMmJmYjczMC1lY2FhLTExZTYtOGY4OC0zNDM2M2JjN2M0YzAiOnsiY3JlYXRlIjoxODAwMDAwMDAwMDAwLCJkZWxldGUiOjE4MDAwMDAwMDAwMDAsInJlYWQiOjMwMDAwMDAwMDAwMCwidXBkYXRlIjoxODAwMDAwMDAwMDAwfSwic2NoZW1hX3ZlcnNpb24iOiIyIn0=",
          "dependencies": [
            "azurerm_resource_group.squaremarket-group"
          ]
        }
      ]
    },
    {
      "mode": "managed",
      "type": "azurerm_dns_zone",
      "name": "api",
      "provider": "provider[\"registry.terraform.io/hashicorp/azurerm\"]",
      "instances": [
        {
          "schema_version": 1,
          "attributes": {
            "id": "/subscriptions/a210845b-25ae-4bcf-8aea-919dfd0a4467/resourceGroups/squaremarket-group/providers/Microsoft.Network/dnszones/sq.api.rikdenbreejen.nl",
            "max_number_of_record_sets": 10000,
            "name": "sq.api.rikdenbreejen.nl",
            "name_servers": [
              "ns1-34.azure-dns.com.",
              "ns2-34.azure-dns.net.",
              "ns3-34.azure-dns.org.",
              "ns4-34.azure-dns.info."
            ],
            "number_of_record_sets": 2,
            "resource_group_name": "squaremarket-group",
            "soa_record": [
              {
                "email": "azuredns-hostmaster.microsoft.com",
                "expire_time": 2419200,
                "fqdn": "sq.api.rikdenbreejen.nl.",
                "host_name": "ns1-34.azure-dns.com.",
                "minimum_ttl": 300,
                "refresh_time": 3600,
                "retry_time": 300,
                "serial_number": 1,
                "tags": {},
                "ttl": 3600
              }
            ],
            "tags": {},
            "timeouts": null
          },
          "sensitive_attributes": [],
          "private": "eyJlMmJmYjczMC1lY2FhLTExZTYtOGY4OC0zNDM2M2JjN2M0YzAiOnsiY3JlYXRlIjoxODAwMDAwMDAwMDAwLCJkZWxldGUiOjE4MDAwMDAwMDAwMDAsInJlYWQiOjMwMDAwMDAwMDAwMCwidXBkYXRlIjoxODAwMDAwMDAwMDAwfSwic2NoZW1hX3ZlcnNpb24iOiIxIn0=",
          "dependencies": [
            "azurerm_resource_group.squaremarket-group"
          ]
        }
      ]
    },
    {
      "mode": "managed",
      "type": "azurerm_dns_zone",
      "name": "frontend",
      "provider": "provider[\"registry.terraform.io/hashicorp/azurerm\"]",
      "instances": [
        {
          "schema_version": 1,
          "attributes": {
            "id": "/subscriptions/a210845b-25ae-4bcf-8aea-919dfd0a4467/resourceGroups/squaremarket-group/providers/Microsoft.Network/dnszones/sq.rikdenbreejen.nl",
            "max_number_of_record_sets": 10000,
            "name": "sq.rikdenbreejen.nl",
            "name_servers": [
              "ns1-36.azure-dns.com.",
              "ns2-36.azure-dns.net.",
              "ns3-36.azure-dns.org.",
              "ns4-36.azure-dns.info."
            ],
            "number_of_record_sets": 2,
            "resource_group_name": "squaremarket-group",
            "soa_record": [
              {
                "email": "azuredns-hostmaster.microsoft.com",
                "expire_time": 2419200,
                "fqdn": "sq.rikdenbreejen.nl.",
                "host_name": "ns1-36.azure-dns.com.",
                "minimum_ttl": 300,
                "refresh_time": 3600,
                "retry_time": 300,
                "serial_number": 1,
                "tags": {},
                "ttl": 3600
              }
            ],
            "tags": {},
            "timeouts": null
          },
          "sensitive_attributes": [],
          "private": "eyJlMmJmYjczMC1lY2FhLTExZTYtOGY4OC0zNDM2M2JjN2M0YzAiOnsiY3JlYXRlIjoxODAwMDAwMDAwMDAwLCJkZWxldGUiOjE4MDAwMDAwMDAwMDAsInJlYWQiOjMwMDAwMDAwMDAwMCwidXBkYXRlIjoxODAwMDAwMDAwMDAwfSwic2NoZW1hX3ZlcnNpb24iOiIxIn0=",
          "dependencies": [
            "azurerm_resource_group.squaremarket-group"
          ]
        }
      ]
    },
    {
      "mode": "managed",
      "type": "azurerm_frontdoor",
      "name": "frontdoor",
      "provider": "provider[\"registry.terraform.io/hashicorp/azurerm\"]",
      "instances": [
        {
          "schema_version": 2,
          "attributes": {
            "backend_pool": [
              {
                "backend": [
                  {
                    "address": "squaremarketfrontend.z16.web.core.windows.net",
                    "enabled": true,
                    "host_header": "squaremarketfrontend.z16.web.core.windows.net",
                    "http_port": 80,
                    "https_port": 443,
                    "priority": 1,
                    "weight": 50
                  }
                ],
                "health_probe_name": "frontend",
                "id": "/subscriptions/a210845b-25ae-4bcf-8aea-919dfd0a4467/resourceGroups/squaremarket-group/providers/Microsoft.Network/frontDoors/squaremarket-frontdoor/backendPools/frontend",
                "load_balancing_name": "frontend",
                "name": "frontend"
              },
              {
                "backend": [
                  {
                    "address": "squaremarket-aks-74bijg8a.hcp.northeurope.azmk8s.io",
                    "enabled": true,
                    "host_header": "squaremarket-aks-74bijg8a.hcp.northeurope.azmk8s.io",
                    "http_port": 80,
                    "https_port": 80,
                    "priority": 1,
                    "weight": 50
                  }
                ],
                "health_probe_name": "api",
                "id": "/subscriptions/a210845b-25ae-4bcf-8aea-919dfd0a4467/resourceGroups/squaremarket-group/providers/Microsoft.Network/frontDoors/squaremarket-frontdoor/backendPools/api",
                "load_balancing_name": "api",
                "name": "api"
              }
            ],
            "backend_pool_health_probe": [
              {
                "enabled": true,
                "id": "/subscriptions/a210845b-25ae-4bcf-8aea-919dfd0a4467/resourceGroups/squaremarket-group/providers/Microsoft.Network/frontDoors/squaremarket-frontdoor/healthProbeSettings/frontend",
                "interval_in_seconds": 120,
                "name": "frontend",
                "path": "/",
                "probe_method": "GET",
                "protocol": "Https"
              },
              {
                "enabled": true,
                "id": "/subscriptions/a210845b-25ae-4bcf-8aea-919dfd0a4467/resourceGroups/squaremarket-group/providers/Microsoft.Network/frontDoors/squaremarket-frontdoor/healthProbeSettings/api",
                "interval_in_seconds": 120,
                "name": "api",
                "path": "/services.json",
                "probe_method": "HEAD",
                "protocol": "Https"
              }
            ],
            "backend_pool_health_probes": {
              "api": "/subscriptions/a210845b-25ae-4bcf-8aea-919dfd0a4467/resourceGroups/squaremarket-group/providers/Microsoft.Network/frontDoors/squaremarket-frontdoor/healthProbeSettings/api",
              "frontend": "/subscriptions/a210845b-25ae-4bcf-8aea-919dfd0a4467/resourceGroups/squaremarket-group/providers/Microsoft.Network/frontDoors/squaremarket-frontdoor/healthProbeSettings/frontend"
            },
            "backend_pool_load_balancing": [
              {
                "additional_latency_milliseconds": 0,
                "id": "/subscriptions/a210845b-25ae-4bcf-8aea-919dfd0a4467/resourceGroups/squaremarket-group/providers/Microsoft.Network/frontDoors/squaremarket-frontdoor/loadBalancingSettings/frontend",
                "name": "frontend",
                "sample_size": 4,
                "successful_samples_required": 2
              },
              {
                "additional_latency_milliseconds": 0,
                "id": "/subscriptions/a210845b-25ae-4bcf-8aea-919dfd0a4467/resourceGroups/squaremarket-group/providers/Microsoft.Network/frontDoors/squaremarket-frontdoor/loadBalancingSettings/api",
                "name": "api",
                "sample_size": 4,
                "successful_samples_required": 2
              }
            ],
            "backend_pool_load_balancing_settings": {
              "api": "/subscriptions/a210845b-25ae-4bcf-8aea-919dfd0a4467/resourceGroups/squaremarket-group/providers/Microsoft.Network/frontDoors/squaremarket-frontdoor/loadBalancingSettings/api",
              "frontend": "/subscriptions/a210845b-25ae-4bcf-8aea-919dfd0a4467/resourceGroups/squaremarket-group/providers/Microsoft.Network/frontDoors/squaremarket-frontdoor/loadBalancingSettings/frontend"
            },
            "backend_pool_settings": [
              {
                "backend_pools_send_receive_timeout_seconds": 60,
                "enforce_backend_pools_certificate_name_check": false
              }
            ],
            "backend_pools": {
              "api": "/subscriptions/a210845b-25ae-4bcf-8aea-919dfd0a4467/resourceGroups/squaremarket-group/providers/Microsoft.Network/frontDoors/squaremarket-frontdoor/backendPools/api",
              "frontend": "/subscriptions/a210845b-25ae-4bcf-8aea-919dfd0a4467/resourceGroups/squaremarket-group/providers/Microsoft.Network/frontDoors/squaremarket-frontdoor/backendPools/frontend"
            },
            "cname": "squaremarket-frontdoor.azurefd.net",
            "explicit_resource_order": [
              {
                "backend_pool_health_probe_ids": [
                  "/subscriptions/a210845b-25ae-4bcf-8aea-919dfd0a4467/resourceGroups/squaremarket-group/providers/Microsoft.Network/frontDoors/squaremarket-frontdoor/healthProbeSettings/frontend",
                  "/subscriptions/a210845b-25ae-4bcf-8aea-919dfd0a4467/resourceGroups/squaremarket-group/providers/Microsoft.Network/frontDoors/squaremarket-frontdoor/healthProbeSettings/api"
                ],
                "backend_pool_ids": [
                  "/subscriptions/a210845b-25ae-4bcf-8aea-919dfd0a4467/resourceGroups/squaremarket-group/providers/Microsoft.Network/frontDoors/squaremarket-frontdoor/backendPools/frontend",
                  "/subscriptions/a210845b-25ae-4bcf-8aea-919dfd0a4467/resourceGroups/squaremarket-group/providers/Microsoft.Network/frontDoors/squaremarket-frontdoor/backendPools/api"
                ],
                "backend_pool_load_balancing_ids": [
                  "/subscriptions/a210845b-25ae-4bcf-8aea-919dfd0a4467/resourceGroups/squaremarket-group/providers/Microsoft.Network/frontDoors/squaremarket-frontdoor/loadBalancingSettings/frontend",
                  "/subscriptions/a210845b-25ae-4bcf-8aea-919dfd0a4467/resourceGroups/squaremarket-group/providers/Microsoft.Network/frontDoors/squaremarket-frontdoor/loadBalancingSettings/api"
                ],
                "frontend_endpoint_ids": [
                  "/subscriptions/a210845b-25ae-4bcf-8aea-919dfd0a4467/resourceGroups/squaremarket-group/providers/Microsoft.Network/frontDoors/squaremarket-frontdoor/frontendEndpoints/frontend",
                  "/subscriptions/a210845b-25ae-4bcf-8aea-919dfd0a4467/resourceGroups/squaremarket-group/providers/Microsoft.Network/frontDoors/squaremarket-frontdoor/frontendEndpoints/api",
                  "/subscriptions/a210845b-25ae-4bcf-8aea-919dfd0a4467/resourceGroups/squaremarket-group/providers/Microsoft.Network/frontDoors/squaremarket-frontdoor/frontendEndpoints/frontdoor"
                ],
                "routing_rule_ids": [
                  "/subscriptions/a210845b-25ae-4bcf-8aea-919dfd0a4467/resourceGroups/squaremarket-group/providers/Microsoft.Network/frontDoors/squaremarket-frontdoor/routingRules/https-frontend",
                  "/subscriptions/a210845b-25ae-4bcf-8aea-919dfd0a4467/resourceGroups/squaremarket-group/providers/Microsoft.Network/frontDoors/squaremarket-frontdoor/routingRules/https-api",
                  "/subscriptions/a210845b-25ae-4bcf-8aea-919dfd0a4467/resourceGroups/squaremarket-group/providers/Microsoft.Network/frontDoors/squaremarket-frontdoor/routingRules/https-redirect"
                ]
              }
            ],
            "friendly_name": "",
            "frontend_endpoint": [
              {
                "host_name": "sq.rikdenbreejen.nl",
                "id": "/subscriptions/a210845b-25ae-4bcf-8aea-919dfd0a4467/resourceGroups/squaremarket-group/providers/Microsoft.Network/frontDoors/squaremarket-frontdoor/frontendEndpoints/frontend",
                "name": "frontend",
                "session_affinity_enabled": false,
                "session_affinity_ttl_seconds": 0,
                "web_application_firewall_policy_link_id": ""
              },
              {
                "host_name": "sq.api.rikdenbreejen.nl",
                "id": "/subscriptions/a210845b-25ae-4bcf-8aea-919dfd0a4467/resourceGroups/squaremarket-group/providers/Microsoft.Network/frontDoors/squaremarket-frontdoor/frontendEndpoints/api",
                "name": "api",
                "session_affinity_enabled": false,
                "session_affinity_ttl_seconds": 0,
                "web_application_firewall_policy_link_id": ""
              },
              {
                "host_name": "squaremarket-frontdoor.azurefd.net",
                "id": "/subscriptions/a210845b-25ae-4bcf-8aea-919dfd0a4467/resourceGroups/squaremarket-group/providers/Microsoft.Network/frontDoors/squaremarket-frontdoor/frontendEndpoints/frontdoor",
                "name": "frontdoor",
                "session_affinity_enabled": false,
                "session_affinity_ttl_seconds": 0,
                "web_application_firewall_policy_link_id": ""
              }
            ],
            "frontend_endpoints": {
              "api": "/subscriptions/a210845b-25ae-4bcf-8aea-919dfd0a4467/resourceGroups/squaremarket-group/providers/Microsoft.Network/frontDoors/squaremarket-frontdoor/frontendEndpoints/api",
              "frontdoor": "/subscriptions/a210845b-25ae-4bcf-8aea-919dfd0a4467/resourceGroups/squaremarket-group/providers/Microsoft.Network/frontDoors/squaremarket-frontdoor/frontendEndpoints/frontdoor",
              "frontend": "/subscriptions/a210845b-25ae-4bcf-8aea-919dfd0a4467/resourceGroups/squaremarket-group/providers/Microsoft.Network/frontDoors/squaremarket-frontdoor/frontendEndpoints/frontend"
            },
            "header_frontdoor_id": "d0939ffc-119b-4e8d-848b-d99fb8518271",
            "id": "/subscriptions/a210845b-25ae-4bcf-8aea-919dfd0a4467/resourceGroups/squaremarket-group/providers/Microsoft.Network/frontDoors/squaremarket-frontdoor",
            "load_balancer_enabled": true,
            "name": "squaremarket-frontdoor",
            "resource_group_name": "squaremarket-group",
            "routing_rule": [
              {
                "accepted_protocols": [
                  "Https"
                ],
                "enabled": true,
                "forwarding_configuration": [
                  {
                    "backend_pool_name": "frontend",
                    "cache_duration": "",
                    "cache_enabled": false,
                    "cache_query_parameter_strip_directive": "StripAll",
                    "cache_query_parameters": null,
                    "cache_use_dynamic_compression": false,
                    "custom_forwarding_path": "",
                    "forwarding_protocol": "HttpsOnly"
                  }
                ],
                "frontend_endpoints": [
                  "frontend"
                ],
                "id": "/subscriptions/a210845b-25ae-4bcf-8aea-919dfd0a4467/resourceGroups/squaremarket-group/providers/Microsoft.Network/frontDoors/squaremarket-frontdoor/routingRules/https-frontend",
                "name": "https-frontend",
                "patterns_to_match": [
                  "/*"
                ],
                "redirect_configuration": []
              },
              {
                "accepted_protocols": [
                  "Https"
                ],
                "enabled": true,
                "forwarding_configuration": [
                  {
                    "backend_pool_name": "api",
                    "cache_duration": "",
                    "cache_enabled": false,
                    "cache_query_parameter_strip_directive": "StripAll",
                    "cache_query_parameters": null,
                    "cache_use_dynamic_compression": false,
                    "custom_forwarding_path": "",
                    "forwarding_protocol": "HttpOnly"
                  }
                ],
                "frontend_endpoints": [
                  "api"
                ],
                "id": "/subscriptions/a210845b-25ae-4bcf-8aea-919dfd0a4467/resourceGroups/squaremarket-group/providers/Microsoft.Network/frontDoors/squaremarket-frontdoor/routingRules/https-api",
                "name": "https-api",
                "patterns_to_match": [
                  "/*"
                ],
                "redirect_configuration": []
              },
              {
                "accepted_protocols": [
                  "Http"
                ],
                "enabled": true,
                "forwarding_configuration": [],
                "frontend_endpoints": [
                  "frontend",
                  "api"
                ],
                "id": "/subscriptions/a210845b-25ae-4bcf-8aea-919dfd0a4467/resourceGroups/squaremarket-group/providers/Microsoft.Network/frontDoors/squaremarket-frontdoor/routingRules/https-redirect",
                "name": "https-redirect",
                "patterns_to_match": [
                  "/*"
                ],
                "redirect_configuration": [
                  {
                    "custom_fragment": "",
                    "custom_host": "",
                    "custom_path": "",
                    "custom_query_string": "",
                    "redirect_protocol": "HttpsOnly",
                    "redirect_type": "Moved"
                  }
                ]
              }
            ],
            "routing_rules": {
              "https-api": "/subscriptions/a210845b-25ae-4bcf-8aea-919dfd0a4467/resourceGroups/squaremarket-group/providers/Microsoft.Network/frontDoors/squaremarket-frontdoor/routingRules/https-api",
              "https-frontend": "/subscriptions/a210845b-25ae-4bcf-8aea-919dfd0a4467/resourceGroups/squaremarket-group/providers/Microsoft.Network/frontDoors/squaremarket-frontdoor/routingRules/https-frontend",
              "https-redirect": "/subscriptions/a210845b-25ae-4bcf-8aea-919dfd0a4467/resourceGroups/squaremarket-group/providers/Microsoft.Network/frontDoors/squaremarket-frontdoor/routingRules/https-redirect"
            },
            "tags": null,
            "timeouts": null
          },
          "sensitive_attributes": [],
          "private": "eyJlMmJmYjczMC1lY2FhLTExZTYtOGY4OC0zNDM2M2JjN2M0YzAiOnsiY3JlYXRlIjoyMTYwMDAwMDAwMDAwMCwiZGVsZXRlIjoyMTYwMDAwMDAwMDAwMCwicmVhZCI6MzAwMDAwMDAwMDAwLCJ1cGRhdGUiOjIxNjAwMDAwMDAwMDAwfSwic2NoZW1hX3ZlcnNpb24iOiIyIn0=",
          "dependencies": [
            "azurerm_dns_zone.api",
            "azurerm_dns_zone.frontend",
            "azurerm_kubernetes_cluster.api",
            "azurerm_resource_group.squaremarket-group",
            "azurerm_storage_account.frontend-account"
          ]
        }
      ]
    },
    {
      "mode": "managed",
      "type": "azurerm_frontdoor_custom_https_configuration",
      "name": "api-https",
      "provider": "provider[\"registry.terraform.io/hashicorp/azurerm\"]",
      "instances": [
        {
          "schema_version": 1,
          "attributes": {
            "custom_https_configuration": [
              {
                "azure_key_vault_certificate_secret_name": "",
                "azure_key_vault_certificate_secret_version": "",
                "azure_key_vault_certificate_vault_id": "",
                "certificate_source": "FrontDoor",
                "minimum_tls_version": "1.2",
                "provisioning_state": "Enabled",
                "provisioning_substate": "CertificateDeployed"
              }
            ],
            "custom_https_provisioning_enabled": true,
            "frontend_endpoint_id": "/subscriptions/a210845b-25ae-4bcf-8aea-919dfd0a4467/resourceGroups/squaremarket-group/providers/Microsoft.Network/frontDoors/squaremarket-frontdoor/frontendEndpoints/api",
            "id": "/subscriptions/a210845b-25ae-4bcf-8aea-919dfd0a4467/resourceGroups/squaremarket-group/providers/Microsoft.Network/frontDoors/squaremarket-frontdoor/customHttpsConfiguration/api",
            "timeouts": null
          },
          "sensitive_attributes": [],
          "private": "eyJlMmJmYjczMC1lY2FhLTExZTYtOGY4OC0zNDM2M2JjN2M0YzAiOnsiY3JlYXRlIjoyMTYwMDAwMDAwMDAwMCwiZGVsZXRlIjoyMTYwMDAwMDAwMDAwMCwicmVhZCI6MzAwMDAwMDAwMDAwLCJ1cGRhdGUiOjIxNjAwMDAwMDAwMDAwfSwic2NoZW1hX3ZlcnNpb24iOiIxIn0=",
          "dependencies": [
            "azurerm_dns_zone.api",
            "azurerm_dns_zone.frontend",
            "azurerm_frontdoor.frontdoor",
            "azurerm_kubernetes_cluster.api",
            "azurerm_resource_group.squaremarket-group",
            "azurerm_storage_account.frontend-account"
          ]
        }
      ]
    },
    {
      "mode": "managed",
      "type": "azurerm_frontdoor_custom_https_configuration",
      "name": "frontend-https",
      "provider": "provider[\"registry.terraform.io/hashicorp/azurerm\"]",
      "instances": [
        {
          "schema_version": 1,
          "attributes": {
            "custom_https_configuration": [
              {
                "azure_key_vault_certificate_secret_name": "",
                "azure_key_vault_certificate_secret_version": "",
                "azure_key_vault_certificate_vault_id": "",
                "certificate_source": "FrontDoor",
                "minimum_tls_version": "1.2",
                "provisioning_state": "Enabled",
                "provisioning_substate": "CertificateDeployed"
              }
            ],
            "custom_https_provisioning_enabled": true,
            "frontend_endpoint_id": "/subscriptions/a210845b-25ae-4bcf-8aea-919dfd0a4467/resourceGroups/squaremarket-group/providers/Microsoft.Network/frontDoors/squaremarket-frontdoor/frontendEndpoints/frontend",
            "id": "/subscriptions/a210845b-25ae-4bcf-8aea-919dfd0a4467/resourceGroups/squaremarket-group/providers/Microsoft.Network/frontDoors/squaremarket-frontdoor/customHttpsConfiguration/frontend",
            "timeouts": null
          },
          "sensitive_attributes": [],
          "private": "eyJlMmJmYjczMC1lY2FhLTExZTYtOGY4OC0zNDM2M2JjN2M0YzAiOnsiY3JlYXRlIjoyMTYwMDAwMDAwMDAwMCwiZGVsZXRlIjoyMTYwMDAwMDAwMDAwMCwicmVhZCI6MzAwMDAwMDAwMDAwLCJ1cGRhdGUiOjIxNjAwMDAwMDAwMDAwfSwic2NoZW1hX3ZlcnNpb24iOiIxIn0=",
          "dependencies": [
            "azurerm_dns_zone.api",
            "azurerm_dns_zone.frontend",
            "azurerm_frontdoor.frontdoor",
            "azurerm_kubernetes_cluster.api",
            "azurerm_resource_group.squaremarket-group",
            "azurerm_storage_account.frontend-account"
          ]
        }
      ]
    },
    {
      "mode": "managed",
      "type": "azurerm_kubernetes_cluster",
      "name": "api",
      "provider": "provider[\"registry.terraform.io/hashicorp/azurerm\"]",
      "instances": [
        {
          "schema_version": 2,
          "attributes": {
            "aci_connector_linux": [],
            "api_server_authorized_ip_ranges": [],
            "auto_scaler_profile": [],
            "automatic_channel_upgrade": "",
            "azure_active_directory_role_based_access_control": [],
            "azure_policy_enabled": false,
            "default_node_pool": [
              {
                "enable_auto_scaling": false,
                "enable_host_encryption": false,
                "enable_node_public_ip": false,
                "fips_enabled": false,
                "kubelet_config": [],
                "kubelet_disk_type": "OS",
                "linux_os_config": [],
                "max_count": 0,
                "max_pods": 110,
                "min_count": 0,
                "name": "system",
                "node_count": 2,
                "node_labels": {},
                "node_public_ip_prefix_id": "",
                "node_taints": [],
                "only_critical_addons_enabled": false,
                "orchestrator_version": "1.28.0",
                "os_disk_size_gb": 128,
                "os_disk_type": "Managed",
                "os_sku": "Ubuntu",
                "pod_subnet_id": "",
                "proximity_placement_group_id": "",
                "tags": {},
                "type": "VirtualMachineScaleSets",
                "ultra_ssd_enabled": false,
                "upgrade_settings": [
                  {
                    "max_surge": "10%"
                  }
                ],
                "vm_size": "Standard_B2s",
                "vnet_subnet_id": "",
                "zones": []
              }
            ],
            "disk_encryption_set_id": "",
            "dns_prefix": "squaremarket-aks",
            "dns_prefix_private_cluster": "",
            "enable_pod_security_policy": false,
            "fqdn": "squaremarket-aks-74bijg8a.hcp.northeurope.azmk8s.io",
            "http_application_routing_enabled": false,
            "http_application_routing_zone_name": "",
            "http_proxy_config": [],
            "id": "/subscriptions/a210845b-25ae-4bcf-8aea-919dfd0a4467/resourceGroups/squaremarket-group/providers/Microsoft.ContainerService/managedClusters/squaremarket-aks",
            "identity": [
              {
                "identity_ids": [],
                "principal_id": "19521b3e-acec-4128-9b4e-90f9708d463e",
                "tenant_id": "0172c9f5-f568-42ac-9eb8-24ef84881faa",
                "type": "SystemAssigned"
              }
            ],
            "ingress_application_gateway": [],
            "key_vault_secrets_provider": [],
            "kube_admin_config": [],
            "kube_admin_config_raw": "",
            "kube_config": [
              {
                "client_certificate": "LS0tLS1CRUdJTiBDRVJUSUZJQ0FURS0tLS0tCk1JSUZIakNDQXdhZ0F3SUJBZ0lSQU0yYUw0eGZIY1BmUFN1Rk9wSHhwQ2d3RFFZSktvWklodmNOQVFFTEJRQXcKRFRFTE1Ba0dBMVVFQXhNQ1kyRXdIaGNOTWpRd01URTVNVEV3TWpVMFdoY05Nall3TVRFNU1URXhNalUwV2pBdwpNUmN3RlFZRFZRUUtFdzV6ZVhOMFpXMDZiV0Z6ZEdWeWN6RVZNQk1HQTFVRUF4TU1iV0Z6ZEdWeVkyeHBaVzUwCk1JSUNJakFOQmdrcWhraUc5dzBCQVFFRkFBT0NBZzhBTUlJQ0NnS0NBZ0VBdTFHRDc3RlBCZDcwRkl2QkczYi8KRU13YUprTjNLS0VxeG42bnoxbGs3UmZiRllJNDM4a0NncVZjV2l4OTFyYTBOdGo3eHEwZklBYVNFQnZnZllxZApmbXZtdllRb0RmZys5MHMreXdUeG96MDF4RVZEZ0NWZ1J5Wkg0WTFiU0w0am44RVozamc1aTIyRnFIZE1PNEtLCk11cHVJN1E5dCt3RlF2cmlWaDY5UkoyVU4xZXVRZWRTRGhRWldHVGVGMFNMcTMwZ3NzV3JQaVN6c3BJQUgxTU8KZElnTThiQS85bzFoUWFvTkxLN2pqdFBuc3ozVlA3ODEyNHJpKzQyK1YzQkI4TSt2cVN6ZzExdUs0elREdHY1YgpnZk01VE5QekdVaU5kd1AxOXdjbEdyNHdsMVpFdlhvOGhtVzQzdXNYTzVKemVoV3I4cnlmdFlNd29nbi9abWo3ClZRUTlRNnBjNVJNMHBYSFliUHl4SDVFeHJNZ1lXTUFZTTNwWk5mRXRvbTZGZW1BNGRFdzV0V04yMXc1V0ovZW4KUnpPZXJnY29xT2REKy9ubk5OQ1RFMkxQUGZLb0kxbmxIRzdNUFhEaW1hWVBIZFo4Um5SbllBNUs4aFU2eE9EQwpEdlZnSGZibS9BcjB5V2l4aGhvWHZoSmsrZUlKY3pobithTGRrQThzSldSemZ2NUY2cGdPam9hd01hKzhWVkd6CkVUQzNTczlsVm9qWVQ1RUZlc092NEpxT3F3R0VqYlpheWRrdDBodUlMd0NqUDB6dm5hQWF5MlFFMHZjWTFIR1oKemxPdVd2NGNOK3JKTHhLSGNLMk1JaXhlTWpsa2pmZXYrRk1KN3R3ejlNQUdLeVdxMG9lWEEwTTR3KzhNd2I0NApwUTNPWWd0UzlpZHA0SGRkR1N4UnlEa0NBd0VBQWFOV01GUXdEZ1lEVlIwUEFRSC9CQVFEQWdXZ01CTUdBMVVkCkpRUU1NQW9HQ0NzR0FRVUZCd01DTUF3R0ExVWRFd0VCL3dRQ01BQXdId1lEVlIwakJCZ3dGb0FVR0ZCR3hiczcKYlVld2FQeklENmZMUjRrK2xGc3dEUVlKS29aSWh2Y05BUUVMQlFBRGdnSUJBSVNzSE9oNUdEOU03OThqRFlQKwpleE5NUjVXQUNtNGhPS2hJb2N4ZnY3anFPWDZjUnRSN092NWZETkRLaFFIbjVOTjdZVnE5N0FRWTZlN0FtQ05BCllISEZtWUh3bTFMUEdRWTNlaGRnem5wczRxYXNUZjhIYktESzZWMlN4ZnhHQU1EOGR6Q0RYN2I4aEtTL1V3ZUcKM3RoaE1MQW1MVUhnWDV1L2tTM2pnLzYyVXFRbU5FV2hZeDJyOXZweWZKV1FWclhDTjJHM3Y4OUw0MmhCWndURQppdzFJOUsxdnpQUEFCc0xFMVRSeTgxbnFPTFJ5Y0xLNXFSczBEeCtwaUhWN3M5MFpYVVRtQXBsQ2t0RXE2YkRiCjk0bHlYREZXYnc3cnpoeXhaMWZGSVlWUFhaMnpTWFhwdEQ5VFUrZ3RwZk1aTERpTFhsTFpIbzFyRWluZ0o2dE4KL2wwTFcrTXY2TjVBMHhqNjVZL3pUQUoxT1ZIR05FM1VQVDk5UFFLZ29uUXJqRytxN0s0M3Fqc3pITXFNSHBrRQppWm1UWjhFVVFJaWhrK0Uzam5iaVFaaUEvZXpQT2ZqejgwbnJ6VnZFQjZiZDZMWmhPRVJnWEppMEVNZC92blJRCmh5UGpVUGQ1VGtuMHNWRy8yQzVrdTBnT05jcS9FaXFQM2pkWGZMUFE0SGQ0ZW1kOTNjL2hRb1o5L2FScG5RY0UKcktPUEM5ZHcyS25jSk9sYVRheThVcWg0Z3duclZFdWpzS0I1Zm4rOERac3Nnb3Q0L3l5SlBRMzRqTk52RDdpdApBOTZsTng0cUMvREEvYVBueWZtOGVESVlNVW5HTkJyRERxbDBnZWN2Mk42bTl6ZE50OGY2SkFQREI3d0FZOS9hCkxQQ3lhbUlVL3JMRmFqREpzd3VBUUpkcQotLS0tLUVORCBDRVJUSUZJQ0FURS0tLS0tCg==",
                "client_key": "LS0tLS1CRUdJTiBSU0EgUFJJVkFURSBLRVktLS0tLQpNSUlKS1FJQkFBS0NBZ0VBdTFHRDc3RlBCZDcwRkl2QkczYi9FTXdhSmtOM0tLRXF4bjZuejFsazdSZmJGWUk0CjM4a0NncVZjV2l4OTFyYTBOdGo3eHEwZklBYVNFQnZnZllxZGZtdm12WVFvRGZnKzkwcyt5d1R4b3owMXhFVkQKZ0NWZ1J5Wkg0WTFiU0w0am44RVozamc1aTIyRnFIZE1PNEtLTXVwdUk3UTl0K3dGUXZyaVZoNjlSSjJVTjFldQpRZWRTRGhRWldHVGVGMFNMcTMwZ3NzV3JQaVN6c3BJQUgxTU9kSWdNOGJBLzlvMWhRYW9OTEs3amp0UG5zejNWClA3ODEyNHJpKzQyK1YzQkI4TSt2cVN6ZzExdUs0elREdHY1YmdmTTVUTlB6R1VpTmR3UDE5d2NsR3I0d2wxWkUKdlhvOGhtVzQzdXNYTzVKemVoV3I4cnlmdFlNd29nbi9abWo3VlFROVE2cGM1Uk0wcFhIWWJQeXhINUV4ck1nWQpXTUFZTTNwWk5mRXRvbTZGZW1BNGRFdzV0V04yMXc1V0ovZW5Sek9lcmdjb3FPZEQrL25uTk5DVEUyTFBQZktvCkkxbmxIRzdNUFhEaW1hWVBIZFo4Um5SbllBNUs4aFU2eE9EQ0R2VmdIZmJtL0FyMHlXaXhoaG9YdmhKaytlSUoKY3pobithTGRrQThzSldSemZ2NUY2cGdPam9hd01hKzhWVkd6RVRDM1NzOWxWb2pZVDVFRmVzT3Y0SnFPcXdHRQpqYlpheWRrdDBodUlMd0NqUDB6dm5hQWF5MlFFMHZjWTFIR1p6bE91V3Y0Y04rckpMeEtIY0syTUlpeGVNamxrCmpmZXYrRk1KN3R3ejlNQUdLeVdxMG9lWEEwTTR3KzhNd2I0NHBRM09ZZ3RTOWlkcDRIZGRHU3hSeURrQ0F3RUEKQVFLQ0FnRUF1RzUvT0M1Yy93dlJTTFY5a2R3dE1VMjBaWDVCd2JoRjFLQjUrM2NxSHlOQTY4R0czQmdmSjZGRwo5K1ljbEo3WmU3TlMyd0F6eUNXUUJOcGR3MTRLeWFIVjB6MWU3cnBBek4zQ1dzUm9ZbkJ2RXV1YmxYMjNlUFpoCkNkeFRSNkVtbERIZGxXWElpdFp3SmpvbnplUXV6QWowSHFWbHEwUnd2YzBsc3VPYk9RYnFHejl5YktNa3NJWHIKbXBQZDlBemlkQnZFYVNDbEJZKy9lbyswSFNONjlSUExvdUFGYW0wem1DS2x6QnY2SS9QU2l6SFRXR3VjektmSAo2eVJaaCtBWW5ORHdST0xTRWxpb3ZDS0VuUlY5NWNvajNkaEYzOXdHcFdzNTcxcVNsdTB5REorOUdNNVU3NE1TCmJqSU1jdlEwVEwwdnl0VWJidTFYb2dPeit4SmNlbDNLdzB5aUNMcnZpdCs1eCtNeWVkQ2h5K1B0WUpHZDA4QTkKNU43Smtsd3ppM1dkQmpJdXhFS05BaTRzemo0RDJaUDkwaHlQdmRDMWgyamdLMjFHT3R2MHJmL0g3cDUrZStyaApsYWp3YkFnR1c5elUxM1VCZHg3bVpnY0NINlFoSjNIMy9VcEZQQ0NpdlRKUFZ5SmliWUVDS0VHYmNVemtpRzVQCnlzSlNsOXlkaEtFeFZpaFhicElCWG1GY1VoZ3ZVeHR1WVNEVXpMZU1BckpaMDkwRlNFbHFLdXVBQWV2M2lFQjcKOVdtZG1DbEtBa242aGE4SjQxUk9yN1BqUVZoK2ZkN0FRbUNDTlB3SUNYbHhlbTFhSkV6cG9lbEpmeUVPcWZXTwpLck0zZFVCZVFjQ2ZMdzdUQ00zWHpabGdIM25taXh6WVpUbG1WZ3FZQkdwbVZaWW1YaDBDZ2dFQkFPZDBRYmZICmpHQ1p5WWkwemJpZThia0RjZVNOeWdrdHRGL2lrV0R1RXkxU0c5UitnS0t6S0RpWFlnWGpqZjRWRDV0blVnSUcKelZiSjcwWmJlTmVUdEs3dU9OK3JjWFVSeHA1TDV1eXV2OENHTElQcDZnSjlhaHBVTkc1aTc3d3VSQXVoTmxtQQpLTzdSYU5FR0EyQlY4Z0J5a1ZBc1k2YXI4RHVYU2lyV1VzVWl1Z2luSCswakdzVlduVmFoK3VVUEltcjIwWDJNClFXTThWN2M5M3hmNzR1OGU0cWduOFU0L2RIckozVGRJYUN1eVllVjVSOENhaytZcmRienJXcldGTjM5VU41aHQKL1VQN281T0phczRMd0UwN1lJSm1nNU91TFhoRUJwQXFEb0MvV2RtNy9iZmFjSnNtUWtKSnFBK1hnM21oc2pwVApIWlVDZlNLSkE2SGluRk1DZ2dFQkFNOHZCT3pzdGFzUjR6M0RnZE1OWE5sV0xNNVBuT1RPKzBuYnpTaVJlUFdOClRWakhxdW1WRCtybEJqNmFEeE5LZjFNWGcyWDBuK2ZqT2lFeFVVMGVSRmpRano0YXRNZkd2TC9ZTHpiRmxWREkKUWZ4T3Awc1M5R1o2a2xLbzRXL0haYnZWZzNkcWxZZU40WWpWZjhabkU1MS94NEZHL1NyZXhmMjdEeDlhRkRhZwp4Z3N1ei9ZYk5BelRIZjNpSGxOQ2VsODIyRThIQ2JwQkhJRGhzMHY1aW56Q1duV1M0Ti8rWng5WlJlTG9mQUFkCjNqT2VMMFhNMlNqYVdCUlFSNjRMYmw2a0Q2RC9jRHpFbUxpalJsTzExdXBtUjhodFdiRUNmNThIVGN1ejZ1Ty8KanhFRHJFYjNhZkc3T0RMOGFMVVRoV3hRRVRJRHFTcWhVS0s1V2pHSjE4TUNnZ0VBUnRTMUorRFJmTjZUWmxxdQpla2xxQUF5bDFpUHVLRkRzV2t1ajRkMzUwR3pJUjRkUEpudGRXN1E0TTBVb054R0s3U3Y1Vk5Wd0VaZEt1bVZUCjNlVTk3aXJKRE9vU2xwa1NCMitEQS91V2d2eU1zdkhxdzBoT0tEQ011eHRiOG1MV1FCamQ0Ulh2Y09aMUJVS3AKMWRsM2JkdWh6TDlJMzhET2krNElySU5hWVNuM2RKNXdqc21uYjZ6S0NiRVlidkRxdjRFNUt3cTVGLzFuZXBSYwpxYUpVR0ltREk2TFZuZlNkV05aZDlJVWNIQU5ESWs2elBxWVBqT2pQNXppL1ViMnE5alIzcnhZNTQ0d215d2ZLCnY3T283Zm0xMXpJNElnR3p1SkpZejlXUENxZUVmN1dnTjV1SnluRXk1Y1pVd0RERjgzc2daK2ozckpwT1lUczgKK1ZXNE1RS0NBUUVBd2dYb2VQQmNXUzVSUHdBZVRrWFBWQUZ0eUcrcUlHVHQwNGN5SS9ISDh6MDIyQk4wclhiWgpCME1maS9TK2RYUm90S25xZGNxWERaUXdWZkZYai83dVJyWlp6dkUzcDNjb1FBajJmamFlMUo0Vm5YRVRIaTFNCkQ4UnR6MWMwZDNlbWdEYzkvTkVsNDJJdGVmVm15YWl5SitjSU1Mc0lUK044UzFlb205WEI1RDYvK0swSU9CUFYKdE1UbzYxK2N3cUFZOVozcENHa3c1T29oQlZsWWphZk4xM1F6UHJRa1ArQ0JOa3htTkU5QUFPUDN1U05FWmZ1bQp5cWxmbnZabmlraE9QZmNxWTcyVG9IVUVDTFZ2SU9uRHNKUEVXYUIrUkZSd3E3OHRUYnphRmhySW9raHNSN0ZmCjErOWFlL1VCSWNKOFNxalkwWnU0Q3FJelg1QnhOTDgvL1FLQ0FRQkpOczFldDhBMXAzbWRrNjJuSTdUeExOMmkKM0JUMXBUWjNQUzljZFNCMUR4RXVITmduUXBVN3E0MHpEMUFUS0UzOVdRa0V1R1VRd1MyN1BlcHhkTnZ5bVZ2bgpmWERXczdraXdYRmpOaHJtNkdCajhvOFlkS1hpMDZQVkNsL3gxdWM0a0h6bmNrS0svUWNPUU9LT0o3MTdtMFZVCndMRkx5b0I3a0w1UFpVVlpSU3gxOGh5cTJKM29sYWhHSnNJUmlyNWNsczJ0NjVUYmhHSjFSZUlJZFJkUmd4U2IKS1MydEtrK01kU2xPeml4YVhiZ01EVW45TWN6OXZqdnRwYmZEUGNjU1RoYnprVVcrckh4SkdIWE1FVFd3cytjTApucmgyTjh6aGduZUdsaTU2STYyT1JGUGZKNmRYYUdoQi9QQTg0ckcydk9IdkV5b0tNS2dKR0pNWDRXQ0gKLS0tLS1FTkQgUlNBIFBSSVZBVEUgS0VZLS0tLS0K",
                "cluster_ca_certificate": "LS0tLS1CRUdJTiBDRVJUSUZJQ0FURS0tLS0tCk1JSUU2RENDQXRDZ0F3SUJBZ0lRUDRldHU1NXU2STVVdG83MEFiOTI3akFOQmdrcWhraUc5dzBCQVFzRkFEQU4KTVFzd0NRWURWUVFERXdKallUQWdGdzB5TkRBeE1Ua3hNVEF5TlRSYUdBOHlNRFUwTURFeE9URXhNVEkxTkZvdwpEVEVMTUFrR0ExVUVBeE1DWTJFd2dnSWlNQTBHQ1NxR1NJYjNEUUVCQVFVQUE0SUNEd0F3Z2dJS0FvSUNBUUR4CjVFMmkrbHZFSWFiZjNENm9temtONWJuNDZFN2I5MHZwYW5qK3l0VVVXTVl5a3haR3hNLzF5OXpBL0IvTXh5WFAKWEk0YXVaMjA2MGZFb2ltVmt0cENreU5IK1ZWYVQyVlFOK1JlM1k3Snpid0ZZRThJWUtMMU45cmwvaFpDeVBCSgpFZjhqem9OZEpDSW1EcG8wVG5BT0Vjajl6Ti80MVhrcnh0UEZxZzhjYjZXaGVsU3k1cVNTTFg3RlRSdzRiQ3NnCkJEaEM3WUxOdTliNWFCM28rZGkrdmpESnN1VmRKNmpEV29yWU9iVU5PREUzdE44LzFkUzFJc3BSUVBQZFZsWFkKcitrRHVhQjYwOC84Mno2dkhpM29CZHRtK3RTM2psWHgzRS9oc2dPUG8rb1N1VHFQdmc2Ty9BVnpYN3U4UitkNwphZkZGcTk5a2NXdFFBQUhZd0VGY0l0dmU5NGV2UTJDbzV0blJDMzNhZ05vc3F4NWo3Zk85dTFwb3MzTENJeHQ2Cms2U1VJV3lIUEZoRTNpR01IOENBTHZmVlhtQml0UW1lRzZtWnZSZ0IrTFlxME5Zd2xtMkhKTWZYTWpkZjduMWMKT2RpQ0E3TzMyN3dtczkzaUd5dTdSNGVOaWVDd2FqLzZXWS8xZFpkaWRvYWhWa3JtdFlHZE8xMWw3Ri9RaUlYaQp5YVd1RXAyc2ZZNnVtTzBTd2NvVG8xbW9sTmhncTAxYmtqUEc2VURqM3FlVmZEanlmOEMza2gzSW5pYkNQa2JjCnAwSi9iaXpnZWJUbS9IaHB3NTRLVXY0bzZiUTRST0dxYTRUV1hLSHdMc0ppQnVTZVdxMVM1QUNqeVExcFY4L2YKdGlYTVlnTU9DOEVPK2tkS2VTay90MFNOQlpwcEFMNVRNWXhxNUpMM093SURBUUFCbzBJd1FEQU9CZ05WSFE4QgpBZjhFQkFNQ0FxUXdEd1lEVlIwVEFRSC9CQVV3QXdFQi96QWRCZ05WSFE0RUZnUVVHRkJHeGJzN2JVZXdhUHpJCkQ2ZkxSNGsrbEZzd0RRWUpLb1pJaHZjTkFRRUxCUUFEZ2dJQkFHNzg1ekNmZTdaRFRDcFd1WUJHMlBBZHZVYzIKOUNlUEVIMzhGY2J0d0syY1ZuU2RXK2N3WmZWZkdaTVA2R1VLcHp0SHI4R3FWMDBWbzFnNTZvVWhtYUVZRWl4ZAp4VDUzaEdYMTVITG10K1JYQ0Rtb1BGNXNzc0s5cXNvQ1pOeTZXSkhvcHhMUDc2QVFNRmpqdzQ2c2RXeXZ5Mk9lCkJJVXp3WHh4aWluRElIU1NVMVBDVTEyb01heWttMlI3Y0s3RGtGYWZ2aHVuZWptVEFYVWYxRytJTUtHSFRBU2kKOGVvcDg5U0lSQTQ2L1RkLzFZSGVXU3p3SSszSkFLUDJ3eElYVm1wSG5HYkt5MEIzdzRPK0ZBY3I5cTZYc3hxVQovZHRvMktadlZDNzFHejZXNHUxUTZMaU0zbTlBb2ZiMStlejZPNG53a0lmNytXRmpSZDF4Z212Z01KOGZ4V2FFCkptYjNVdWhVNExKWUF5eWxWTGVzUW9FNWN1bUhmbmNuTnpaaGxCdGVvYTZRMnZyYTRDRDk5TStTUlRWYXhxRjYKdWVKU2NVdDNmOW05SThrQzYyazhGYlB2SHkrd1BzRjVSRHdzMjBOVklBMzdnb2hqVG9paGV0cU1oY1ZURnhPSgoxeFdNcmZNUGd0clA0ZnFWU1gzU2YyQUJrTDlxV0szWjdhZXE0eTRmSjVKYllqZHJsQ21HbmVvdDZrWEFMOFBPCjUvamRBRDF2UGtRdWtpVzB4SlJ4T09ZL0ZjeEMxa0tIblJyd1VFdW9HcStSOGNYVjB6L0VySi9xczJGZ3l1bUoKcDBwdDRycU82NFZXM3hrZUM4dmtlWjgzS0FybWJJVEVEZWhtNWt1dmUyZTBaSTVMdHlJVDlZVG9VeGdEVTJMdApSUDlCVGZ5c2cyck55ZHNMCi0tLS0tRU5EIENFUlRJRklDQVRFLS0tLS0K",
                "host": "https://squaremarket-aks-74bijg8a.hcp.northeurope.azmk8s.io:443",
                "password": "c3kwcqnj5jmnwaxmfcxw5d44wtz702pcf4uhgvpxy5cbbah2vcpxvzcdcgunwv1t5pben0rclomeh1du0tlugjrrtglr8pi5p738rt7ltt8uem86oyvaun498zo6y0jl",
                "username": "clusterUser_squaremarket-group_squaremarket-aks"
              }
            ],
            "kube_config_raw": "apiVersion: v1\nclusters:\n- cluster:\n    certificate-authority-data: LS0tLS1CRUdJTiBDRVJUSUZJQ0FURS0tLS0tCk1JSUU2RENDQXRDZ0F3SUJBZ0lRUDRldHU1NXU2STVVdG83MEFiOTI3akFOQmdrcWhraUc5dzBCQVFzRkFEQU4KTVFzd0NRWURWUVFERXdKallUQWdGdzB5TkRBeE1Ua3hNVEF5TlRSYUdBOHlNRFUwTURFeE9URXhNVEkxTkZvdwpEVEVMTUFrR0ExVUVBeE1DWTJFd2dnSWlNQTBHQ1NxR1NJYjNEUUVCQVFVQUE0SUNEd0F3Z2dJS0FvSUNBUUR4CjVFMmkrbHZFSWFiZjNENm9temtONWJuNDZFN2I5MHZwYW5qK3l0VVVXTVl5a3haR3hNLzF5OXpBL0IvTXh5WFAKWEk0YXVaMjA2MGZFb2ltVmt0cENreU5IK1ZWYVQyVlFOK1JlM1k3Snpid0ZZRThJWUtMMU45cmwvaFpDeVBCSgpFZjhqem9OZEpDSW1EcG8wVG5BT0Vjajl6Ti80MVhrcnh0UEZxZzhjYjZXaGVsU3k1cVNTTFg3RlRSdzRiQ3NnCkJEaEM3WUxOdTliNWFCM28rZGkrdmpESnN1VmRKNmpEV29yWU9iVU5PREUzdE44LzFkUzFJc3BSUVBQZFZsWFkKcitrRHVhQjYwOC84Mno2dkhpM29CZHRtK3RTM2psWHgzRS9oc2dPUG8rb1N1VHFQdmc2Ty9BVnpYN3U4UitkNwphZkZGcTk5a2NXdFFBQUhZd0VGY0l0dmU5NGV2UTJDbzV0blJDMzNhZ05vc3F4NWo3Zk85dTFwb3MzTENJeHQ2Cms2U1VJV3lIUEZoRTNpR01IOENBTHZmVlhtQml0UW1lRzZtWnZSZ0IrTFlxME5Zd2xtMkhKTWZYTWpkZjduMWMKT2RpQ0E3TzMyN3dtczkzaUd5dTdSNGVOaWVDd2FqLzZXWS8xZFpkaWRvYWhWa3JtdFlHZE8xMWw3Ri9RaUlYaQp5YVd1RXAyc2ZZNnVtTzBTd2NvVG8xbW9sTmhncTAxYmtqUEc2VURqM3FlVmZEanlmOEMza2gzSW5pYkNQa2JjCnAwSi9iaXpnZWJUbS9IaHB3NTRLVXY0bzZiUTRST0dxYTRUV1hLSHdMc0ppQnVTZVdxMVM1QUNqeVExcFY4L2YKdGlYTVlnTU9DOEVPK2tkS2VTay90MFNOQlpwcEFMNVRNWXhxNUpMM093SURBUUFCbzBJd1FEQU9CZ05WSFE4QgpBZjhFQkFNQ0FxUXdEd1lEVlIwVEFRSC9CQVV3QXdFQi96QWRCZ05WSFE0RUZnUVVHRkJHeGJzN2JVZXdhUHpJCkQ2ZkxSNGsrbEZzd0RRWUpLb1pJaHZjTkFRRUxCUUFEZ2dJQkFHNzg1ekNmZTdaRFRDcFd1WUJHMlBBZHZVYzIKOUNlUEVIMzhGY2J0d0syY1ZuU2RXK2N3WmZWZkdaTVA2R1VLcHp0SHI4R3FWMDBWbzFnNTZvVWhtYUVZRWl4ZAp4VDUzaEdYMTVITG10K1JYQ0Rtb1BGNXNzc0s5cXNvQ1pOeTZXSkhvcHhMUDc2QVFNRmpqdzQ2c2RXeXZ5Mk9lCkJJVXp3WHh4aWluRElIU1NVMVBDVTEyb01heWttMlI3Y0s3RGtGYWZ2aHVuZWptVEFYVWYxRytJTUtHSFRBU2kKOGVvcDg5U0lSQTQ2L1RkLzFZSGVXU3p3SSszSkFLUDJ3eElYVm1wSG5HYkt5MEIzdzRPK0ZBY3I5cTZYc3hxVQovZHRvMktadlZDNzFHejZXNHUxUTZMaU0zbTlBb2ZiMStlejZPNG53a0lmNytXRmpSZDF4Z212Z01KOGZ4V2FFCkptYjNVdWhVNExKWUF5eWxWTGVzUW9FNWN1bUhmbmNuTnpaaGxCdGVvYTZRMnZyYTRDRDk5TStTUlRWYXhxRjYKdWVKU2NVdDNmOW05SThrQzYyazhGYlB2SHkrd1BzRjVSRHdzMjBOVklBMzdnb2hqVG9paGV0cU1oY1ZURnhPSgoxeFdNcmZNUGd0clA0ZnFWU1gzU2YyQUJrTDlxV0szWjdhZXE0eTRmSjVKYllqZHJsQ21HbmVvdDZrWEFMOFBPCjUvamRBRDF2UGtRdWtpVzB4SlJ4T09ZL0ZjeEMxa0tIblJyd1VFdW9HcStSOGNYVjB6L0VySi9xczJGZ3l1bUoKcDBwdDRycU82NFZXM3hrZUM4dmtlWjgzS0FybWJJVEVEZWhtNWt1dmUyZTBaSTVMdHlJVDlZVG9VeGdEVTJMdApSUDlCVGZ5c2cyck55ZHNMCi0tLS0tRU5EIENFUlRJRklDQVRFLS0tLS0K\n    server: https://squaremarket-aks-74bijg8a.hcp.northeurope.azmk8s.io:443\n  name: squaremarket-aks\ncontexts:\n- context:\n    cluster: squaremarket-aks\n    user: clusterUser_squaremarket-group_squaremarket-aks\n  name: squaremarket-aks\ncurrent-context: squaremarket-aks\nkind: Config\npreferences: {}\nusers:\n- name: clusterUser_squaremarket-group_squaremarket-aks\n  user:\n    client-certificate-data: LS0tLS1CRUdJTiBDRVJUSUZJQ0FURS0tLS0tCk1JSUZIakNDQXdhZ0F3SUJBZ0lSQU0yYUw0eGZIY1BmUFN1Rk9wSHhwQ2d3RFFZSktvWklodmNOQVFFTEJRQXcKRFRFTE1Ba0dBMVVFQXhNQ1kyRXdIaGNOTWpRd01URTVNVEV3TWpVMFdoY05Nall3TVRFNU1URXhNalUwV2pBdwpNUmN3RlFZRFZRUUtFdzV6ZVhOMFpXMDZiV0Z6ZEdWeWN6RVZNQk1HQTFVRUF4TU1iV0Z6ZEdWeVkyeHBaVzUwCk1JSUNJakFOQmdrcWhraUc5dzBCQVFFRkFBT0NBZzhBTUlJQ0NnS0NBZ0VBdTFHRDc3RlBCZDcwRkl2QkczYi8KRU13YUprTjNLS0VxeG42bnoxbGs3UmZiRllJNDM4a0NncVZjV2l4OTFyYTBOdGo3eHEwZklBYVNFQnZnZllxZApmbXZtdllRb0RmZys5MHMreXdUeG96MDF4RVZEZ0NWZ1J5Wkg0WTFiU0w0am44RVozamc1aTIyRnFIZE1PNEtLCk11cHVJN1E5dCt3RlF2cmlWaDY5UkoyVU4xZXVRZWRTRGhRWldHVGVGMFNMcTMwZ3NzV3JQaVN6c3BJQUgxTU8KZElnTThiQS85bzFoUWFvTkxLN2pqdFBuc3ozVlA3ODEyNHJpKzQyK1YzQkI4TSt2cVN6ZzExdUs0elREdHY1YgpnZk01VE5QekdVaU5kd1AxOXdjbEdyNHdsMVpFdlhvOGhtVzQzdXNYTzVKemVoV3I4cnlmdFlNd29nbi9abWo3ClZRUTlRNnBjNVJNMHBYSFliUHl4SDVFeHJNZ1lXTUFZTTNwWk5mRXRvbTZGZW1BNGRFdzV0V04yMXc1V0ovZW4KUnpPZXJnY29xT2REKy9ubk5OQ1RFMkxQUGZLb0kxbmxIRzdNUFhEaW1hWVBIZFo4Um5SbllBNUs4aFU2eE9EQwpEdlZnSGZibS9BcjB5V2l4aGhvWHZoSmsrZUlKY3pobithTGRrQThzSldSemZ2NUY2cGdPam9hd01hKzhWVkd6CkVUQzNTczlsVm9qWVQ1RUZlc092NEpxT3F3R0VqYlpheWRrdDBodUlMd0NqUDB6dm5hQWF5MlFFMHZjWTFIR1oKemxPdVd2NGNOK3JKTHhLSGNLMk1JaXhlTWpsa2pmZXYrRk1KN3R3ejlNQUdLeVdxMG9lWEEwTTR3KzhNd2I0NApwUTNPWWd0UzlpZHA0SGRkR1N4UnlEa0NBd0VBQWFOV01GUXdEZ1lEVlIwUEFRSC9CQVFEQWdXZ01CTUdBMVVkCkpRUU1NQW9HQ0NzR0FRVUZCd01DTUF3R0ExVWRFd0VCL3dRQ01BQXdId1lEVlIwakJCZ3dGb0FVR0ZCR3hiczcKYlVld2FQeklENmZMUjRrK2xGc3dEUVlKS29aSWh2Y05BUUVMQlFBRGdnSUJBSVNzSE9oNUdEOU03OThqRFlQKwpleE5NUjVXQUNtNGhPS2hJb2N4ZnY3anFPWDZjUnRSN092NWZETkRLaFFIbjVOTjdZVnE5N0FRWTZlN0FtQ05BCllISEZtWUh3bTFMUEdRWTNlaGRnem5wczRxYXNUZjhIYktESzZWMlN4ZnhHQU1EOGR6Q0RYN2I4aEtTL1V3ZUcKM3RoaE1MQW1MVUhnWDV1L2tTM2pnLzYyVXFRbU5FV2hZeDJyOXZweWZKV1FWclhDTjJHM3Y4OUw0MmhCWndURQppdzFJOUsxdnpQUEFCc0xFMVRSeTgxbnFPTFJ5Y0xLNXFSczBEeCtwaUhWN3M5MFpYVVRtQXBsQ2t0RXE2YkRiCjk0bHlYREZXYnc3cnpoeXhaMWZGSVlWUFhaMnpTWFhwdEQ5VFUrZ3RwZk1aTERpTFhsTFpIbzFyRWluZ0o2dE4KL2wwTFcrTXY2TjVBMHhqNjVZL3pUQUoxT1ZIR05FM1VQVDk5UFFLZ29uUXJqRytxN0s0M3Fqc3pITXFNSHBrRQppWm1UWjhFVVFJaWhrK0Uzam5iaVFaaUEvZXpQT2ZqejgwbnJ6VnZFQjZiZDZMWmhPRVJnWEppMEVNZC92blJRCmh5UGpVUGQ1VGtuMHNWRy8yQzVrdTBnT05jcS9FaXFQM2pkWGZMUFE0SGQ0ZW1kOTNjL2hRb1o5L2FScG5RY0UKcktPUEM5ZHcyS25jSk9sYVRheThVcWg0Z3duclZFdWpzS0I1Zm4rOERac3Nnb3Q0L3l5SlBRMzRqTk52RDdpdApBOTZsTng0cUMvREEvYVBueWZtOGVESVlNVW5HTkJyRERxbDBnZWN2Mk42bTl6ZE50OGY2SkFQREI3d0FZOS9hCkxQQ3lhbUlVL3JMRmFqREpzd3VBUUpkcQotLS0tLUVORCBDRVJUSUZJQ0FURS0tLS0tCg==\n    client-key-data: LS0tLS1CRUdJTiBSU0EgUFJJVkFURSBLRVktLS0tLQpNSUlKS1FJQkFBS0NBZ0VBdTFHRDc3RlBCZDcwRkl2QkczYi9FTXdhSmtOM0tLRXF4bjZuejFsazdSZmJGWUk0CjM4a0NncVZjV2l4OTFyYTBOdGo3eHEwZklBYVNFQnZnZllxZGZtdm12WVFvRGZnKzkwcyt5d1R4b3owMXhFVkQKZ0NWZ1J5Wkg0WTFiU0w0am44RVozamc1aTIyRnFIZE1PNEtLTXVwdUk3UTl0K3dGUXZyaVZoNjlSSjJVTjFldQpRZWRTRGhRWldHVGVGMFNMcTMwZ3NzV3JQaVN6c3BJQUgxTU9kSWdNOGJBLzlvMWhRYW9OTEs3amp0UG5zejNWClA3ODEyNHJpKzQyK1YzQkI4TSt2cVN6ZzExdUs0elREdHY1YmdmTTVUTlB6R1VpTmR3UDE5d2NsR3I0d2wxWkUKdlhvOGhtVzQzdXNYTzVKemVoV3I4cnlmdFlNd29nbi9abWo3VlFROVE2cGM1Uk0wcFhIWWJQeXhINUV4ck1nWQpXTUFZTTNwWk5mRXRvbTZGZW1BNGRFdzV0V04yMXc1V0ovZW5Sek9lcmdjb3FPZEQrL25uTk5DVEUyTFBQZktvCkkxbmxIRzdNUFhEaW1hWVBIZFo4Um5SbllBNUs4aFU2eE9EQ0R2VmdIZmJtL0FyMHlXaXhoaG9YdmhKaytlSUoKY3pobithTGRrQThzSldSemZ2NUY2cGdPam9hd01hKzhWVkd6RVRDM1NzOWxWb2pZVDVFRmVzT3Y0SnFPcXdHRQpqYlpheWRrdDBodUlMd0NqUDB6dm5hQWF5MlFFMHZjWTFIR1p6bE91V3Y0Y04rckpMeEtIY0syTUlpeGVNamxrCmpmZXYrRk1KN3R3ejlNQUdLeVdxMG9lWEEwTTR3KzhNd2I0NHBRM09ZZ3RTOWlkcDRIZGRHU3hSeURrQ0F3RUEKQVFLQ0FnRUF1RzUvT0M1Yy93dlJTTFY5a2R3dE1VMjBaWDVCd2JoRjFLQjUrM2NxSHlOQTY4R0czQmdmSjZGRwo5K1ljbEo3WmU3TlMyd0F6eUNXUUJOcGR3MTRLeWFIVjB6MWU3cnBBek4zQ1dzUm9ZbkJ2RXV1YmxYMjNlUFpoCkNkeFRSNkVtbERIZGxXWElpdFp3SmpvbnplUXV6QWowSHFWbHEwUnd2YzBsc3VPYk9RYnFHejl5YktNa3NJWHIKbXBQZDlBemlkQnZFYVNDbEJZKy9lbyswSFNONjlSUExvdUFGYW0wem1DS2x6QnY2SS9QU2l6SFRXR3VjektmSAo2eVJaaCtBWW5ORHdST0xTRWxpb3ZDS0VuUlY5NWNvajNkaEYzOXdHcFdzNTcxcVNsdTB5REorOUdNNVU3NE1TCmJqSU1jdlEwVEwwdnl0VWJidTFYb2dPeit4SmNlbDNLdzB5aUNMcnZpdCs1eCtNeWVkQ2h5K1B0WUpHZDA4QTkKNU43Smtsd3ppM1dkQmpJdXhFS05BaTRzemo0RDJaUDkwaHlQdmRDMWgyamdLMjFHT3R2MHJmL0g3cDUrZStyaApsYWp3YkFnR1c5elUxM1VCZHg3bVpnY0NINlFoSjNIMy9VcEZQQ0NpdlRKUFZ5SmliWUVDS0VHYmNVemtpRzVQCnlzSlNsOXlkaEtFeFZpaFhicElCWG1GY1VoZ3ZVeHR1WVNEVXpMZU1BckpaMDkwRlNFbHFLdXVBQWV2M2lFQjcKOVdtZG1DbEtBa242aGE4SjQxUk9yN1BqUVZoK2ZkN0FRbUNDTlB3SUNYbHhlbTFhSkV6cG9lbEpmeUVPcWZXTwpLck0zZFVCZVFjQ2ZMdzdUQ00zWHpabGdIM25taXh6WVpUbG1WZ3FZQkdwbVZaWW1YaDBDZ2dFQkFPZDBRYmZICmpHQ1p5WWkwemJpZThia0RjZVNOeWdrdHRGL2lrV0R1RXkxU0c5UitnS0t6S0RpWFlnWGpqZjRWRDV0blVnSUcKelZiSjcwWmJlTmVUdEs3dU9OK3JjWFVSeHA1TDV1eXV2OENHTElQcDZnSjlhaHBVTkc1aTc3d3VSQXVoTmxtQQpLTzdSYU5FR0EyQlY4Z0J5a1ZBc1k2YXI4RHVYU2lyV1VzVWl1Z2luSCswakdzVlduVmFoK3VVUEltcjIwWDJNClFXTThWN2M5M3hmNzR1OGU0cWduOFU0L2RIckozVGRJYUN1eVllVjVSOENhaytZcmRienJXcldGTjM5VU41aHQKL1VQN281T0phczRMd0UwN1lJSm1nNU91TFhoRUJwQXFEb0MvV2RtNy9iZmFjSnNtUWtKSnFBK1hnM21oc2pwVApIWlVDZlNLSkE2SGluRk1DZ2dFQkFNOHZCT3pzdGFzUjR6M0RnZE1OWE5sV0xNNVBuT1RPKzBuYnpTaVJlUFdOClRWakhxdW1WRCtybEJqNmFEeE5LZjFNWGcyWDBuK2ZqT2lFeFVVMGVSRmpRano0YXRNZkd2TC9ZTHpiRmxWREkKUWZ4T3Awc1M5R1o2a2xLbzRXL0haYnZWZzNkcWxZZU40WWpWZjhabkU1MS94NEZHL1NyZXhmMjdEeDlhRkRhZwp4Z3N1ei9ZYk5BelRIZjNpSGxOQ2VsODIyRThIQ2JwQkhJRGhzMHY1aW56Q1duV1M0Ti8rWng5WlJlTG9mQUFkCjNqT2VMMFhNMlNqYVdCUlFSNjRMYmw2a0Q2RC9jRHpFbUxpalJsTzExdXBtUjhodFdiRUNmNThIVGN1ejZ1Ty8KanhFRHJFYjNhZkc3T0RMOGFMVVRoV3hRRVRJRHFTcWhVS0s1V2pHSjE4TUNnZ0VBUnRTMUorRFJmTjZUWmxxdQpla2xxQUF5bDFpUHVLRkRzV2t1ajRkMzUwR3pJUjRkUEpudGRXN1E0TTBVb054R0s3U3Y1Vk5Wd0VaZEt1bVZUCjNlVTk3aXJKRE9vU2xwa1NCMitEQS91V2d2eU1zdkhxdzBoT0tEQ011eHRiOG1MV1FCamQ0Ulh2Y09aMUJVS3AKMWRsM2JkdWh6TDlJMzhET2krNElySU5hWVNuM2RKNXdqc21uYjZ6S0NiRVlidkRxdjRFNUt3cTVGLzFuZXBSYwpxYUpVR0ltREk2TFZuZlNkV05aZDlJVWNIQU5ESWs2elBxWVBqT2pQNXppL1ViMnE5alIzcnhZNTQ0d215d2ZLCnY3T283Zm0xMXpJNElnR3p1SkpZejlXUENxZUVmN1dnTjV1SnluRXk1Y1pVd0RERjgzc2daK2ozckpwT1lUczgKK1ZXNE1RS0NBUUVBd2dYb2VQQmNXUzVSUHdBZVRrWFBWQUZ0eUcrcUlHVHQwNGN5SS9ISDh6MDIyQk4wclhiWgpCME1maS9TK2RYUm90S25xZGNxWERaUXdWZkZYai83dVJyWlp6dkUzcDNjb1FBajJmamFlMUo0Vm5YRVRIaTFNCkQ4UnR6MWMwZDNlbWdEYzkvTkVsNDJJdGVmVm15YWl5SitjSU1Mc0lUK044UzFlb205WEI1RDYvK0swSU9CUFYKdE1UbzYxK2N3cUFZOVozcENHa3c1T29oQlZsWWphZk4xM1F6UHJRa1ArQ0JOa3htTkU5QUFPUDN1U05FWmZ1bQp5cWxmbnZabmlraE9QZmNxWTcyVG9IVUVDTFZ2SU9uRHNKUEVXYUIrUkZSd3E3OHRUYnphRmhySW9raHNSN0ZmCjErOWFlL1VCSWNKOFNxalkwWnU0Q3FJelg1QnhOTDgvL1FLQ0FRQkpOczFldDhBMXAzbWRrNjJuSTdUeExOMmkKM0JUMXBUWjNQUzljZFNCMUR4RXVITmduUXBVN3E0MHpEMUFUS0UzOVdRa0V1R1VRd1MyN1BlcHhkTnZ5bVZ2bgpmWERXczdraXdYRmpOaHJtNkdCajhvOFlkS1hpMDZQVkNsL3gxdWM0a0h6bmNrS0svUWNPUU9LT0o3MTdtMFZVCndMRkx5b0I3a0w1UFpVVlpSU3gxOGh5cTJKM29sYWhHSnNJUmlyNWNsczJ0NjVUYmhHSjFSZUlJZFJkUmd4U2IKS1MydEtrK01kU2xPeml4YVhiZ01EVW45TWN6OXZqdnRwYmZEUGNjU1RoYnprVVcrckh4SkdIWE1FVFd3cytjTApucmgyTjh6aGduZUdsaTU2STYyT1JGUGZKNmRYYUdoQi9QQTg0ckcydk9IdkV5b0tNS2dKR0pNWDRXQ0gKLS0tLS1FTkQgUlNBIFBSSVZBVEUgS0VZLS0tLS0K\n    token: c3kwcqnj5jmnwaxmfcxw5d44wtz702pcf4uhgvpxy5cbbah2vcpxvzcdcgunwv1t5pben0rclomeh1du0tlugjrrtglr8pi5p738rt7ltt8uem86oyvaun498zo6y0jl\n",
            "kubelet_identity": [
              {
                "client_id": "5cb713ba-b872-4bbe-93ce-246adda52e35",
                "object_id": "0917fce1-3acc-4f52-8663-13e7e1b375db",
                "user_assigned_identity_id": "/subscriptions/a210845b-25ae-4bcf-8aea-919dfd0a4467/resourceGroups/MC_squaremarket-group_squaremarket-aks_northeurope/providers/Microsoft.ManagedIdentity/userAssignedIdentities/squaremarket-aks-agentpool"
              }
            ],
            "kubernetes_version": "1.28.0",
            "linux_profile": [],
            "local_account_disabled": false,
            "location": "northeurope",
            "maintenance_window": [],
            "name": "squaremarket-aks",
            "network_profile": [
              {
                "dns_service_ip": "10.0.0.10",
                "docker_bridge_cidr": "172.17.0.1/16",
                "load_balancer_profile": [
                  {
                    "effective_outbound_ips": [
                      "/subscriptions/a210845b-25ae-4bcf-8aea-919dfd0a4467/resourceGroups/MC_squaremarket-group_squaremarket-aks_northeurope/providers/Microsoft.Network/publicIPAddresses/1af03e65-cd8b-4659-949a-2927e0bebd6e"
                    ],
                    "idle_timeout_in_minutes": 0,
                    "managed_outbound_ip_count": 1,
                    "outbound_ip_address_ids": [],
                    "outbound_ip_prefix_ids": [],
                    "outbound_ports_allocated": 0
                  }
                ],
                "load_balancer_sku": "standard",
                "nat_gateway_profile": [],
                "network_mode": "",
                "network_plugin": "kubenet",
                "network_policy": "calico",
                "outbound_type": "loadBalancer",
                "pod_cidr": "10.244.0.0/16",
                "service_cidr": "10.0.0.0/16"
              }
            ],
            "node_resource_group": "MC_squaremarket-group_squaremarket-aks_northeurope",
            "oms_agent": [],
            "open_service_mesh_enabled": false,
            "portal_fqdn": "squaremarket-aks-74bijg8a.portal.hcp.northeurope.azmk8s.io",
            "private_cluster_enabled": false,
            "private_cluster_public_fqdn_enabled": false,
            "private_dns_zone_id": "",
            "private_fqdn": "",
            "public_network_access_enabled": true,
            "resource_group_name": "squaremarket-group",
            "role_based_access_control_enabled": true,
            "service_principal": [],
            "sku_tier": "Free",
            "tags": {
              "environment": "production",
              "source": "terraform"
            },
            "timeouts": null,
            "windows_profile": []
          },
          "sensitive_attributes": [],
          "private": "eyJlMmJmYjczMC1lY2FhLTExZTYtOGY4OC0zNDM2M2JjN2M0YzAiOnsiY3JlYXRlIjo1NDAwMDAwMDAwMDAwLCJkZWxldGUiOjU0MDAwMDAwMDAwMDAsInJlYWQiOjMwMDAwMDAwMDAwMCwidXBkYXRlIjo1NDAwMDAwMDAwMDAwfSwic2NoZW1hX3ZlcnNpb24iOiIyIn0=",
          "dependencies": [
            "azurerm_resource_group.squaremarket-group"
          ]
        }
      ]
    },
    {
      "mode": "managed",
      "type": "azurerm_mysql_database",
      "name": "accounts-db",
      "provider": "provider[\"registry.terraform.io/hashicorp/azurerm\"]",
      "instances": [
        {
          "schema_version": 0,
          "attributes": {
            "charset": "utf8",
            "collation": "utf8_unicode_ci",
            "id": "/subscriptions/a210845b-25ae-4bcf-8aea-919dfd0a4467/resourceGroups/squaremarket-group/providers/Microsoft.DBforMySQL/servers/squaremarket-accounts/databases/accounts",
            "name": "accounts",
            "resource_group_name": "squaremarket-group",
            "server_name": "squaremarket-accounts",
            "timeouts": null
          },
          "sensitive_attributes": [],
          "private": "eyJlMmJmYjczMC1lY2FhLTExZTYtOGY4OC0zNDM2M2JjN2M0YzAiOnsiY3JlYXRlIjozNjAwMDAwMDAwMDAwLCJkZWxldGUiOjM2MDAwMDAwMDAwMDAsInJlYWQiOjMwMDAwMDAwMDAwMCwidXBkYXRlIjozNjAwMDAwMDAwMDAwfX0=",
          "dependencies": [
            "azurerm_mysql_server.accounts-db-server",
            "azurerm_resource_group.squaremarket-group"
          ]
        }
      ]
    },
    {
      "mode": "managed",
      "type": "azurerm_mysql_database",
      "name": "advertisements-db",
      "provider": "provider[\"registry.terraform.io/hashicorp/azurerm\"]",
      "instances": [
        {
          "schema_version": 0,
          "attributes": {
            "charset": "utf8",
            "collation": "utf8_unicode_ci",
            "id": "/subscriptions/a210845b-25ae-4bcf-8aea-919dfd0a4467/resourceGroups/squaremarket-group/providers/Microsoft.DBforMySQL/servers/squaremarket-advertisements/databases/advertisements",
            "name": "advertisements",
            "resource_group_name": "squaremarket-group",
            "server_name": "squaremarket-advertisements",
            "timeouts": null
          },
          "sensitive_attributes": [],
          "private": "eyJlMmJmYjczMC1lY2FhLTExZTYtOGY4OC0zNDM2M2JjN2M0YzAiOnsiY3JlYXRlIjozNjAwMDAwMDAwMDAwLCJkZWxldGUiOjM2MDAwMDAwMDAwMDAsInJlYWQiOjMwMDAwMDAwMDAwMCwidXBkYXRlIjozNjAwMDAwMDAwMDAwfX0=",
          "dependencies": [
            "azurerm_mysql_server.advertisements-db-server",
            "azurerm_resource_group.squaremarket-group"
          ]
        }
      ]
    },
    {
      "mode": "managed",
      "type": "azurerm_mysql_database",
      "name": "messages-db",
      "provider": "provider[\"registry.terraform.io/hashicorp/azurerm\"]",
      "instances": [
        {
          "schema_version": 0,
          "attributes": {
            "charset": "utf8",
            "collation": "utf8_unicode_ci",
            "id": "/subscriptions/a210845b-25ae-4bcf-8aea-919dfd0a4467/resourceGroups/squaremarket-group/providers/Microsoft.DBforMySQL/servers/squaremarket-messages/databases/messages",
            "name": "messages",
            "resource_group_name": "squaremarket-group",
            "server_name": "squaremarket-messages",
            "timeouts": null
          },
          "sensitive_attributes": [],
          "private": "eyJlMmJmYjczMC1lY2FhLTExZTYtOGY4OC0zNDM2M2JjN2M0YzAiOnsiY3JlYXRlIjozNjAwMDAwMDAwMDAwLCJkZWxldGUiOjM2MDAwMDAwMDAwMDAsInJlYWQiOjMwMDAwMDAwMDAwMCwidXBkYXRlIjozNjAwMDAwMDAwMDAwfX0=",
          "dependencies": [
            "azurerm_mysql_server.messages-db-server",
            "azurerm_resource_group.squaremarket-group"
          ]
        }
      ]
    },
    {
      "mode": "managed",
      "type": "azurerm_mysql_firewall_rule",
      "name": "accounts-db-to-server",
      "provider": "provider[\"registry.terraform.io/hashicorp/azurerm\"]",
      "instances": [
        {
          "schema_version": 0,
          "attributes": {
            "end_ip_address": "255.255.255.255",
            "id": "/subscriptions/a210845b-25ae-4bcf-8aea-919dfd0a4467/resourceGroups/squaremarket-group/providers/Microsoft.DBforMySQL/servers/squaremarket-accounts/firewallRules/server",
            "name": "server",
            "resource_group_name": "squaremarket-group",
            "server_name": "squaremarket-accounts",
            "start_ip_address": "0.0.0.0",
            "timeouts": null
          },
          "sensitive_attributes": [],
          "private": "eyJlMmJmYjczMC1lY2FhLTExZTYtOGY4OC0zNDM2M2JjN2M0YzAiOnsiY3JlYXRlIjoxODAwMDAwMDAwMDAwLCJkZWxldGUiOjE4MDAwMDAwMDAwMDAsInJlYWQiOjMwMDAwMDAwMDAwMCwidXBkYXRlIjoxODAwMDAwMDAwMDAwfX0=",
          "dependencies": [
            "azurerm_mysql_server.accounts-db-server",
            "azurerm_resource_group.squaremarket-group"
          ]
        }
      ]
    },
    {
      "mode": "managed",
      "type": "azurerm_mysql_firewall_rule",
      "name": "advertisements-db-to-server",
      "provider": "provider[\"registry.terraform.io/hashicorp/azurerm\"]",
      "instances": [
        {
          "schema_version": 0,
          "attributes": {
            "end_ip_address": "255.255.255.255",
            "id": "/subscriptions/a210845b-25ae-4bcf-8aea-919dfd0a4467/resourceGroups/squaremarket-group/providers/Microsoft.DBforMySQL/servers/squaremarket-advertisements/firewallRules/server",
            "name": "server",
            "resource_group_name": "squaremarket-group",
            "server_name": "squaremarket-advertisements",
            "start_ip_address": "0.0.0.0",
            "timeouts": null
          },
          "sensitive_attributes": [],
          "private": "eyJlMmJmYjczMC1lY2FhLTExZTYtOGY4OC0zNDM2M2JjN2M0YzAiOnsiY3JlYXRlIjoxODAwMDAwMDAwMDAwLCJkZWxldGUiOjE4MDAwMDAwMDAwMDAsInJlYWQiOjMwMDAwMDAwMDAwMCwidXBkYXRlIjoxODAwMDAwMDAwMDAwfX0=",
          "dependencies": [
            "azurerm_mysql_server.advertisements-db-server",
            "azurerm_resource_group.squaremarket-group"
          ]
        }
      ]
    },
    {
      "mode": "managed",
      "type": "azurerm_mysql_firewall_rule",
      "name": "messages-db-to-server",
      "provider": "provider[\"registry.terraform.io/hashicorp/azurerm\"]",
      "instances": [
        {
          "schema_version": 0,
          "attributes": {
            "end_ip_address": "255.255.255.255",
            "id": "/subscriptions/a210845b-25ae-4bcf-8aea-919dfd0a4467/resourceGroups/squaremarket-group/providers/Microsoft.DBforMySQL/servers/squaremarket-messages/firewallRules/server",
            "name": "server",
            "resource_group_name": "squaremarket-group",
            "server_name": "squaremarket-messages",
            "start_ip_address": "0.0.0.0",
            "timeouts": null
          },
          "sensitive_attributes": [],
          "private": "eyJlMmJmYjczMC1lY2FhLTExZTYtOGY4OC0zNDM2M2JjN2M0YzAiOnsiY3JlYXRlIjoxODAwMDAwMDAwMDAwLCJkZWxldGUiOjE4MDAwMDAwMDAwMDAsInJlYWQiOjMwMDAwMDAwMDAwMCwidXBkYXRlIjoxODAwMDAwMDAwMDAwfX0=",
          "dependencies": [
            "azurerm_mysql_server.messages-db-server",
            "azurerm_resource_group.squaremarket-group"
          ]
        }
      ]
    },
    {
      "mode": "managed",
      "type": "azurerm_mysql_server",
      "name": "accounts-db-server",
      "provider": "provider[\"registry.terraform.io/hashicorp/azurerm\"]",
      "instances": [
        {
          "schema_version": 0,
          "attributes": {
            "administrator_login": "Education6661",
            "administrator_login_password": "Exemplary-Footer-Juice2-Visa-Footing-Trousers",
            "auto_grow_enabled": true,
            "backup_retention_days": 7,
            "create_mode": "Default",
            "creation_source_server_id": null,
            "fqdn": "squaremarket-accounts.mysql.database.azure.com",
            "geo_redundant_backup_enabled": false,
            "id": "/subscriptions/a210845b-25ae-4bcf-8aea-919dfd0a4467/resourceGroups/squaremarket-group/providers/Microsoft.DBforMySQL/servers/squaremarket-accounts",
            "identity": [],
            "infrastructure_encryption_enabled": false,
            "location": "northeurope",
            "name": "squaremarket-accounts",
            "public_network_access_enabled": true,
            "resource_group_name": "squaremarket-group",
            "restore_point_in_time": null,
            "sku_name": "B_Gen5_1",
            "ssl_enforcement_enabled": true,
            "ssl_minimal_tls_version_enforced": "TLS1_2",
            "storage_mb": 5120,
            "tags": {
              "environment": "production",
              "source": "terraform"
            },
            "threat_detection_policy": [],
            "timeouts": null,
            "version": "8.0"
          },
          "sensitive_attributes": [],
          "private": "eyJlMmJmYjczMC1lY2FhLTExZTYtOGY4OC0zNDM2M2JjN2M0YzAiOnsiY3JlYXRlIjozNjAwMDAwMDAwMDAwLCJkZWxldGUiOjM2MDAwMDAwMDAwMDAsInJlYWQiOjMwMDAwMDAwMDAwMCwidXBkYXRlIjozNjAwMDAwMDAwMDAwfX0=",
          "dependencies": [
            "azurerm_resource_group.squaremarket-group"
          ]
        }
      ]
    },
    {
      "mode": "managed",
      "type": "azurerm_mysql_server",
      "name": "advertisements-db-server",
      "provider": "provider[\"registry.terraform.io/hashicorp/azurerm\"]",
      "instances": [
        {
          "schema_version": 0,
          "attributes": {
            "administrator_login": "Education6661",
            "administrator_login_password": "Exemplary-Footer-Juice2-Visa-Footing-Trousers",
            "auto_grow_enabled": true,
            "backup_retention_days": 7,
            "create_mode": "Default",
            "creation_source_server_id": null,
            "fqdn": "squaremarket-advertisements.mysql.database.azure.com",
            "geo_redundant_backup_enabled": false,
            "id": "/subscriptions/a210845b-25ae-4bcf-8aea-919dfd0a4467/resourceGroups/squaremarket-group/providers/Microsoft.DBforMySQL/servers/squaremarket-advertisements",
            "identity": [],
            "infrastructure_encryption_enabled": false,
            "location": "northeurope",
            "name": "squaremarket-advertisements",
            "public_network_access_enabled": true,
            "resource_group_name": "squaremarket-group",
            "restore_point_in_time": null,
            "sku_name": "B_Gen5_1",
            "ssl_enforcement_enabled": true,
            "ssl_minimal_tls_version_enforced": "TLS1_2",
            "storage_mb": 5120,
            "tags": {
              "environment": "production",
              "source": "terraform"
            },
            "threat_detection_policy": [],
            "timeouts": null,
            "version": "8.0"
          },
          "sensitive_attributes": [],
          "private": "eyJlMmJmYjczMC1lY2FhLTExZTYtOGY4OC0zNDM2M2JjN2M0YzAiOnsiY3JlYXRlIjozNjAwMDAwMDAwMDAwLCJkZWxldGUiOjM2MDAwMDAwMDAwMDAsInJlYWQiOjMwMDAwMDAwMDAwMCwidXBkYXRlIjozNjAwMDAwMDAwMDAwfX0=",
          "dependencies": [
            "azurerm_resource_group.squaremarket-group"
          ]
        }
      ]
    },
    {
      "mode": "managed",
      "type": "azurerm_mysql_server",
      "name": "messages-db-server",
      "provider": "provider[\"registry.terraform.io/hashicorp/azurerm\"]",
      "instances": [
        {
          "schema_version": 0,
          "attributes": {
            "administrator_login": "Education6661",
            "administrator_login_password": "Exemplary-Footer-Juice2-Visa-Footing-Trousers",
            "auto_grow_enabled": true,
            "backup_retention_days": 7,
            "create_mode": "Default",
            "creation_source_server_id": null,
            "fqdn": "squaremarket-messages.mysql.database.azure.com",
            "geo_redundant_backup_enabled": false,
            "id": "/subscriptions/a210845b-25ae-4bcf-8aea-919dfd0a4467/resourceGroups/squaremarket-group/providers/Microsoft.DBforMySQL/servers/squaremarket-messages",
            "identity": [],
            "infrastructure_encryption_enabled": false,
            "location": "northeurope",
            "name": "squaremarket-messages",
            "public_network_access_enabled": true,
            "resource_group_name": "squaremarket-group",
            "restore_point_in_time": null,
            "sku_name": "B_Gen5_1",
            "ssl_enforcement_enabled": true,
            "ssl_minimal_tls_version_enforced": "TLS1_2",
            "storage_mb": 5120,
            "tags": {
              "environment": "production",
              "source": "terraform"
            },
            "threat_detection_policy": [],
            "timeouts": null,
            "version": "8.0"
          },
          "sensitive_attributes": [],
          "private": "eyJlMmJmYjczMC1lY2FhLTExZTYtOGY4OC0zNDM2M2JjN2M0YzAiOnsiY3JlYXRlIjozNjAwMDAwMDAwMDAwLCJkZWxldGUiOjM2MDAwMDAwMDAwMDAsInJlYWQiOjMwMDAwMDAwMDAwMCwidXBkYXRlIjozNjAwMDAwMDAwMDAwfX0=",
          "dependencies": [
            "azurerm_resource_group.squaremarket-group"
          ]
        }
      ]
    },
    {
      "mode": "managed",
      "type": "azurerm_resource_group",
      "name": "squaremarket-group",
      "provider": "provider[\"registry.terraform.io/hashicorp/azurerm\"]",
      "instances": [
        {
          "schema_version": 0,
          "attributes": {
            "id": "/subscriptions/a210845b-25ae-4bcf-8aea-919dfd0a4467/resourceGroups/squaremarket-group",
            "location": "northeurope",
            "name": "squaremarket-group",
            "tags": {
              "environment": "production",
              "source": "terraform"
            },
            "timeouts": null
          },
          "sensitive_attributes": [],
          "private": "eyJlMmJmYjczMC1lY2FhLTExZTYtOGY4OC0zNDM2M2JjN2M0YzAiOnsiY3JlYXRlIjo1NDAwMDAwMDAwMDAwLCJkZWxldGUiOjU0MDAwMDAwMDAwMDAsInJlYWQiOjMwMDAwMDAwMDAwMCwidXBkYXRlIjo1NDAwMDAwMDAwMDAwfX0="
        }
      ]
    },
    {
      "mode": "managed",
      "type": "azurerm_role_assignment",
      "name": "aks_pull_acr",
      "provider": "provider[\"registry.terraform.io/hashicorp/azurerm\"]",
      "instances": [
        {
          "schema_version": 0,
          "attributes": {
            "condition": "",
            "condition_version": "",
            "delegated_managed_identity_resource_id": "",
            "description": "",
            "id": "/subscriptions/a210845b-25ae-4bcf-8aea-919dfd0a4467/resourceGroups/squaremarket-group/providers/Microsoft.ContainerRegistry/registries/squaremarketacr/providers/Microsoft.Authorization/roleAssignments/f55570fc-fe3a-d287-c9f9-bc91dcedbe2e",
            "name": "f55570fc-fe3a-d287-c9f9-bc91dcedbe2e",
            "principal_id": "0917fce1-3acc-4f52-8663-13e7e1b375db",
            "principal_type": "ServicePrincipal",
            "role_definition_id": "/subscriptions/a210845b-25ae-4bcf-8aea-919dfd0a4467/providers/Microsoft.Authorization/roleDefinitions/7f951dda-4ed3-4680-a7ca-43fe172d538d",
            "role_definition_name": "AcrPull",
            "scope": "/subscriptions/a210845b-25ae-4bcf-8aea-919dfd0a4467/resourceGroups/squaremarket-group/providers/Microsoft.ContainerRegistry/registries/squaremarketacr",
            "skip_service_principal_aad_check": null,
            "timeouts": null
          },
          "sensitive_attributes": [],
          "private": "eyJlMmJmYjczMC1lY2FhLTExZTYtOGY4OC0zNDM2M2JjN2M0YzAiOnsiY3JlYXRlIjoxODAwMDAwMDAwMDAwLCJkZWxldGUiOjE4MDAwMDAwMDAwMDAsInJlYWQiOjMwMDAwMDAwMDAwMCwidXBkYXRlIjoxODAwMDAwMDAwMDAwfX0=",
          "dependencies": [
            "azurerm_container_registry.acr",
            "azurerm_kubernetes_cluster.api",
            "azurerm_resource_group.squaremarket-group"
          ]
        }
      ]
    },
    {
      "mode": "managed",
      "type": "azurerm_storage_account",
      "name": "frontend-account",
      "provider": "provider[\"registry.terraform.io/hashicorp/azurerm\"]",
      "instances": [
        {
          "schema_version": 3,
          "attributes": {
            "access_tier": "Hot",
            "account_kind": "StorageV2",
            "account_replication_type": "GRS",
            "account_tier": "Standard",
            "allow_nested_items_to_be_public": true,
            "azure_files_authentication": [],
            "blob_properties": [
              {
                "change_feed_enabled": false,
                "container_delete_retention_policy": [],
                "cors_rule": [],
                "default_service_version": "",
                "delete_retention_policy": [],
                "last_access_time_enabled": false,
                "versioning_enabled": false
              }
            ],
            "custom_domain": [],
            "customer_managed_key": [],
            "edge_zone": "",
            "enable_https_traffic_only": true,
            "id": "/subscriptions/a210845b-25ae-4bcf-8aea-919dfd0a4467/resourceGroups/squaremarket-group/providers/Microsoft.Storage/storageAccounts/squaremarketfrontend",
            "identity": [],
            "infrastructure_encryption_enabled": false,
            "is_hns_enabled": false,
            "large_file_share_enabled": null,
            "location": "northeurope",
            "min_tls_version": "TLS1_2",
            "name": "squaremarketfrontend",
            "network_rules": [
              {
                "bypass": [
                  "AzureServices"
                ],
                "default_action": "Allow",
                "ip_rules": [],
                "private_link_access": [],
                "virtual_network_subnet_ids": []
              }
            ],
            "nfsv3_enabled": false,
            "primary_access_key": "hKwjcs2cPPjSHGc7d48SZokOeEV4xI2Prxq974vu6N6wx9qtmnDnY1bRct4JHL151PVNBJrVY2Mh+AStDG0OrA==",
            "primary_blob_connection_string": "DefaultEndpointsProtocol=https;BlobEndpoint=https://squaremarketfrontend.blob.core.windows.net/;AccountName=squaremarketfrontend;AccountKey=hKwjcs2cPPjSHGc7d48SZokOeEV4xI2Prxq974vu6N6wx9qtmnDnY1bRct4JHL151PVNBJrVY2Mh+AStDG0OrA==",
            "primary_blob_endpoint": "https://squaremarketfrontend.blob.core.windows.net/",
            "primary_blob_host": "squaremarketfrontend.blob.core.windows.net",
            "primary_connection_string": "DefaultEndpointsProtocol=https;AccountName=squaremarketfrontend;AccountKey=hKwjcs2cPPjSHGc7d48SZokOeEV4xI2Prxq974vu6N6wx9qtmnDnY1bRct4JHL151PVNBJrVY2Mh+AStDG0OrA==;EndpointSuffix=core.windows.net",
            "primary_dfs_endpoint": "https://squaremarketfrontend.dfs.core.windows.net/",
            "primary_dfs_host": "squaremarketfrontend.dfs.core.windows.net",
            "primary_file_endpoint": "https://squaremarketfrontend.file.core.windows.net/",
            "primary_file_host": "squaremarketfrontend.file.core.windows.net",
            "primary_location": "northeurope",
            "primary_queue_endpoint": "https://squaremarketfrontend.queue.core.windows.net/",
            "primary_queue_host": "squaremarketfrontend.queue.core.windows.net",
            "primary_table_endpoint": "https://squaremarketfrontend.table.core.windows.net/",
            "primary_table_host": "squaremarketfrontend.table.core.windows.net",
            "primary_web_endpoint": "https://squaremarketfrontend.z16.web.core.windows.net/",
            "primary_web_host": "squaremarketfrontend.z16.web.core.windows.net",
            "queue_encryption_key_type": "Service",
            "queue_properties": [
              {
                "cors_rule": [],
                "hour_metrics": [
                  {
                    "enabled": true,
                    "include_apis": true,
                    "retention_policy_days": 7,
                    "version": "1.0"
                  }
                ],
                "logging": [
                  {
                    "delete": false,
                    "read": false,
                    "retention_policy_days": 0,
                    "version": "1.0",
                    "write": false
                  }
                ],
                "minute_metrics": [
                  {
                    "enabled": false,
                    "include_apis": false,
                    "retention_policy_days": 0,
                    "version": "1.0"
                  }
                ]
              }
            ],
            "resource_group_name": "squaremarket-group",
            "routing": [],
            "secondary_access_key": "9F6U81bbDGg0sJE6168XWWBdvHotxQa45JPrpPhT6BvjYMGjHv3IPFqNMcuKkeL70g3hH82Xsk7K+AStjSKXoA==",
            "secondary_blob_connection_string": "",
            "secondary_blob_endpoint": null,
            "secondary_blob_host": null,
            "secondary_connection_string": "DefaultEndpointsProtocol=https;AccountName=squaremarketfrontend;AccountKey=9F6U81bbDGg0sJE6168XWWBdvHotxQa45JPrpPhT6BvjYMGjHv3IPFqNMcuKkeL70g3hH82Xsk7K+AStjSKXoA==;EndpointSuffix=core.windows.net",
            "secondary_dfs_endpoint": null,
            "secondary_dfs_host": null,
            "secondary_file_endpoint": null,
            "secondary_file_host": null,
            "secondary_location": "westeurope",
            "secondary_queue_endpoint": null,
            "secondary_queue_host": null,
            "secondary_table_endpoint": null,
            "secondary_table_host": null,
            "secondary_web_endpoint": null,
            "secondary_web_host": null,
            "share_properties": [
              {
                "cors_rule": [],
                "retention_policy": [
                  {
                    "days": 7
                  }
                ],
                "smb": []
              }
            ],
            "shared_access_key_enabled": true,
            "static_website": [
              {
                "error_404_document": "index.html",
                "index_document": "index.html"
              }
            ],
            "table_encryption_key_type": "Service",
            "tags": {
              "environment": "production",
              "source": "terraform"
            },
            "timeouts": null
          },
          "sensitive_attributes": [],
          "private": "eyJlMmJmYjczMC1lY2FhLTExZTYtOGY4OC0zNDM2M2JjN2M0YzAiOnsiY3JlYXRlIjozNjAwMDAwMDAwMDAwLCJkZWxldGUiOjM2MDAwMDAwMDAwMDAsInJlYWQiOjMwMDAwMDAwMDAwMCwidXBkYXRlIjozNjAwMDAwMDAwMDAwfSwic2NoZW1hX3ZlcnNpb24iOiIzIn0=",
          "dependencies": [
            "azurerm_resource_group.squaremarket-group"
          ]
        }
      ]
    },
    {
      "mode": "managed",
      "type": "azurerm_storage_account",
      "name": "storage-account",
      "provider": "provider[\"registry.terraform.io/hashicorp/azurerm\"]",
      "instances": [
        {
          "schema_version": 3,
          "attributes": {
            "access_tier": "Hot",
            "account_kind": "StorageV2",
            "account_replication_type": "GRS",
            "account_tier": "Standard",
            "allow_nested_items_to_be_public": true,
            "azure_files_authentication": [],
            "blob_properties": [
              {
                "change_feed_enabled": false,
                "container_delete_retention_policy": [],
                "cors_rule": [],
                "default_service_version": "",
                "delete_retention_policy": [],
                "last_access_time_enabled": false,
                "versioning_enabled": false
              }
            ],
            "custom_domain": [],
            "customer_managed_key": [],
            "edge_zone": "",
            "enable_https_traffic_only": true,
            "id": "/subscriptions/a210845b-25ae-4bcf-8aea-919dfd0a4467/resourceGroups/squaremarket-group/providers/Microsoft.Storage/storageAccounts/squaremarketblobstorage",
            "identity": [],
            "infrastructure_encryption_enabled": false,
            "is_hns_enabled": false,
            "large_file_share_enabled": null,
            "location": "northeurope",
            "min_tls_version": "TLS1_2",
            "name": "squaremarketblobstorage",
            "network_rules": [
              {
                "bypass": [
                  "AzureServices"
                ],
                "default_action": "Allow",
                "ip_rules": [],
                "private_link_access": [],
                "virtual_network_subnet_ids": []
              }
            ],
            "nfsv3_enabled": false,
            "primary_access_key": "CWmc/C137iIxt0q749RipyrTrkSxvSTtCzfFQuOYK+A2ZUbUe7hHRBZkS0YloFbc1efxZKxoa4tP+AStCmlxaQ==",
            "primary_blob_connection_string": "DefaultEndpointsProtocol=https;BlobEndpoint=https://squaremarketblobstorage.blob.core.windows.net/;AccountName=squaremarketblobstorage;AccountKey=CWmc/C137iIxt0q749RipyrTrkSxvSTtCzfFQuOYK+A2ZUbUe7hHRBZkS0YloFbc1efxZKxoa4tP+AStCmlxaQ==",
            "primary_blob_endpoint": "https://squaremarketblobstorage.blob.core.windows.net/",
            "primary_blob_host": "squaremarketblobstorage.blob.core.windows.net",
            "primary_connection_string": "DefaultEndpointsProtocol=https;AccountName=squaremarketblobstorage;AccountKey=CWmc/C137iIxt0q749RipyrTrkSxvSTtCzfFQuOYK+A2ZUbUe7hHRBZkS0YloFbc1efxZKxoa4tP+AStCmlxaQ==;EndpointSuffix=core.windows.net",
            "primary_dfs_endpoint": "https://squaremarketblobstorage.dfs.core.windows.net/",
            "primary_dfs_host": "squaremarketblobstorage.dfs.core.windows.net",
            "primary_file_endpoint": "https://squaremarketblobstorage.file.core.windows.net/",
            "primary_file_host": "squaremarketblobstorage.file.core.windows.net",
            "primary_location": "northeurope",
            "primary_queue_endpoint": "https://squaremarketblobstorage.queue.core.windows.net/",
            "primary_queue_host": "squaremarketblobstorage.queue.core.windows.net",
            "primary_table_endpoint": "https://squaremarketblobstorage.table.core.windows.net/",
            "primary_table_host": "squaremarketblobstorage.table.core.windows.net",
            "primary_web_endpoint": "https://squaremarketblobstorage.z16.web.core.windows.net/",
            "primary_web_host": "squaremarketblobstorage.z16.web.core.windows.net",
            "queue_encryption_key_type": "Service",
            "queue_properties": [
              {
                "cors_rule": [],
                "hour_metrics": [
                  {
                    "enabled": true,
                    "include_apis": true,
                    "retention_policy_days": 7,
                    "version": "1.0"
                  }
                ],
                "logging": [
                  {
                    "delete": false,
                    "read": false,
                    "retention_policy_days": 0,
                    "version": "1.0",
                    "write": false
                  }
                ],
                "minute_metrics": [
                  {
                    "enabled": false,
                    "include_apis": false,
                    "retention_policy_days": 0,
                    "version": "1.0"
                  }
                ]
              }
            ],
            "resource_group_name": "squaremarket-group",
            "routing": [],
            "secondary_access_key": "vqkvxb+2jVwucsENUJupNE3IxQ0qRLhn2CmgjpymZnwTwlihc2fo+lnr/ogak5F4d3Kc09bcxSsH+AStfsJykg==",
            "secondary_blob_connection_string": "",
            "secondary_blob_endpoint": null,
            "secondary_blob_host": null,
            "secondary_connection_string": "DefaultEndpointsProtocol=https;AccountName=squaremarketblobstorage;AccountKey=vqkvxb+2jVwucsENUJupNE3IxQ0qRLhn2CmgjpymZnwTwlihc2fo+lnr/ogak5F4d3Kc09bcxSsH+AStfsJykg==;EndpointSuffix=core.windows.net",
            "secondary_dfs_endpoint": null,
            "secondary_dfs_host": null,
            "secondary_file_endpoint": null,
            "secondary_file_host": null,
            "secondary_location": "westeurope",
            "secondary_queue_endpoint": null,
            "secondary_queue_host": null,
            "secondary_table_endpoint": null,
            "secondary_table_host": null,
            "secondary_web_endpoint": null,
            "secondary_web_host": null,
            "share_properties": [
              {
                "cors_rule": [],
                "retention_policy": [
                  {
                    "days": 7
                  }
                ],
                "smb": []
              }
            ],
            "shared_access_key_enabled": true,
            "static_website": [],
            "table_encryption_key_type": "Service",
            "tags": {
              "environment": "production",
              "source": "terraform"
            },
            "timeouts": null
          },
          "sensitive_attributes": [],
          "private": "eyJlMmJmYjczMC1lY2FhLTExZTYtOGY4OC0zNDM2M2JjN2M0YzAiOnsiY3JlYXRlIjozNjAwMDAwMDAwMDAwLCJkZWxldGUiOjM2MDAwMDAwMDAwMDAsInJlYWQiOjMwMDAwMDAwMDAwMCwidXBkYXRlIjozNjAwMDAwMDAwMDAwfSwic2NoZW1hX3ZlcnNpb24iOiIzIn0=",
          "dependencies": [
            "azurerm_resource_group.squaremarket-group"
          ]
        }
      ]
    },
    {
      "mode": "managed",
      "type": "azurerm_storage_container",
      "name": "storage-container",
      "provider": "provider[\"registry.terraform.io/hashicorp/azurerm\"]",
      "instances": [
        {
          "schema_version": 1,
          "attributes": {
            "container_access_type": "private",
            "has_immutability_policy": false,
            "has_legal_hold": false,
            "id": "https://squaremarketblobstorage.blob.core.windows.net/advertisement-images",
            "metadata": {},
            "name": "advertisement-images",
            "resource_manager_id": "/subscriptions/a210845b-25ae-4bcf-8aea-919dfd0a4467/resourceGroups/squaremarket-group/providers/Microsoft.Storage/storageAccounts/squaremarketblobstorage/blobServices/default/containers/advertisement-images",
            "storage_account_name": "squaremarketblobstorage",
            "timeouts": null
          },
          "sensitive_attributes": [],
          "private": "eyJlMmJmYjczMC1lY2FhLTExZTYtOGY4OC0zNDM2M2JjN2M0YzAiOnsiY3JlYXRlIjoxODAwMDAwMDAwMDAwLCJkZWxldGUiOjE4MDAwMDAwMDAwMDAsInJlYWQiOjMwMDAwMDAwMDAwMCwidXBkYXRlIjoxODAwMDAwMDAwMDAwfSwic2NoZW1hX3ZlcnNpb24iOiIxIn0=",
          "dependencies": [
            "azurerm_resource_group.squaremarket-group",
            "azurerm_storage_account.storage-account"
          ]
        }
      ]
    }
  ],
  "check_results": null
}
