{
  "version": 4,
  "terraform_version": "1.6.4",
  "serial": 195,
  "lineage": "b638d247-bec4-7079-c94c-62b1fc867340",
  "outputs": {
    "api_fqdn": {
      "value": "squaremarket-aks-ksbz9v07.hcp.northeurope.azmk8s.io",
      "type": "string"
    }
  },
  "resources": [
    {
      "mode": "managed",
      "type": "azurerm_container_registry",
      "name": "acr",
      "provider": "provider[\"registry.terraform.io/hashicorp/azurerm\"]",
      "instances": [
        {
          "schema_version": 2,
          "attributes": {
            "admin_enabled": false,
            "admin_password": "",
            "admin_username": "",
            "anonymous_pull_enabled": false,
            "data_endpoint_enabled": false,
            "encryption": [
              {
                "enabled": false,
                "identity_client_id": "",
                "key_vault_key_id": ""
              }
            ],
            "export_policy_enabled": true,
            "georeplications": [],
            "id": "/subscriptions/a210845b-25ae-4bcf-8aea-919dfd0a4467/resourceGroups/squaremarket-group/providers/Microsoft.ContainerRegistry/registries/squaremarketacr",
            "identity": [],
            "location": "northeurope",
            "login_server": "squaremarketacr.azurecr.io",
            "name": "squaremarketacr",
            "network_rule_bypass_option": "AzureServices",
            "network_rule_set": [],
            "public_network_access_enabled": true,
            "quarantine_policy_enabled": false,
            "resource_group_name": "squaremarket-group",
            "retention_policy": [
              {
                "days": 7,
                "enabled": false
              }
            ],
            "sku": "Basic",
            "tags": {
              "environment": "production",
              "source": "terraform"
            },
            "timeouts": null,
            "trust_policy": [
              {
                "enabled": false
              }
            ],
            "zone_redundancy_enabled": false
          },
          "sensitive_attributes": [],
          "private": "eyJlMmJmYjczMC1lY2FhLTExZTYtOGY4OC0zNDM2M2JjN2M0YzAiOnsiY3JlYXRlIjoxODAwMDAwMDAwMDAwLCJkZWxldGUiOjE4MDAwMDAwMDAwMDAsInJlYWQiOjMwMDAwMDAwMDAwMCwidXBkYXRlIjoxODAwMDAwMDAwMDAwfSwic2NoZW1hX3ZlcnNpb24iOiIyIn0=",
          "dependencies": [
            "azurerm_resource_group.squaremarket-group"
          ]
        }
      ]
    },
    {
      "mode": "managed",
      "type": "azurerm_dns_zone",
      "name": "api",
      "provider": "provider[\"registry.terraform.io/hashicorp/azurerm\"]",
      "instances": [
        {
          "schema_version": 1,
          "attributes": {
            "id": "/subscriptions/a210845b-25ae-4bcf-8aea-919dfd0a4467/resourceGroups/squaremarket-group/providers/Microsoft.Network/dnszones/sq.api.rikdenbreejen.nl",
            "max_number_of_record_sets": 10000,
            "name": "sq.api.rikdenbreejen.nl",
            "name_servers": [
              "ns1-34.azure-dns.com.",
              "ns2-34.azure-dns.net.",
              "ns3-34.azure-dns.org.",
              "ns4-34.azure-dns.info."
            ],
            "number_of_record_sets": 2,
            "resource_group_name": "squaremarket-group",
            "soa_record": [
              {
                "email": "azuredns-hostmaster.microsoft.com",
                "expire_time": 2419200,
                "fqdn": "sq.api.rikdenbreejen.nl.",
                "host_name": "ns1-34.azure-dns.com.",
                "minimum_ttl": 300,
                "refresh_time": 3600,
                "retry_time": 300,
                "serial_number": 1,
                "tags": {},
                "ttl": 3600
              }
            ],
            "tags": {},
            "timeouts": null
          },
          "sensitive_attributes": [],
          "private": "eyJlMmJmYjczMC1lY2FhLTExZTYtOGY4OC0zNDM2M2JjN2M0YzAiOnsiY3JlYXRlIjoxODAwMDAwMDAwMDAwLCJkZWxldGUiOjE4MDAwMDAwMDAwMDAsInJlYWQiOjMwMDAwMDAwMDAwMCwidXBkYXRlIjoxODAwMDAwMDAwMDAwfSwic2NoZW1hX3ZlcnNpb24iOiIxIn0=",
          "dependencies": [
            "azurerm_resource_group.squaremarket-group"
          ]
        }
      ]
    },
    {
      "mode": "managed",
      "type": "azurerm_dns_zone",
      "name": "frontend",
      "provider": "provider[\"registry.terraform.io/hashicorp/azurerm\"]",
      "instances": [
        {
          "schema_version": 1,
          "attributes": {
            "id": "/subscriptions/a210845b-25ae-4bcf-8aea-919dfd0a4467/resourceGroups/squaremarket-group/providers/Microsoft.Network/dnszones/sq.rikdenbreejen.nl",
            "max_number_of_record_sets": 10000,
            "name": "sq.rikdenbreejen.nl",
            "name_servers": [
              "ns1-36.azure-dns.com.",
              "ns2-36.azure-dns.net.",
              "ns3-36.azure-dns.org.",
              "ns4-36.azure-dns.info."
            ],
            "number_of_record_sets": 2,
            "resource_group_name": "squaremarket-group",
            "soa_record": [
              {
                "email": "azuredns-hostmaster.microsoft.com",
                "expire_time": 2419200,
                "fqdn": "sq.rikdenbreejen.nl.",
                "host_name": "ns1-36.azure-dns.com.",
                "minimum_ttl": 300,
                "refresh_time": 3600,
                "retry_time": 300,
                "serial_number": 1,
                "tags": {},
                "ttl": 3600
              }
            ],
            "tags": {},
            "timeouts": null
          },
          "sensitive_attributes": [],
          "private": "eyJlMmJmYjczMC1lY2FhLTExZTYtOGY4OC0zNDM2M2JjN2M0YzAiOnsiY3JlYXRlIjoxODAwMDAwMDAwMDAwLCJkZWxldGUiOjE4MDAwMDAwMDAwMDAsInJlYWQiOjMwMDAwMDAwMDAwMCwidXBkYXRlIjoxODAwMDAwMDAwMDAwfSwic2NoZW1hX3ZlcnNpb24iOiIxIn0=",
          "dependencies": [
            "azurerm_resource_group.squaremarket-group"
          ]
        }
      ]
    },
    {
      "mode": "managed",
      "type": "azurerm_frontdoor",
      "name": "frontdoor",
      "provider": "provider[\"registry.terraform.io/hashicorp/azurerm\"]",
      "instances": [
        {
          "schema_version": 2,
          "attributes": {
            "backend_pool": [
              {
                "backend": [
                  {
                    "address": "squaremarketfrontend.z16.web.core.windows.net",
                    "enabled": true,
                    "host_header": "squaremarketfrontend.z16.web.core.windows.net",
                    "http_port": 80,
                    "https_port": 443,
                    "priority": 1,
                    "weight": 50
                  }
                ],
                "health_probe_name": "frontend",
                "id": "/subscriptions/a210845b-25ae-4bcf-8aea-919dfd0a4467/resourceGroups/squaremarket-group/providers/Microsoft.Network/frontDoors/squaremarket-frontdoor/backendPools/frontend",
                "load_balancing_name": "frontend",
                "name": "frontend"
              },
              {
                "backend": [
                  {
                    "address": "squaremarket-aks-ksbz9v07.hcp.northeurope.azmk8s.io",
                    "enabled": true,
                    "host_header": "squaremarket-aks-ksbz9v07.hcp.northeurope.azmk8s.io",
                    "http_port": 80,
                    "https_port": 80,
                    "priority": 1,
                    "weight": 50
                  }
                ],
                "health_probe_name": "api",
                "id": "/subscriptions/a210845b-25ae-4bcf-8aea-919dfd0a4467/resourceGroups/squaremarket-group/providers/Microsoft.Network/frontDoors/squaremarket-frontdoor/backendPools/api",
                "load_balancing_name": "api",
                "name": "api"
              }
            ],
            "backend_pool_health_probe": [
              {
                "enabled": true,
                "id": "/subscriptions/a210845b-25ae-4bcf-8aea-919dfd0a4467/resourceGroups/squaremarket-group/providers/Microsoft.Network/frontDoors/squaremarket-frontdoor/healthProbeSettings/frontend",
                "interval_in_seconds": 120,
                "name": "frontend",
                "path": "/",
                "probe_method": "GET",
                "protocol": "Https"
              },
              {
                "enabled": true,
                "id": "/subscriptions/a210845b-25ae-4bcf-8aea-919dfd0a4467/resourceGroups/squaremarket-group/providers/Microsoft.Network/frontDoors/squaremarket-frontdoor/healthProbeSettings/api",
                "interval_in_seconds": 120,
                "name": "api",
                "path": "/services.json",
                "probe_method": "HEAD",
                "protocol": "Https"
              }
            ],
            "backend_pool_health_probes": {
              "api": "/subscriptions/a210845b-25ae-4bcf-8aea-919dfd0a4467/resourceGroups/squaremarket-group/providers/Microsoft.Network/frontDoors/squaremarket-frontdoor/healthProbeSettings/api",
              "frontend": "/subscriptions/a210845b-25ae-4bcf-8aea-919dfd0a4467/resourceGroups/squaremarket-group/providers/Microsoft.Network/frontDoors/squaremarket-frontdoor/healthProbeSettings/frontend"
            },
            "backend_pool_load_balancing": [
              {
                "additional_latency_milliseconds": 0,
                "id": "/subscriptions/a210845b-25ae-4bcf-8aea-919dfd0a4467/resourceGroups/squaremarket-group/providers/Microsoft.Network/frontDoors/squaremarket-frontdoor/loadBalancingSettings/frontend",
                "name": "frontend",
                "sample_size": 4,
                "successful_samples_required": 2
              },
              {
                "additional_latency_milliseconds": 0,
                "id": "/subscriptions/a210845b-25ae-4bcf-8aea-919dfd0a4467/resourceGroups/squaremarket-group/providers/Microsoft.Network/frontDoors/squaremarket-frontdoor/loadBalancingSettings/api",
                "name": "api",
                "sample_size": 4,
                "successful_samples_required": 2
              }
            ],
            "backend_pool_load_balancing_settings": {
              "api": "/subscriptions/a210845b-25ae-4bcf-8aea-919dfd0a4467/resourceGroups/squaremarket-group/providers/Microsoft.Network/frontDoors/squaremarket-frontdoor/loadBalancingSettings/api",
              "frontend": "/subscriptions/a210845b-25ae-4bcf-8aea-919dfd0a4467/resourceGroups/squaremarket-group/providers/Microsoft.Network/frontDoors/squaremarket-frontdoor/loadBalancingSettings/frontend"
            },
            "backend_pool_settings": [
              {
                "backend_pools_send_receive_timeout_seconds": 60,
                "enforce_backend_pools_certificate_name_check": false
              }
            ],
            "backend_pools": {
              "api": "/subscriptions/a210845b-25ae-4bcf-8aea-919dfd0a4467/resourceGroups/squaremarket-group/providers/Microsoft.Network/frontDoors/squaremarket-frontdoor/backendPools/api",
              "frontend": "/subscriptions/a210845b-25ae-4bcf-8aea-919dfd0a4467/resourceGroups/squaremarket-group/providers/Microsoft.Network/frontDoors/squaremarket-frontdoor/backendPools/frontend"
            },
            "cname": "squaremarket-frontdoor.azurefd.net",
            "explicit_resource_order": [
              {
                "backend_pool_health_probe_ids": [
                  "/subscriptions/a210845b-25ae-4bcf-8aea-919dfd0a4467/resourceGroups/squaremarket-group/providers/Microsoft.Network/frontDoors/squaremarket-frontdoor/healthProbeSettings/frontend",
                  "/subscriptions/a210845b-25ae-4bcf-8aea-919dfd0a4467/resourceGroups/squaremarket-group/providers/Microsoft.Network/frontDoors/squaremarket-frontdoor/healthProbeSettings/api"
                ],
                "backend_pool_ids": [
                  "/subscriptions/a210845b-25ae-4bcf-8aea-919dfd0a4467/resourceGroups/squaremarket-group/providers/Microsoft.Network/frontDoors/squaremarket-frontdoor/backendPools/frontend",
                  "/subscriptions/a210845b-25ae-4bcf-8aea-919dfd0a4467/resourceGroups/squaremarket-group/providers/Microsoft.Network/frontDoors/squaremarket-frontdoor/backendPools/api"
                ],
                "backend_pool_load_balancing_ids": [
                  "/subscriptions/a210845b-25ae-4bcf-8aea-919dfd0a4467/resourceGroups/squaremarket-group/providers/Microsoft.Network/frontDoors/squaremarket-frontdoor/loadBalancingSettings/frontend",
                  "/subscriptions/a210845b-25ae-4bcf-8aea-919dfd0a4467/resourceGroups/squaremarket-group/providers/Microsoft.Network/frontDoors/squaremarket-frontdoor/loadBalancingSettings/api"
                ],
                "frontend_endpoint_ids": [
                  "/subscriptions/a210845b-25ae-4bcf-8aea-919dfd0a4467/resourceGroups/squaremarket-group/providers/Microsoft.Network/frontDoors/squaremarket-frontdoor/frontendEndpoints/frontend",
                  "/subscriptions/a210845b-25ae-4bcf-8aea-919dfd0a4467/resourceGroups/squaremarket-group/providers/Microsoft.Network/frontDoors/squaremarket-frontdoor/frontendEndpoints/api",
                  "/subscriptions/a210845b-25ae-4bcf-8aea-919dfd0a4467/resourceGroups/squaremarket-group/providers/Microsoft.Network/frontDoors/squaremarket-frontdoor/frontendEndpoints/frontdoor"
                ],
                "routing_rule_ids": [
                  "/subscriptions/a210845b-25ae-4bcf-8aea-919dfd0a4467/resourceGroups/squaremarket-group/providers/Microsoft.Network/frontDoors/squaremarket-frontdoor/routingRules/https-frontend",
                  "/subscriptions/a210845b-25ae-4bcf-8aea-919dfd0a4467/resourceGroups/squaremarket-group/providers/Microsoft.Network/frontDoors/squaremarket-frontdoor/routingRules/https-api",
                  "/subscriptions/a210845b-25ae-4bcf-8aea-919dfd0a4467/resourceGroups/squaremarket-group/providers/Microsoft.Network/frontDoors/squaremarket-frontdoor/routingRules/https-redirect"
                ]
              }
            ],
            "friendly_name": "",
            "frontend_endpoint": [
              {
                "host_name": "sq.rikdenbreejen.nl",
                "id": "/subscriptions/a210845b-25ae-4bcf-8aea-919dfd0a4467/resourceGroups/squaremarket-group/providers/Microsoft.Network/frontDoors/squaremarket-frontdoor/frontendEndpoints/frontend",
                "name": "frontend",
                "session_affinity_enabled": false,
                "session_affinity_ttl_seconds": 0,
                "web_application_firewall_policy_link_id": ""
              },
              {
                "host_name": "sq.api.rikdenbreejen.nl",
                "id": "/subscriptions/a210845b-25ae-4bcf-8aea-919dfd0a4467/resourceGroups/squaremarket-group/providers/Microsoft.Network/frontDoors/squaremarket-frontdoor/frontendEndpoints/api",
                "name": "api",
                "session_affinity_enabled": false,
                "session_affinity_ttl_seconds": 0,
                "web_application_firewall_policy_link_id": ""
              },
              {
                "host_name": "squaremarket-frontdoor.azurefd.net",
                "id": "/subscriptions/a210845b-25ae-4bcf-8aea-919dfd0a4467/resourceGroups/squaremarket-group/providers/Microsoft.Network/frontDoors/squaremarket-frontdoor/frontendEndpoints/frontdoor",
                "name": "frontdoor",
                "session_affinity_enabled": false,
                "session_affinity_ttl_seconds": 0,
                "web_application_firewall_policy_link_id": ""
              }
            ],
            "frontend_endpoints": {
              "api": "/subscriptions/a210845b-25ae-4bcf-8aea-919dfd0a4467/resourceGroups/squaremarket-group/providers/Microsoft.Network/frontDoors/squaremarket-frontdoor/frontendEndpoints/api",
              "frontdoor": "/subscriptions/a210845b-25ae-4bcf-8aea-919dfd0a4467/resourceGroups/squaremarket-group/providers/Microsoft.Network/frontDoors/squaremarket-frontdoor/frontendEndpoints/frontdoor",
              "frontend": "/subscriptions/a210845b-25ae-4bcf-8aea-919dfd0a4467/resourceGroups/squaremarket-group/providers/Microsoft.Network/frontDoors/squaremarket-frontdoor/frontendEndpoints/frontend"
            },
            "header_frontdoor_id": "fe45cc43-3d77-4ab2-a020-12ec6b92537e",
            "id": "/subscriptions/a210845b-25ae-4bcf-8aea-919dfd0a4467/resourceGroups/squaremarket-group/providers/Microsoft.Network/frontDoors/squaremarket-frontdoor",
            "load_balancer_enabled": true,
            "name": "squaremarket-frontdoor",
            "resource_group_name": "squaremarket-group",
            "routing_rule": [
              {
                "accepted_protocols": [
                  "Https"
                ],
                "enabled": true,
                "forwarding_configuration": [
                  {
                    "backend_pool_name": "frontend",
                    "cache_duration": "",
                    "cache_enabled": false,
                    "cache_query_parameter_strip_directive": "StripAll",
                    "cache_query_parameters": [],
                    "cache_use_dynamic_compression": false,
                    "custom_forwarding_path": "",
                    "forwarding_protocol": "HttpsOnly"
                  }
                ],
                "frontend_endpoints": [
                  "frontend"
                ],
                "id": "/subscriptions/a210845b-25ae-4bcf-8aea-919dfd0a4467/resourceGroups/squaremarket-group/providers/Microsoft.Network/frontDoors/squaremarket-frontdoor/routingRules/https-frontend",
                "name": "https-frontend",
                "patterns_to_match": [
                  "/*"
                ],
                "redirect_configuration": []
              },
              {
                "accepted_protocols": [
                  "Https"
                ],
                "enabled": true,
                "forwarding_configuration": [
                  {
                    "backend_pool_name": "api",
                    "cache_duration": "",
                    "cache_enabled": false,
                    "cache_query_parameter_strip_directive": "StripAll",
                    "cache_query_parameters": [],
                    "cache_use_dynamic_compression": false,
                    "custom_forwarding_path": "",
                    "forwarding_protocol": "HttpOnly"
                  }
                ],
                "frontend_endpoints": [
                  "api"
                ],
                "id": "/subscriptions/a210845b-25ae-4bcf-8aea-919dfd0a4467/resourceGroups/squaremarket-group/providers/Microsoft.Network/frontDoors/squaremarket-frontdoor/routingRules/https-api",
                "name": "https-api",
                "patterns_to_match": [
                  "/*"
                ],
                "redirect_configuration": []
              },
              {
                "accepted_protocols": [
                  "Http"
                ],
                "enabled": true,
                "forwarding_configuration": [],
                "frontend_endpoints": [
                  "frontend",
                  "api"
                ],
                "id": "/subscriptions/a210845b-25ae-4bcf-8aea-919dfd0a4467/resourceGroups/squaremarket-group/providers/Microsoft.Network/frontDoors/squaremarket-frontdoor/routingRules/https-redirect",
                "name": "https-redirect",
                "patterns_to_match": [
                  "/*"
                ],
                "redirect_configuration": [
                  {
                    "custom_fragment": "",
                    "custom_host": "",
                    "custom_path": "",
                    "custom_query_string": "",
                    "redirect_protocol": "HttpsOnly",
                    "redirect_type": "Moved"
                  }
                ]
              }
            ],
            "routing_rules": {
              "https-api": "/subscriptions/a210845b-25ae-4bcf-8aea-919dfd0a4467/resourceGroups/squaremarket-group/providers/Microsoft.Network/frontDoors/squaremarket-frontdoor/routingRules/https-api",
              "https-frontend": "/subscriptions/a210845b-25ae-4bcf-8aea-919dfd0a4467/resourceGroups/squaremarket-group/providers/Microsoft.Network/frontDoors/squaremarket-frontdoor/routingRules/https-frontend",
              "https-redirect": "/subscriptions/a210845b-25ae-4bcf-8aea-919dfd0a4467/resourceGroups/squaremarket-group/providers/Microsoft.Network/frontDoors/squaremarket-frontdoor/routingRules/https-redirect"
            },
            "tags": {},
            "timeouts": null
          },
          "sensitive_attributes": [],
          "private": "eyJlMmJmYjczMC1lY2FhLTExZTYtOGY4OC0zNDM2M2JjN2M0YzAiOnsiY3JlYXRlIjoyMTYwMDAwMDAwMDAwMCwiZGVsZXRlIjoyMTYwMDAwMDAwMDAwMCwicmVhZCI6MzAwMDAwMDAwMDAwLCJ1cGRhdGUiOjIxNjAwMDAwMDAwMDAwfSwic2NoZW1hX3ZlcnNpb24iOiIyIn0=",
          "dependencies": [
            "azurerm_dns_zone.api",
            "azurerm_dns_zone.frontend",
            "azurerm_kubernetes_cluster.api",
            "azurerm_resource_group.squaremarket-group",
            "azurerm_storage_account.frontend-account"
          ]
        }
      ]
    },
    {
      "mode": "managed",
      "type": "azurerm_frontdoor_custom_https_configuration",
      "name": "api-https",
      "provider": "provider[\"registry.terraform.io/hashicorp/azurerm\"]",
      "instances": [
        {
          "schema_version": 1,
          "attributes": {
            "custom_https_configuration": [
              {
                "azure_key_vault_certificate_secret_name": "",
                "azure_key_vault_certificate_secret_version": "",
                "azure_key_vault_certificate_vault_id": "",
                "certificate_source": "FrontDoor",
                "minimum_tls_version": "1.2",
                "provisioning_state": "Enabled",
                "provisioning_substate": "CertificateDeployed"
              }
            ],
            "custom_https_provisioning_enabled": true,
            "frontend_endpoint_id": "/subscriptions/a210845b-25ae-4bcf-8aea-919dfd0a4467/resourceGroups/squaremarket-group/providers/Microsoft.Network/frontDoors/squaremarket-frontdoor/frontendEndpoints/api",
            "id": "/subscriptions/a210845b-25ae-4bcf-8aea-919dfd0a4467/resourceGroups/squaremarket-group/providers/Microsoft.Network/frontDoors/squaremarket-frontdoor/customHttpsConfiguration/api",
            "timeouts": null
          },
          "sensitive_attributes": [],
          "private": "eyJlMmJmYjczMC1lY2FhLTExZTYtOGY4OC0zNDM2M2JjN2M0YzAiOnsiY3JlYXRlIjoyMTYwMDAwMDAwMDAwMCwiZGVsZXRlIjoyMTYwMDAwMDAwMDAwMCwicmVhZCI6MzAwMDAwMDAwMDAwLCJ1cGRhdGUiOjIxNjAwMDAwMDAwMDAwfSwic2NoZW1hX3ZlcnNpb24iOiIxIn0=",
          "dependencies": [
            "azurerm_dns_zone.api",
            "azurerm_dns_zone.frontend",
            "azurerm_frontdoor.frontdoor",
            "azurerm_kubernetes_cluster.api",
            "azurerm_resource_group.squaremarket-group",
            "azurerm_storage_account.frontend-account"
          ]
        }
      ]
    },
    {
      "mode": "managed",
      "type": "azurerm_frontdoor_custom_https_configuration",
      "name": "frontend-https",
      "provider": "provider[\"registry.terraform.io/hashicorp/azurerm\"]",
      "instances": [
        {
          "schema_version": 1,
          "attributes": {
            "custom_https_configuration": [
              {
                "azure_key_vault_certificate_secret_name": "",
                "azure_key_vault_certificate_secret_version": "",
                "azure_key_vault_certificate_vault_id": "",
                "certificate_source": "FrontDoor",
                "minimum_tls_version": "1.2",
                "provisioning_state": "Enabled",
                "provisioning_substate": "CertificateDeployed"
              }
            ],
            "custom_https_provisioning_enabled": true,
            "frontend_endpoint_id": "/subscriptions/a210845b-25ae-4bcf-8aea-919dfd0a4467/resourceGroups/squaremarket-group/providers/Microsoft.Network/frontDoors/squaremarket-frontdoor/frontendEndpoints/frontend",
            "id": "/subscriptions/a210845b-25ae-4bcf-8aea-919dfd0a4467/resourceGroups/squaremarket-group/providers/Microsoft.Network/frontDoors/squaremarket-frontdoor/customHttpsConfiguration/frontend",
            "timeouts": null
          },
          "sensitive_attributes": [],
          "private": "eyJlMmJmYjczMC1lY2FhLTExZTYtOGY4OC0zNDM2M2JjN2M0YzAiOnsiY3JlYXRlIjoyMTYwMDAwMDAwMDAwMCwiZGVsZXRlIjoyMTYwMDAwMDAwMDAwMCwicmVhZCI6MzAwMDAwMDAwMDAwLCJ1cGRhdGUiOjIxNjAwMDAwMDAwMDAwfSwic2NoZW1hX3ZlcnNpb24iOiIxIn0=",
          "dependencies": [
            "azurerm_dns_zone.api",
            "azurerm_dns_zone.frontend",
            "azurerm_frontdoor.frontdoor",
            "azurerm_kubernetes_cluster.api",
            "azurerm_resource_group.squaremarket-group",
            "azurerm_storage_account.frontend-account"
          ]
        }
      ]
    },
    {
      "mode": "managed",
      "type": "azurerm_kubernetes_cluster",
      "name": "api",
      "provider": "provider[\"registry.terraform.io/hashicorp/azurerm\"]",
      "instances": [
        {
          "schema_version": 2,
          "attributes": {
            "aci_connector_linux": [],
            "api_server_authorized_ip_ranges": [],
            "auto_scaler_profile": [],
            "automatic_channel_upgrade": "",
            "azure_active_directory_role_based_access_control": [],
            "azure_policy_enabled": false,
            "default_node_pool": [
              {
                "enable_auto_scaling": false,
                "enable_host_encryption": false,
                "enable_node_public_ip": false,
                "fips_enabled": false,
                "kubelet_config": [],
                "kubelet_disk_type": "OS",
                "linux_os_config": [],
                "max_count": 0,
                "max_pods": 110,
                "min_count": 0,
                "name": "system",
                "node_count": 2,
                "node_labels": {},
                "node_public_ip_prefix_id": "",
                "node_taints": [],
                "only_critical_addons_enabled": false,
                "orchestrator_version": "1.28.0",
                "os_disk_size_gb": 128,
                "os_disk_type": "Managed",
                "os_sku": "Ubuntu",
                "pod_subnet_id": "",
                "proximity_placement_group_id": "",
                "tags": {},
                "type": "VirtualMachineScaleSets",
                "ultra_ssd_enabled": false,
                "upgrade_settings": [
                  {
                    "max_surge": "10%"
                  }
                ],
                "vm_size": "Standard_B2s",
                "vnet_subnet_id": "",
                "zones": []
              }
            ],
            "disk_encryption_set_id": "",
            "dns_prefix": "squaremarket-aks",
            "dns_prefix_private_cluster": "",
            "enable_pod_security_policy": false,
            "fqdn": "squaremarket-aks-ksbz9v07.hcp.northeurope.azmk8s.io",
            "http_application_routing_enabled": false,
            "http_application_routing_zone_name": "",
            "http_proxy_config": [],
            "id": "/subscriptions/a210845b-25ae-4bcf-8aea-919dfd0a4467/resourceGroups/squaremarket-group/providers/Microsoft.ContainerService/managedClusters/squaremarket-aks",
            "identity": [
              {
                "identity_ids": [],
                "principal_id": "0350eb87-446d-4527-9427-27cb254fd98a",
                "tenant_id": "0172c9f5-f568-42ac-9eb8-24ef84881faa",
                "type": "SystemAssigned"
              }
            ],
            "ingress_application_gateway": [],
            "key_vault_secrets_provider": [],
            "kube_admin_config": [],
            "kube_admin_config_raw": "",
            "kube_config": [
              {
                "client_certificate": "LS0tLS1CRUdJTiBDRVJUSUZJQ0FURS0tLS0tCk1JSUZIakNDQXdhZ0F3SUJBZ0lSQU4xS1QwRXBIcENqc0J0UW9yMWlrb2d3RFFZSktvWklodmNOQVFFTEJRQXcKRFRFTE1Ba0dBMVVFQXhNQ1kyRXdIaGNOTWpRd01URTRNVFV4T0RJMldoY05Nall3TVRFNE1UVXlPREkyV2pBdwpNUmN3RlFZRFZRUUtFdzV6ZVhOMFpXMDZiV0Z6ZEdWeWN6RVZNQk1HQTFVRUF4TU1iV0Z6ZEdWeVkyeHBaVzUwCk1JSUNJakFOQmdrcWhraUc5dzBCQVFFRkFBT0NBZzhBTUlJQ0NnS0NBZ0VBMzJ5K0FZdEc2RmhqRGZCRWVpcVUKd1JSYVB2Wi9kNDdHbWpRODBwdkZ4S0x5SVRXc1p2QWt3OEYyUk1FcThuNXlJSGo1UElsWXdISnh2bmVXSFVzawo1Tnd1b1dzVXNQajhGcWJaclJ5cjExZ1ZRdnJqMnZqNXREUDZ4ODJsTzdZTE9OaHN0L3VCOFFjTEY2UHpGTjNoCmtPaEJGL01QejZ4T2h5SDgrRDJPMWxUU1V6aU1LNWcrYy9qd3RjdGNINXlVSlF6U3lGVlFFSlIzYlVKZGFDMXEKdWd1alFhNDBJMUJpMlA2UUtwNHF2Q21OeUI1RmJXYkhFOTVWRWh4aHBrSDIwTEZJSjRDUnBxR0tuZlkrL0Q1Vwp6OXJtb3M5UWtZbHJsWVUrT3F0d3EvTUp3QmhmUURuRkg0QjI1bXc0TURnd3BPVlEvb25IYlNDN20wUU1KckpjCmVSQmEwaUhjTXdEZGdUR2ZyVy9KaklERkpMbnM2ejljTURaRjM5ZCt6QWVaNTh0eHp1MllsajNxNVp4RjJHdmMKWDdtbjJPOG5xdUs3YnhvNzFRR3ZRdDdvcUwrWTdmNDV4TVdaNWFlOU9rS0V6d1pneklkMmptLzVqSHJXWTgwaQplcGpOdnAyN01aN0M2QUhNcFF6eExzamdWRGJLdkZ1eFpNUlhVVUQ3SzlxdlFuMlJWQ0hiSk9OTnV6VUFmQk9pCmJNODdsQmxjRFJOWW42S1RNd3ZOTVhVa2lmZm9PeEhkOHJhSUlvWDAzOXFoMEo2NUtKdGtlamg1OHJwM01lNjQKc3VsTzlSSkRoRThWWDhtSTY5NVR4WlVVTW9TRWp6RTdXWlNHajJSMjh1Y2hSdFdZcmc2ZEtDN2psUGV0NUQ4VQpCSUhqSDIrOFJIL1pYN0FhOVloTnpsVUNBd0VBQWFOV01GUXdEZ1lEVlIwUEFRSC9CQVFEQWdXZ01CTUdBMVVkCkpRUU1NQW9HQ0NzR0FRVUZCd01DTUF3R0ExVWRFd0VCL3dRQ01BQXdId1lEVlIwakJCZ3dGb0FVeTdPZjFGSWwKWmdGaHlqaURYQWlhcEZRTlRSMHdEUVlKS29aSWh2Y05BUUVMQlFBRGdnSUJBQ2d0MDJhNllGcWFOL0FMSVVRZApJOWM3eDU4Skl2cFdKbWxKOUdLTTZ2MVNzRjJtR2lFK2h2UHQ0MXMzV3VEOGovMjJ4UDlrd0c3NlZYWjlpWHVQCnBza05FdmNjQ2lHdzREUnZ0eGhGcmNHYktSSUJtaWhQU2tuRGZtbUFrcithNEx4Um1Bd2FyT1kvZEVPZlZiTEwKczE5VzExaUVEYUoyQVJKTUsxZCtaUFcyU2JaVDl6T0RtVlZhVmR3K3E1OTVqTitrVnlsS20rTnI0dTRWc0hHNwpkVkNIUHRPblRDUUtOR1RseXFHTmw3V1gzTHMva3lJRzhTVGhGNExmbHlJTERsY1ZuR08vckdFTTRFdGFLMXhjCi9wZlVUUXlnME9jVjhIcjZXNUp3Q0NuT3Rta3ZCcGhVYkpOVHR0MUNPdFNkN0wvYS9GL2ZvQUVrMVo2Q2h1UjIKT01PT0pXNWI4RlQyT3lnbDJ1UUd4blIzbWZvTkxzaFRLWUp1NXB4bVFGdGhvRFFML043NkQrTzVZSWxmYnhHaApnUXlNbXNEZUxoa1kvSmFiVjIvVWtab2gvVzRpclkwRzJPallzUXdpYjVUYTZkaUZCQm9EWmhtTnZyT0FQdTI3ClMwaHowSmNhMFpsVVBROTdDSnBpSHh1VENtRzZyZ1c1ekt0SUZ2dDNhZ1doaElYczl2TjA1OE9IS0tVa3R6S24KYXIzeUJweXlkL2dkK0RBbVpyN1V0MTRzSkFHa3JtRkN1L05vc3k1UjBhbFVvazZvNUtFb3RoaDladldoK0ZiKwo1SFRNMW4rSEhJcVFXNkpnV2J1YWR4eHhza2VIa08xUXkrejdrLy9XQ0FwK2Q3MEdocVROOTVqOVlrWFI2VFRkCmlvK0Q2c2NvRFFZWWlsTGhadjlNM0MrbwotLS0tLUVORCBDRVJUSUZJQ0FURS0tLS0tCg==",
                "client_key": "LS0tLS1CRUdJTiBSU0EgUFJJVkFURSBLRVktLS0tLQpNSUlKS0FJQkFBS0NBZ0VBMzJ5K0FZdEc2RmhqRGZCRWVpcVV3UlJhUHZaL2Q0N0dtalE4MHB2RnhLTHlJVFdzClp2QWt3OEYyUk1FcThuNXlJSGo1UElsWXdISnh2bmVXSFVzazVOd3VvV3NVc1BqOEZxYlpyUnlyMTFnVlF2cmoKMnZqNXREUDZ4ODJsTzdZTE9OaHN0L3VCOFFjTEY2UHpGTjNoa09oQkYvTVB6NnhPaHlIOCtEMk8xbFRTVXppTQpLNWcrYy9qd3RjdGNINXlVSlF6U3lGVlFFSlIzYlVKZGFDMXF1Z3VqUWE0MEkxQmkyUDZRS3A0cXZDbU55QjVGCmJXYkhFOTVWRWh4aHBrSDIwTEZJSjRDUnBxR0tuZlkrL0Q1V3o5cm1vczlRa1lscmxZVStPcXR3cS9NSndCaGYKUURuRkg0QjI1bXc0TURnd3BPVlEvb25IYlNDN20wUU1KckpjZVJCYTBpSGNNd0RkZ1RHZnJXL0pqSURGSkxucwo2ejljTURaRjM5ZCt6QWVaNTh0eHp1MllsajNxNVp4RjJHdmNYN21uMk84bnF1SzdieG83MVFHdlF0N29xTCtZCjdmNDV4TVdaNWFlOU9rS0V6d1pneklkMmptLzVqSHJXWTgwaWVwak52cDI3TVo3QzZBSE1wUXp4THNqZ1ZEYksKdkZ1eFpNUlhVVUQ3SzlxdlFuMlJWQ0hiSk9OTnV6VUFmQk9pYk04N2xCbGNEUk5ZbjZLVE13dk5NWFVraWZmbwpPeEhkOHJhSUlvWDAzOXFoMEo2NUtKdGtlamg1OHJwM01lNjRzdWxPOVJKRGhFOFZYOG1JNjk1VHhaVVVNb1NFCmp6RTdXWlNHajJSMjh1Y2hSdFdZcmc2ZEtDN2psUGV0NUQ4VUJJSGpIMis4UkgvWlg3QWE5WWhOemxVQ0F3RUEKQVFLQ0FnQjRvUVdWWDlWUTdTZk9Cc055RWp0dVk4YTE1L0M2WkdQbUxmNEkyQUhYUVFMcDIwalI2eVp1YXEybwpRWU1tbWc2VWFieG5hdUI0UjFJU1BBN1lraEhCWHYvdU54cGMwcEdJeVYwTmtrVlZaMEZUZ0pJMVQrZkIyNjZ5CjRkMHNlQVZuRTdMZlF2UE5acmdlYzI1eS9ia2p1OElwWkJwTlRnSzRBeW5KL2JKNUZpTFl1OWN5VW1pbHhPcHgKdlBKb1B1bmRkeWIyOHRqZm1zbEFQR3lpS3FOTS82dU5jcmpEdUVzbVRZc1k5M3lyU3VRNS85NE1TMG1BK0xHRgpyYjByUHNJN3V2dnlHQUNMcnZ4Z2ZPdFUxWE9abGQ2Z1dMNXZWWHE0cDlBSmJUYlFIOUJMM3R6T21HSk50OVo2CllrT1VCVUorUlRHTnZHWG9EWnc5SUdoUEhFM0FMUXZtVy8yQmR4UmJxZ2JDY0hLS2ZoWjBWUEFPQ2Mxd25yQlUKMTJDSVp3SjZDTWZTazdkclBYcVNVRnJqYTgyaUhGckM5aDlHc25JVXVvRFV4R3RWNnNMMjE3QW1aNDNaQjJOTgpGYVU5Y0xZNk5lcVlPalNpSzJhSnBVNUZ5WUN1eXdiMXRJaWlYOCtIWUhzaXJGalYvbFF1WW92eGt3c1Q0NnJyCkpFdDRLVnFLbWEwMXd6eUhjYjZQZWZ2QWI2eGVDMTRNVVlSNFN1TXpqT0hraXNLVy9pb2hVWjBNU200ZVQyRmsKRldTY3VrejhzZzd2YitHT091RDdpTkdUQ2NYd0hmNGgydnYzQ2VNY0xOdVN5QXlCQmpnSnZydXFwb3ppZVlYaQpsWkIwRU1TZUlUdXpVSm5iQVo4b0FpMWV4UkZhL0JmTG5ETGpRc1BiUkovd2IzS01BUUtDQVFFQTVOc0lvTi8zCnMvZGIrVTREd0dqOVlpOWdvcEdCR1JZcEl4QUh2ZnNweGl3dFBGNlZEMnAzU01qMGIzdDBjeDFaWHJxUVlVN1gKUFNJNldyU2RkOW5iQUNiYnoyalVVdFdiWmxOSGR1MmNOa3lDRThGVTcrWFVMTnU3NCtqYmk5OU5zR0llUE5lTQpMNnpNOEV0cHZDWkVIOW8ya0s4RnJYd0VObUtubEkzbCtLeEVTVk9xc29QUjF0ZnNxTTZSM1pLdEZFNml6VXQyClB5WUlINTA2Zk5uY25iRlJXVG8rUHRnL21MaG9HWFJIM0NRWmduZlBnYitqU2c3RUNSTWthVnIvS1RTQm5WamgKY0R5bzVBYTdmOU1wSXQzaUFuUGJTaW5PVUQ2RDg5THVWRkpCMVBHa0x6djhXcXIyWW5ad21SbnpTVnBIdDBpdwpDZVo4WER4MnBiSVhJUUtDQVFFQStlek9tUmZNOHdjN2crUkw3U2Y5WC90VG0zYTJUaUNQN2Z5eEYxVnluODhTCitZODhyYW16WWVkUDJDSXFnY3Z5YmlwWjJvVlVlVUhmU1FKVTJHQUNlcnc3aHIwNVJoSmZ2YVZHcTUwdXBSeEUKRCs3VlE0d2ZtOGhLWmNuNDFPeHBpZHlvemJiYkJ1UFFoUkpQN0tMWTViazMwY3BPTnp1aXh3aUdKREJvM1d0dgp1NUJnR1VJUU5lcUtYS2NhVjRueTF1alYzWkZNc0xFK05BZ3hUZWFIQkhqVzFhMUFGWE5DZ0dIS1dYUjdTem9BCitLSWNnbGNmRXg2dGIzeTlScXo3cW5nWnl5d2tFcE0zS0Q3REgvQ29XWDF5eUE5Y2kvaE5IYXhncTlSSEFwR1AKU3FxMXZpMW1xc09UWnd4RVYrV1QzM0F3TUdOZ3JQK1Q2ZTFHc0ZqMHRRS0NBUUVBcmpvR1BwdGpjNUg4WmphNwphbTlEZjgwN3oyZmdsWjJtWWJnaGZNUEtrTUV2Q3dlaWlXTHZQdTBtRWYwMXNUR0Z5VFZWRjQrekV5cU1yR05XCmdsakxmamtYSExiYzlkY0RBSXFrSEdsV2hJd0lkMHUzQXcvQVVRcFQ1M1Z1TnZVZ3F3aDNwckFlWEdrOGVDK2gKWm9qblVpeUpYK3F1OHQwNFE4TWxlMVh2M3pvZW5vaGdxcGpxVnBwNTVDV25MTDB1b1FnZ3J4UWxDSHhHc1BLOQpCVEhDNEJhUExOUEhjWWFtRy9rLzN5a0VVQmIzaUxqM3MvcVdNSm8vS2YxMXVmTjV6Ly9XTVZqcC84MWVjb0toCm1mWERHblU3Uzh5eUJLc0JFMXdVanJwbGtMSXl4Zy9VZzlVeUVFQ1paR3B3M0UzQ1JuVEJwa3BqSXBaaTFNRi8KUGpQdm9RS0NBUUJUTmVEalgrVkExUnVmb2hjVmNzY05lZVF3VXFvSUFSZHFxVU5jL1hvWWN4MWlNYXFHTjRZZQpCcUd5MkUxR3dkeUppVmc1UlVNR3pFUEhUeHRvbnk2MEpvKzdJSzA5QTBrVkh6NFVUVlVHYkE3Tkx6dWFMY0VvCllOdEVZS2FVWGRJVnNINFRYOW8weFF6Y0FXalM1TFZLWnd5S3NNeXgzdzBuTDFOYUlUUUk1SWhpN29MUVpncDMKcVF0QUpmTERTbzZydHdIZHIwN1ZWVzNjYlEzZFhlOStNYTExbnlWQy93a1pMWFh0cXJhU0tWSEJkbGYvblhvZgpKNHVmSHV6MTV3b3ppNkVxNEJ0eWc4bE5nUGYrWG1YdXhiRzlvait4Nm8zaVgwNGdaNkRzM2dIVFhscjhZcWxZCkdaMnVKWXRycUdnL2NGN2EvWHRtbmdGbFZUYS82QjR4QW9JQkFCSjVqM3BXdWVGZUljamFsTnc4Rm9Mb0hONXMKdGxkelBPRFFWeDZ1QTVVdDdyekxaRE5oTlNqdWxtTlJ0RzdoSjM0M0sxVHhnMzJVTVE1V2gzdGJJSUhoRVR6ego2eHVNamdrNlNhWTF4Yy9IOU1LWmlmeXJrYVBFdGN4YXdkL252RXYrVk8rVlJaYm9HTVdsL2lLQ0tRelVTNHdDCkpwN3UxNm9sMkhRWVcyeE1UL1MvaW96RmJkTmJyeVJveGNBK0ZMcU9uV1ozdkF5cVhLNERNMm1xcUw0UXQwOWcKNDN5OUl4SnRFck5ydGQ2MndPdlAvK1J0elBvMjkyZ3NEUjdJdzdXUDNmTmNuZGxYa3RVMGRDM0dSUHZWcDBZZgo2TGRjczJuOVBZcDV0RjlmVEpwWHBwdllIYVR2MSt3RGlGbUVLUlpNeWJaUGtQbFVucmhhQmZoVWYxTT0KLS0tLS1FTkQgUlNBIFBSSVZBVEUgS0VZLS0tLS0K",
                "cluster_ca_certificate": "LS0tLS1CRUdJTiBDRVJUSUZJQ0FURS0tLS0tCk1JSUU2VENDQXRHZ0F3SUJBZ0lSQUtsQ3VaZUMxU0VwVHQxbDg4SzJqdWd3RFFZSktvWklodmNOQVFFTEJRQXcKRFRFTE1Ba0dBMVVFQXhNQ1kyRXdJQmNOTWpRd01URTRNVFV4T0RJMldoZ1BNakExTkRBeE1UZ3hOVEk0TWpaYQpNQTB4Q3pBSkJnTlZCQU1UQW1OaE1JSUNJakFOQmdrcWhraUc5dzBCQVFFRkFBT0NBZzhBTUlJQ0NnS0NBZ0VBCnFMNEQ2RnR0TkRCQUYySU5BTHYvVU9ZZnc3U3FGb2M0VjFDUDBmV2RQRHpEamtCYStOeEdnQTExbjBrcWxwcUMKd2M5d2xkR21vT3JPMTRFR2xCQWo3eHVWL0UyK1d6RHM3Q0plcmlhQUJROURXdnQ2Ri9FZi93WVFkbDZaTmxteAptR1lmWk1ZQzBQRHYvd3cvV0VZK0RlS1ZrZFFXcHQwVTRPeFhoUmRnKzRnb3FmUTdwMllIL1NGTzhCSUtuUWZECkRYZm9mTU15U3FNOGJQY09lT2EydWJMNm5tTlJLa28zbExFaHZ4RXJjNlBUMkhhREYrMmpHUlBMbVhZaUh4clIKT3FWeHVFOTlUN3QwYXdxek1aczJDYUZaR0NtUHpXK29KRWM4bHE4alQ4aklUUUVLQjNKUFU5a1pwTmY4bEVnawpsR1R3RVJDa09CUE5nWmNUREdKZzM3WHZhQjFDTTVjUmR1VDNqUStUYnlLd2l5MXdjS3ZUZytJeFVnT2U1Q2s1CkRsN3lKYmMyYk1RYjFrTEk2bU1Ga1dzTDdHTGNwWG1wcENuMEVCNWxkTWwxa0dkdC96OHBCZVJTbW92YUpUWC8KaU9rNmNsVG0vSzhnUjA3bTJYTU02ZC9iTFYraHlaMUpKTzVpa1Z0UU9xRWdrQXZvNDJJZVhNR2FsUVNkNzdLMgpEMlJvRGFXUGFNYlBqQ1F5YjFKemlaWVhNZnhsUkxlSDRiV3VvcTAwVUZFZG5lQ2R4ZkN0RVgwQzJzcHlWVkt1CjNYZjBrSE5vUGZxMjN1dEFPMGhDbXVPRjVPRmgwRFlKU0tEdTluRzlEV0hmRUJKM3B1cHdnY1hQRDM3MFkwYXQKQkIwMTZwcGR1VVVTTlBTRVNONDczWTVGc2hyQWx6NUhhakt5NVltU3NWOENBd0VBQWFOQ01FQXdEZ1lEVlIwUApBUUgvQkFRREFnS2tNQThHQTFVZEV3RUIvd1FGTUFNQkFmOHdIUVlEVlIwT0JCWUVGTXV6bjlSU0pXWUJZY280Cmcxd0ltcVJVRFUwZE1BMEdDU3FHU0liM0RRRUJDd1VBQTRJQ0FRQVlXZEJJY25lRTk4b1l0YVNONWd1c29CZDUKMkxZNk1nZTRpcStoeHN5cjdUMzFjWHNES2R4VlU0MlpvZUhoMHUxQlVnSUQ1VmtMSVlJY0c1WUVmVTA4aU1PawpXR01pZDhnbHRNTmxHWXBveDBZREt6bVR3OHp6Z0swdEprcXhYOUxzdWJyYm5WNnFYMlpvQ000YWtaeDBrdWZxCmlFUlI0c3ZDZHpXaUlCaHdjVWVPVmVyWjAyTGV3azllZDdyYVhoVkJYclNTR3NHZXRFTExQNjJNb3QyQitHanYKdndrN2RHSXBUelhvOVRsYVpDR0Q0S3l4UERvbjN6WVBrY05MNlRndUJQM3JUSHBYRG03OHpZWTlPWExEWE1tOQpQNmJmY2U1L3lwaU50TmlQKzhTaFJ0MDQ3KzBMWmZIeEZXTmtWTTVoT2NnVGs5VXhvYlo4YVVleGtjS0F3dTJaClNOcnhBZ1JncVNlZFcxc2NtYzFhY3RjUDFPbjE3Si9xKytzMWtUeThOSlBZSEpwWlg0QVpobml5M1BXUTJWZnQKOXI4bEtmLzZoL2J4dUdZbUp2eEN5clhJMkc4TkZ3dmVEbzFiL0YwZnVkalppWDh3NnRrVFpnWDJ5UUxKdFNoSQpoK3Y2bzRHa2ZKbTVFUzZWdFkxSXBic3ZUZXdydkNCOGJQT0R6ck1zYXAvbEpVTytIODFjT1AvVUdoblQxbzV2ClFLZ3VFRzdmVHorRndaVFNRZDR0WTFJUnZhVUI2ZHlIZEtpa1pjWlEzVVE0OUkzU21vbVZ0Qmo0U011dERTUkMKWEEvVFZzWU44MlR6Ym5iQ21oZkpjYXhlUnAyV2tvN3plNk9vYkQ2TFVJWWNOMjg4ZExISVZ6b0hYcm1NRXVrNgpWVWNuc0YxSFZFVTdrY05zM2c9PQotLS0tLUVORCBDRVJUSUZJQ0FURS0tLS0tCg==",
                "host": "https://squaremarket-aks-ksbz9v07.hcp.northeurope.azmk8s.io:443",
                "password": "37e4w431vhmltavfph42kfq2qa3cx019letnu2hw7kggrrzz20vliycgc2o072n7fi317omgxfmdqmb8ez2ksxvsv8oqz4irc8kgqcengm85sj4az7b93yxm2q7bn9kz",
                "username": "clusterUser_squaremarket-group_squaremarket-aks"
              }
            ],
            "kube_config_raw": "apiVersion: v1\nclusters:\n- cluster:\n    certificate-authority-data: LS0tLS1CRUdJTiBDRVJUSUZJQ0FURS0tLS0tCk1JSUU2VENDQXRHZ0F3SUJBZ0lSQUtsQ3VaZUMxU0VwVHQxbDg4SzJqdWd3RFFZSktvWklodmNOQVFFTEJRQXcKRFRFTE1Ba0dBMVVFQXhNQ1kyRXdJQmNOTWpRd01URTRNVFV4T0RJMldoZ1BNakExTkRBeE1UZ3hOVEk0TWpaYQpNQTB4Q3pBSkJnTlZCQU1UQW1OaE1JSUNJakFOQmdrcWhraUc5dzBCQVFFRkFBT0NBZzhBTUlJQ0NnS0NBZ0VBCnFMNEQ2RnR0TkRCQUYySU5BTHYvVU9ZZnc3U3FGb2M0VjFDUDBmV2RQRHpEamtCYStOeEdnQTExbjBrcWxwcUMKd2M5d2xkR21vT3JPMTRFR2xCQWo3eHVWL0UyK1d6RHM3Q0plcmlhQUJROURXdnQ2Ri9FZi93WVFkbDZaTmxteAptR1lmWk1ZQzBQRHYvd3cvV0VZK0RlS1ZrZFFXcHQwVTRPeFhoUmRnKzRnb3FmUTdwMllIL1NGTzhCSUtuUWZECkRYZm9mTU15U3FNOGJQY09lT2EydWJMNm5tTlJLa28zbExFaHZ4RXJjNlBUMkhhREYrMmpHUlBMbVhZaUh4clIKT3FWeHVFOTlUN3QwYXdxek1aczJDYUZaR0NtUHpXK29KRWM4bHE4alQ4aklUUUVLQjNKUFU5a1pwTmY4bEVnawpsR1R3RVJDa09CUE5nWmNUREdKZzM3WHZhQjFDTTVjUmR1VDNqUStUYnlLd2l5MXdjS3ZUZytJeFVnT2U1Q2s1CkRsN3lKYmMyYk1RYjFrTEk2bU1Ga1dzTDdHTGNwWG1wcENuMEVCNWxkTWwxa0dkdC96OHBCZVJTbW92YUpUWC8KaU9rNmNsVG0vSzhnUjA3bTJYTU02ZC9iTFYraHlaMUpKTzVpa1Z0UU9xRWdrQXZvNDJJZVhNR2FsUVNkNzdLMgpEMlJvRGFXUGFNYlBqQ1F5YjFKemlaWVhNZnhsUkxlSDRiV3VvcTAwVUZFZG5lQ2R4ZkN0RVgwQzJzcHlWVkt1CjNYZjBrSE5vUGZxMjN1dEFPMGhDbXVPRjVPRmgwRFlKU0tEdTluRzlEV0hmRUJKM3B1cHdnY1hQRDM3MFkwYXQKQkIwMTZwcGR1VVVTTlBTRVNONDczWTVGc2hyQWx6NUhhakt5NVltU3NWOENBd0VBQWFOQ01FQXdEZ1lEVlIwUApBUUgvQkFRREFnS2tNQThHQTFVZEV3RUIvd1FGTUFNQkFmOHdIUVlEVlIwT0JCWUVGTXV6bjlSU0pXWUJZY280Cmcxd0ltcVJVRFUwZE1BMEdDU3FHU0liM0RRRUJDd1VBQTRJQ0FRQVlXZEJJY25lRTk4b1l0YVNONWd1c29CZDUKMkxZNk1nZTRpcStoeHN5cjdUMzFjWHNES2R4VlU0MlpvZUhoMHUxQlVnSUQ1VmtMSVlJY0c1WUVmVTA4aU1PawpXR01pZDhnbHRNTmxHWXBveDBZREt6bVR3OHp6Z0swdEprcXhYOUxzdWJyYm5WNnFYMlpvQ000YWtaeDBrdWZxCmlFUlI0c3ZDZHpXaUlCaHdjVWVPVmVyWjAyTGV3azllZDdyYVhoVkJYclNTR3NHZXRFTExQNjJNb3QyQitHanYKdndrN2RHSXBUelhvOVRsYVpDR0Q0S3l4UERvbjN6WVBrY05MNlRndUJQM3JUSHBYRG03OHpZWTlPWExEWE1tOQpQNmJmY2U1L3lwaU50TmlQKzhTaFJ0MDQ3KzBMWmZIeEZXTmtWTTVoT2NnVGs5VXhvYlo4YVVleGtjS0F3dTJaClNOcnhBZ1JncVNlZFcxc2NtYzFhY3RjUDFPbjE3Si9xKytzMWtUeThOSlBZSEpwWlg0QVpobml5M1BXUTJWZnQKOXI4bEtmLzZoL2J4dUdZbUp2eEN5clhJMkc4TkZ3dmVEbzFiL0YwZnVkalppWDh3NnRrVFpnWDJ5UUxKdFNoSQpoK3Y2bzRHa2ZKbTVFUzZWdFkxSXBic3ZUZXdydkNCOGJQT0R6ck1zYXAvbEpVTytIODFjT1AvVUdoblQxbzV2ClFLZ3VFRzdmVHorRndaVFNRZDR0WTFJUnZhVUI2ZHlIZEtpa1pjWlEzVVE0OUkzU21vbVZ0Qmo0U011dERTUkMKWEEvVFZzWU44MlR6Ym5iQ21oZkpjYXhlUnAyV2tvN3plNk9vYkQ2TFVJWWNOMjg4ZExISVZ6b0hYcm1NRXVrNgpWVWNuc0YxSFZFVTdrY05zM2c9PQotLS0tLUVORCBDRVJUSUZJQ0FURS0tLS0tCg==\n    server: https://squaremarket-aks-ksbz9v07.hcp.northeurope.azmk8s.io:443\n  name: squaremarket-aks\ncontexts:\n- context:\n    cluster: squaremarket-aks\n    user: clusterUser_squaremarket-group_squaremarket-aks\n  name: squaremarket-aks\ncurrent-context: squaremarket-aks\nkind: Config\npreferences: {}\nusers:\n- name: clusterUser_squaremarket-group_squaremarket-aks\n  user:\n    client-certificate-data: LS0tLS1CRUdJTiBDRVJUSUZJQ0FURS0tLS0tCk1JSUZIakNDQXdhZ0F3SUJBZ0lSQU4xS1QwRXBIcENqc0J0UW9yMWlrb2d3RFFZSktvWklodmNOQVFFTEJRQXcKRFRFTE1Ba0dBMVVFQXhNQ1kyRXdIaGNOTWpRd01URTRNVFV4T0RJMldoY05Nall3TVRFNE1UVXlPREkyV2pBdwpNUmN3RlFZRFZRUUtFdzV6ZVhOMFpXMDZiV0Z6ZEdWeWN6RVZNQk1HQTFVRUF4TU1iV0Z6ZEdWeVkyeHBaVzUwCk1JSUNJakFOQmdrcWhraUc5dzBCQVFFRkFBT0NBZzhBTUlJQ0NnS0NBZ0VBMzJ5K0FZdEc2RmhqRGZCRWVpcVUKd1JSYVB2Wi9kNDdHbWpRODBwdkZ4S0x5SVRXc1p2QWt3OEYyUk1FcThuNXlJSGo1UElsWXdISnh2bmVXSFVzawo1Tnd1b1dzVXNQajhGcWJaclJ5cjExZ1ZRdnJqMnZqNXREUDZ4ODJsTzdZTE9OaHN0L3VCOFFjTEY2UHpGTjNoCmtPaEJGL01QejZ4T2h5SDgrRDJPMWxUU1V6aU1LNWcrYy9qd3RjdGNINXlVSlF6U3lGVlFFSlIzYlVKZGFDMXEKdWd1alFhNDBJMUJpMlA2UUtwNHF2Q21OeUI1RmJXYkhFOTVWRWh4aHBrSDIwTEZJSjRDUnBxR0tuZlkrL0Q1Vwp6OXJtb3M5UWtZbHJsWVUrT3F0d3EvTUp3QmhmUURuRkg0QjI1bXc0TURnd3BPVlEvb25IYlNDN20wUU1KckpjCmVSQmEwaUhjTXdEZGdUR2ZyVy9KaklERkpMbnM2ejljTURaRjM5ZCt6QWVaNTh0eHp1MllsajNxNVp4RjJHdmMKWDdtbjJPOG5xdUs3YnhvNzFRR3ZRdDdvcUwrWTdmNDV4TVdaNWFlOU9rS0V6d1pneklkMmptLzVqSHJXWTgwaQplcGpOdnAyN01aN0M2QUhNcFF6eExzamdWRGJLdkZ1eFpNUlhVVUQ3SzlxdlFuMlJWQ0hiSk9OTnV6VUFmQk9pCmJNODdsQmxjRFJOWW42S1RNd3ZOTVhVa2lmZm9PeEhkOHJhSUlvWDAzOXFoMEo2NUtKdGtlamg1OHJwM01lNjQKc3VsTzlSSkRoRThWWDhtSTY5NVR4WlVVTW9TRWp6RTdXWlNHajJSMjh1Y2hSdFdZcmc2ZEtDN2psUGV0NUQ4VQpCSUhqSDIrOFJIL1pYN0FhOVloTnpsVUNBd0VBQWFOV01GUXdEZ1lEVlIwUEFRSC9CQVFEQWdXZ01CTUdBMVVkCkpRUU1NQW9HQ0NzR0FRVUZCd01DTUF3R0ExVWRFd0VCL3dRQ01BQXdId1lEVlIwakJCZ3dGb0FVeTdPZjFGSWwKWmdGaHlqaURYQWlhcEZRTlRSMHdEUVlKS29aSWh2Y05BUUVMQlFBRGdnSUJBQ2d0MDJhNllGcWFOL0FMSVVRZApJOWM3eDU4Skl2cFdKbWxKOUdLTTZ2MVNzRjJtR2lFK2h2UHQ0MXMzV3VEOGovMjJ4UDlrd0c3NlZYWjlpWHVQCnBza05FdmNjQ2lHdzREUnZ0eGhGcmNHYktSSUJtaWhQU2tuRGZtbUFrcithNEx4Um1Bd2FyT1kvZEVPZlZiTEwKczE5VzExaUVEYUoyQVJKTUsxZCtaUFcyU2JaVDl6T0RtVlZhVmR3K3E1OTVqTitrVnlsS20rTnI0dTRWc0hHNwpkVkNIUHRPblRDUUtOR1RseXFHTmw3V1gzTHMva3lJRzhTVGhGNExmbHlJTERsY1ZuR08vckdFTTRFdGFLMXhjCi9wZlVUUXlnME9jVjhIcjZXNUp3Q0NuT3Rta3ZCcGhVYkpOVHR0MUNPdFNkN0wvYS9GL2ZvQUVrMVo2Q2h1UjIKT01PT0pXNWI4RlQyT3lnbDJ1UUd4blIzbWZvTkxzaFRLWUp1NXB4bVFGdGhvRFFML043NkQrTzVZSWxmYnhHaApnUXlNbXNEZUxoa1kvSmFiVjIvVWtab2gvVzRpclkwRzJPallzUXdpYjVUYTZkaUZCQm9EWmhtTnZyT0FQdTI3ClMwaHowSmNhMFpsVVBROTdDSnBpSHh1VENtRzZyZ1c1ekt0SUZ2dDNhZ1doaElYczl2TjA1OE9IS0tVa3R6S24KYXIzeUJweXlkL2dkK0RBbVpyN1V0MTRzSkFHa3JtRkN1L05vc3k1UjBhbFVvazZvNUtFb3RoaDladldoK0ZiKwo1SFRNMW4rSEhJcVFXNkpnV2J1YWR4eHhza2VIa08xUXkrejdrLy9XQ0FwK2Q3MEdocVROOTVqOVlrWFI2VFRkCmlvK0Q2c2NvRFFZWWlsTGhadjlNM0MrbwotLS0tLUVORCBDRVJUSUZJQ0FURS0tLS0tCg==\n    client-key-data: LS0tLS1CRUdJTiBSU0EgUFJJVkFURSBLRVktLS0tLQpNSUlKS0FJQkFBS0NBZ0VBMzJ5K0FZdEc2RmhqRGZCRWVpcVV3UlJhUHZaL2Q0N0dtalE4MHB2RnhLTHlJVFdzClp2QWt3OEYyUk1FcThuNXlJSGo1UElsWXdISnh2bmVXSFVzazVOd3VvV3NVc1BqOEZxYlpyUnlyMTFnVlF2cmoKMnZqNXREUDZ4ODJsTzdZTE9OaHN0L3VCOFFjTEY2UHpGTjNoa09oQkYvTVB6NnhPaHlIOCtEMk8xbFRTVXppTQpLNWcrYy9qd3RjdGNINXlVSlF6U3lGVlFFSlIzYlVKZGFDMXF1Z3VqUWE0MEkxQmkyUDZRS3A0cXZDbU55QjVGCmJXYkhFOTVWRWh4aHBrSDIwTEZJSjRDUnBxR0tuZlkrL0Q1V3o5cm1vczlRa1lscmxZVStPcXR3cS9NSndCaGYKUURuRkg0QjI1bXc0TURnd3BPVlEvb25IYlNDN20wUU1KckpjZVJCYTBpSGNNd0RkZ1RHZnJXL0pqSURGSkxucwo2ejljTURaRjM5ZCt6QWVaNTh0eHp1MllsajNxNVp4RjJHdmNYN21uMk84bnF1SzdieG83MVFHdlF0N29xTCtZCjdmNDV4TVdaNWFlOU9rS0V6d1pneklkMmptLzVqSHJXWTgwaWVwak52cDI3TVo3QzZBSE1wUXp4THNqZ1ZEYksKdkZ1eFpNUlhVVUQ3SzlxdlFuMlJWQ0hiSk9OTnV6VUFmQk9pYk04N2xCbGNEUk5ZbjZLVE13dk5NWFVraWZmbwpPeEhkOHJhSUlvWDAzOXFoMEo2NUtKdGtlamg1OHJwM01lNjRzdWxPOVJKRGhFOFZYOG1JNjk1VHhaVVVNb1NFCmp6RTdXWlNHajJSMjh1Y2hSdFdZcmc2ZEtDN2psUGV0NUQ4VUJJSGpIMis4UkgvWlg3QWE5WWhOemxVQ0F3RUEKQVFLQ0FnQjRvUVdWWDlWUTdTZk9Cc055RWp0dVk4YTE1L0M2WkdQbUxmNEkyQUhYUVFMcDIwalI2eVp1YXEybwpRWU1tbWc2VWFieG5hdUI0UjFJU1BBN1lraEhCWHYvdU54cGMwcEdJeVYwTmtrVlZaMEZUZ0pJMVQrZkIyNjZ5CjRkMHNlQVZuRTdMZlF2UE5acmdlYzI1eS9ia2p1OElwWkJwTlRnSzRBeW5KL2JKNUZpTFl1OWN5VW1pbHhPcHgKdlBKb1B1bmRkeWIyOHRqZm1zbEFQR3lpS3FOTS82dU5jcmpEdUVzbVRZc1k5M3lyU3VRNS85NE1TMG1BK0xHRgpyYjByUHNJN3V2dnlHQUNMcnZ4Z2ZPdFUxWE9abGQ2Z1dMNXZWWHE0cDlBSmJUYlFIOUJMM3R6T21HSk50OVo2CllrT1VCVUorUlRHTnZHWG9EWnc5SUdoUEhFM0FMUXZtVy8yQmR4UmJxZ2JDY0hLS2ZoWjBWUEFPQ2Mxd25yQlUKMTJDSVp3SjZDTWZTazdkclBYcVNVRnJqYTgyaUhGckM5aDlHc25JVXVvRFV4R3RWNnNMMjE3QW1aNDNaQjJOTgpGYVU5Y0xZNk5lcVlPalNpSzJhSnBVNUZ5WUN1eXdiMXRJaWlYOCtIWUhzaXJGalYvbFF1WW92eGt3c1Q0NnJyCkpFdDRLVnFLbWEwMXd6eUhjYjZQZWZ2QWI2eGVDMTRNVVlSNFN1TXpqT0hraXNLVy9pb2hVWjBNU200ZVQyRmsKRldTY3VrejhzZzd2YitHT091RDdpTkdUQ2NYd0hmNGgydnYzQ2VNY0xOdVN5QXlCQmpnSnZydXFwb3ppZVlYaQpsWkIwRU1TZUlUdXpVSm5iQVo4b0FpMWV4UkZhL0JmTG5ETGpRc1BiUkovd2IzS01BUUtDQVFFQTVOc0lvTi8zCnMvZGIrVTREd0dqOVlpOWdvcEdCR1JZcEl4QUh2ZnNweGl3dFBGNlZEMnAzU01qMGIzdDBjeDFaWHJxUVlVN1gKUFNJNldyU2RkOW5iQUNiYnoyalVVdFdiWmxOSGR1MmNOa3lDRThGVTcrWFVMTnU3NCtqYmk5OU5zR0llUE5lTQpMNnpNOEV0cHZDWkVIOW8ya0s4RnJYd0VObUtubEkzbCtLeEVTVk9xc29QUjF0ZnNxTTZSM1pLdEZFNml6VXQyClB5WUlINTA2Zk5uY25iRlJXVG8rUHRnL21MaG9HWFJIM0NRWmduZlBnYitqU2c3RUNSTWthVnIvS1RTQm5WamgKY0R5bzVBYTdmOU1wSXQzaUFuUGJTaW5PVUQ2RDg5THVWRkpCMVBHa0x6djhXcXIyWW5ad21SbnpTVnBIdDBpdwpDZVo4WER4MnBiSVhJUUtDQVFFQStlek9tUmZNOHdjN2crUkw3U2Y5WC90VG0zYTJUaUNQN2Z5eEYxVnluODhTCitZODhyYW16WWVkUDJDSXFnY3Z5YmlwWjJvVlVlVUhmU1FKVTJHQUNlcnc3aHIwNVJoSmZ2YVZHcTUwdXBSeEUKRCs3VlE0d2ZtOGhLWmNuNDFPeHBpZHlvemJiYkJ1UFFoUkpQN0tMWTViazMwY3BPTnp1aXh3aUdKREJvM1d0dgp1NUJnR1VJUU5lcUtYS2NhVjRueTF1alYzWkZNc0xFK05BZ3hUZWFIQkhqVzFhMUFGWE5DZ0dIS1dYUjdTem9BCitLSWNnbGNmRXg2dGIzeTlScXo3cW5nWnl5d2tFcE0zS0Q3REgvQ29XWDF5eUE5Y2kvaE5IYXhncTlSSEFwR1AKU3FxMXZpMW1xc09UWnd4RVYrV1QzM0F3TUdOZ3JQK1Q2ZTFHc0ZqMHRRS0NBUUVBcmpvR1BwdGpjNUg4WmphNwphbTlEZjgwN3oyZmdsWjJtWWJnaGZNUEtrTUV2Q3dlaWlXTHZQdTBtRWYwMXNUR0Z5VFZWRjQrekV5cU1yR05XCmdsakxmamtYSExiYzlkY0RBSXFrSEdsV2hJd0lkMHUzQXcvQVVRcFQ1M1Z1TnZVZ3F3aDNwckFlWEdrOGVDK2gKWm9qblVpeUpYK3F1OHQwNFE4TWxlMVh2M3pvZW5vaGdxcGpxVnBwNTVDV25MTDB1b1FnZ3J4UWxDSHhHc1BLOQpCVEhDNEJhUExOUEhjWWFtRy9rLzN5a0VVQmIzaUxqM3MvcVdNSm8vS2YxMXVmTjV6Ly9XTVZqcC84MWVjb0toCm1mWERHblU3Uzh5eUJLc0JFMXdVanJwbGtMSXl4Zy9VZzlVeUVFQ1paR3B3M0UzQ1JuVEJwa3BqSXBaaTFNRi8KUGpQdm9RS0NBUUJUTmVEalgrVkExUnVmb2hjVmNzY05lZVF3VXFvSUFSZHFxVU5jL1hvWWN4MWlNYXFHTjRZZQpCcUd5MkUxR3dkeUppVmc1UlVNR3pFUEhUeHRvbnk2MEpvKzdJSzA5QTBrVkh6NFVUVlVHYkE3Tkx6dWFMY0VvCllOdEVZS2FVWGRJVnNINFRYOW8weFF6Y0FXalM1TFZLWnd5S3NNeXgzdzBuTDFOYUlUUUk1SWhpN29MUVpncDMKcVF0QUpmTERTbzZydHdIZHIwN1ZWVzNjYlEzZFhlOStNYTExbnlWQy93a1pMWFh0cXJhU0tWSEJkbGYvblhvZgpKNHVmSHV6MTV3b3ppNkVxNEJ0eWc4bE5nUGYrWG1YdXhiRzlvait4Nm8zaVgwNGdaNkRzM2dIVFhscjhZcWxZCkdaMnVKWXRycUdnL2NGN2EvWHRtbmdGbFZUYS82QjR4QW9JQkFCSjVqM3BXdWVGZUljamFsTnc4Rm9Mb0hONXMKdGxkelBPRFFWeDZ1QTVVdDdyekxaRE5oTlNqdWxtTlJ0RzdoSjM0M0sxVHhnMzJVTVE1V2gzdGJJSUhoRVR6ego2eHVNamdrNlNhWTF4Yy9IOU1LWmlmeXJrYVBFdGN4YXdkL252RXYrVk8rVlJaYm9HTVdsL2lLQ0tRelVTNHdDCkpwN3UxNm9sMkhRWVcyeE1UL1MvaW96RmJkTmJyeVJveGNBK0ZMcU9uV1ozdkF5cVhLNERNMm1xcUw0UXQwOWcKNDN5OUl4SnRFck5ydGQ2MndPdlAvK1J0elBvMjkyZ3NEUjdJdzdXUDNmTmNuZGxYa3RVMGRDM0dSUHZWcDBZZgo2TGRjczJuOVBZcDV0RjlmVEpwWHBwdllIYVR2MSt3RGlGbUVLUlpNeWJaUGtQbFVucmhhQmZoVWYxTT0KLS0tLS1FTkQgUlNBIFBSSVZBVEUgS0VZLS0tLS0K\n    token: 37e4w431vhmltavfph42kfq2qa3cx019letnu2hw7kggrrzz20vliycgc2o072n7fi317omgxfmdqmb8ez2ksxvsv8oqz4irc8kgqcengm85sj4az7b93yxm2q7bn9kz\n",
            "kubelet_identity": [
              {
                "client_id": "11adc20f-01ec-442d-9cfa-862ddd93fe6f",
                "object_id": "6c6843b1-74f4-4172-af45-fa29874bc130",
                "user_assigned_identity_id": "/subscriptions/a210845b-25ae-4bcf-8aea-919dfd0a4467/resourceGroups/MC_squaremarket-group_squaremarket-aks_northeurope/providers/Microsoft.ManagedIdentity/userAssignedIdentities/squaremarket-aks-agentpool"
              }
            ],
            "kubernetes_version": "1.28.0",
            "linux_profile": [],
            "local_account_disabled": false,
            "location": "northeurope",
            "maintenance_window": [],
            "name": "squaremarket-aks",
            "network_profile": [
              {
                "dns_service_ip": "10.0.0.10",
                "docker_bridge_cidr": "172.17.0.1/16",
                "load_balancer_profile": [
                  {
                    "effective_outbound_ips": [
                      "/subscriptions/a210845b-25ae-4bcf-8aea-919dfd0a4467/resourceGroups/MC_squaremarket-group_squaremarket-aks_northeurope/providers/Microsoft.Network/publicIPAddresses/b66b15c0-ee8c-4665-b1e2-b86d0fff6e80"
                    ],
                    "idle_timeout_in_minutes": 0,
                    "managed_outbound_ip_count": 1,
                    "outbound_ip_address_ids": [],
                    "outbound_ip_prefix_ids": [],
                    "outbound_ports_allocated": 0
                  }
                ],
                "load_balancer_sku": "standard",
                "nat_gateway_profile": [],
                "network_mode": "",
                "network_plugin": "kubenet",
                "network_policy": "calico",
                "outbound_type": "loadBalancer",
                "pod_cidr": "10.244.0.0/16",
                "service_cidr": "10.0.0.0/16"
              }
            ],
            "node_resource_group": "MC_squaremarket-group_squaremarket-aks_northeurope",
            "oms_agent": [],
            "open_service_mesh_enabled": false,
            "portal_fqdn": "squaremarket-aks-ksbz9v07.portal.hcp.northeurope.azmk8s.io",
            "private_cluster_enabled": false,
            "private_cluster_public_fqdn_enabled": false,
            "private_dns_zone_id": "",
            "private_fqdn": "",
            "public_network_access_enabled": true,
            "resource_group_name": "squaremarket-group",
            "role_based_access_control_enabled": true,
            "service_principal": [],
            "sku_tier": "Free",
            "tags": {
              "environment": "production",
              "source": "terraform"
            },
            "timeouts": null,
            "windows_profile": []
          },
          "sensitive_attributes": [],
          "private": "eyJlMmJmYjczMC1lY2FhLTExZTYtOGY4OC0zNDM2M2JjN2M0YzAiOnsiY3JlYXRlIjo1NDAwMDAwMDAwMDAwLCJkZWxldGUiOjU0MDAwMDAwMDAwMDAsInJlYWQiOjMwMDAwMDAwMDAwMCwidXBkYXRlIjo1NDAwMDAwMDAwMDAwfSwic2NoZW1hX3ZlcnNpb24iOiIyIn0=",
          "dependencies": [
            "azurerm_resource_group.squaremarket-group"
          ]
        }
      ]
    },
    {
      "mode": "managed",
      "type": "azurerm_mysql_database",
      "name": "accounts-db",
      "provider": "provider[\"registry.terraform.io/hashicorp/azurerm\"]",
      "instances": [
        {
          "schema_version": 0,
          "attributes": {
            "charset": "utf8",
            "collation": "utf8_unicode_ci",
            "id": "/subscriptions/a210845b-25ae-4bcf-8aea-919dfd0a4467/resourceGroups/squaremarket-group/providers/Microsoft.DBforMySQL/servers/squaremarket-accounts/databases/accounts",
            "name": "accounts",
            "resource_group_name": "squaremarket-group",
            "server_name": "squaremarket-accounts",
            "timeouts": null
          },
          "sensitive_attributes": [],
          "private": "eyJlMmJmYjczMC1lY2FhLTExZTYtOGY4OC0zNDM2M2JjN2M0YzAiOnsiY3JlYXRlIjozNjAwMDAwMDAwMDAwLCJkZWxldGUiOjM2MDAwMDAwMDAwMDAsInJlYWQiOjMwMDAwMDAwMDAwMCwidXBkYXRlIjozNjAwMDAwMDAwMDAwfX0=",
          "dependencies": [
            "azurerm_mysql_server.accounts-db-server",
            "azurerm_resource_group.squaremarket-group"
          ]
        }
      ]
    },
    {
      "mode": "managed",
      "type": "azurerm_mysql_database",
      "name": "advertisements-db",
      "provider": "provider[\"registry.terraform.io/hashicorp/azurerm\"]",
      "instances": [
        {
          "schema_version": 0,
          "attributes": {
            "charset": "utf8",
            "collation": "utf8_unicode_ci",
            "id": "/subscriptions/a210845b-25ae-4bcf-8aea-919dfd0a4467/resourceGroups/squaremarket-group/providers/Microsoft.DBforMySQL/servers/squaremarket-advertisements/databases/advertisements",
            "name": "advertisements",
            "resource_group_name": "squaremarket-group",
            "server_name": "squaremarket-advertisements",
            "timeouts": null
          },
          "sensitive_attributes": [],
          "private": "eyJlMmJmYjczMC1lY2FhLTExZTYtOGY4OC0zNDM2M2JjN2M0YzAiOnsiY3JlYXRlIjozNjAwMDAwMDAwMDAwLCJkZWxldGUiOjM2MDAwMDAwMDAwMDAsInJlYWQiOjMwMDAwMDAwMDAwMCwidXBkYXRlIjozNjAwMDAwMDAwMDAwfX0=",
          "dependencies": [
            "azurerm_mysql_server.advertisements-db-server",
            "azurerm_resource_group.squaremarket-group"
          ]
        }
      ]
    },
    {
      "mode": "managed",
      "type": "azurerm_mysql_database",
      "name": "messages-db",
      "provider": "provider[\"registry.terraform.io/hashicorp/azurerm\"]",
      "instances": [
        {
          "schema_version": 0,
          "attributes": {
            "charset": "utf8",
            "collation": "utf8_unicode_ci",
            "id": "/subscriptions/a210845b-25ae-4bcf-8aea-919dfd0a4467/resourceGroups/squaremarket-group/providers/Microsoft.DBforMySQL/servers/squaremarket-messages/databases/messages",
            "name": "messages",
            "resource_group_name": "squaremarket-group",
            "server_name": "squaremarket-messages",
            "timeouts": null
          },
          "sensitive_attributes": [],
          "private": "eyJlMmJmYjczMC1lY2FhLTExZTYtOGY4OC0zNDM2M2JjN2M0YzAiOnsiY3JlYXRlIjozNjAwMDAwMDAwMDAwLCJkZWxldGUiOjM2MDAwMDAwMDAwMDAsInJlYWQiOjMwMDAwMDAwMDAwMCwidXBkYXRlIjozNjAwMDAwMDAwMDAwfX0=",
          "dependencies": [
            "azurerm_mysql_server.messages-db-server",
            "azurerm_resource_group.squaremarket-group"
          ]
        }
      ]
    },
    {
      "mode": "managed",
      "type": "azurerm_mysql_firewall_rule",
      "name": "accounts-db-to-server",
      "provider": "provider[\"registry.terraform.io/hashicorp/azurerm\"]",
      "instances": [
        {
          "schema_version": 0,
          "attributes": {
            "end_ip_address": "255.255.255.255",
            "id": "/subscriptions/a210845b-25ae-4bcf-8aea-919dfd0a4467/resourceGroups/squaremarket-group/providers/Microsoft.DBforMySQL/servers/squaremarket-accounts/firewallRules/server",
            "name": "server",
            "resource_group_name": "squaremarket-group",
            "server_name": "squaremarket-accounts",
            "start_ip_address": "0.0.0.0",
            "timeouts": null
          },
          "sensitive_attributes": [],
          "private": "eyJlMmJmYjczMC1lY2FhLTExZTYtOGY4OC0zNDM2M2JjN2M0YzAiOnsiY3JlYXRlIjoxODAwMDAwMDAwMDAwLCJkZWxldGUiOjE4MDAwMDAwMDAwMDAsInJlYWQiOjMwMDAwMDAwMDAwMCwidXBkYXRlIjoxODAwMDAwMDAwMDAwfX0=",
          "dependencies": [
            "azurerm_mysql_server.accounts-db-server",
            "azurerm_resource_group.squaremarket-group"
          ]
        }
      ]
    },
    {
      "mode": "managed",
      "type": "azurerm_mysql_firewall_rule",
      "name": "advertisements-db-to-server",
      "provider": "provider[\"registry.terraform.io/hashicorp/azurerm\"]",
      "instances": [
        {
          "schema_version": 0,
          "attributes": {
            "end_ip_address": "255.255.255.255",
            "id": "/subscriptions/a210845b-25ae-4bcf-8aea-919dfd0a4467/resourceGroups/squaremarket-group/providers/Microsoft.DBforMySQL/servers/squaremarket-advertisements/firewallRules/server",
            "name": "server",
            "resource_group_name": "squaremarket-group",
            "server_name": "squaremarket-advertisements",
            "start_ip_address": "0.0.0.0",
            "timeouts": null
          },
          "sensitive_attributes": [],
          "private": "eyJlMmJmYjczMC1lY2FhLTExZTYtOGY4OC0zNDM2M2JjN2M0YzAiOnsiY3JlYXRlIjoxODAwMDAwMDAwMDAwLCJkZWxldGUiOjE4MDAwMDAwMDAwMDAsInJlYWQiOjMwMDAwMDAwMDAwMCwidXBkYXRlIjoxODAwMDAwMDAwMDAwfX0=",
          "dependencies": [
            "azurerm_mysql_server.advertisements-db-server",
            "azurerm_resource_group.squaremarket-group"
          ]
        }
      ]
    },
    {
      "mode": "managed",
      "type": "azurerm_mysql_firewall_rule",
      "name": "messages-db-to-server",
      "provider": "provider[\"registry.terraform.io/hashicorp/azurerm\"]",
      "instances": [
        {
          "schema_version": 0,
          "attributes": {
            "end_ip_address": "255.255.255.255",
            "id": "/subscriptions/a210845b-25ae-4bcf-8aea-919dfd0a4467/resourceGroups/squaremarket-group/providers/Microsoft.DBforMySQL/servers/squaremarket-messages/firewallRules/server",
            "name": "server",
            "resource_group_name": "squaremarket-group",
            "server_name": "squaremarket-messages",
            "start_ip_address": "0.0.0.0",
            "timeouts": null
          },
          "sensitive_attributes": [],
          "private": "eyJlMmJmYjczMC1lY2FhLTExZTYtOGY4OC0zNDM2M2JjN2M0YzAiOnsiY3JlYXRlIjoxODAwMDAwMDAwMDAwLCJkZWxldGUiOjE4MDAwMDAwMDAwMDAsInJlYWQiOjMwMDAwMDAwMDAwMCwidXBkYXRlIjoxODAwMDAwMDAwMDAwfX0=",
          "dependencies": [
            "azurerm_mysql_server.messages-db-server",
            "azurerm_resource_group.squaremarket-group"
          ]
        }
      ]
    },
    {
      "mode": "managed",
      "type": "azurerm_mysql_server",
      "name": "accounts-db-server",
      "provider": "provider[\"registry.terraform.io/hashicorp/azurerm\"]",
      "instances": [
        {
          "schema_version": 0,
          "attributes": {
            "administrator_login": "Education6661",
            "administrator_login_password": "Exemplary-Footer-Juice2-Visa-Footing-Trousers",
            "auto_grow_enabled": true,
            "backup_retention_days": 7,
            "create_mode": "Default",
            "creation_source_server_id": null,
            "fqdn": "squaremarket-accounts.mysql.database.azure.com",
            "geo_redundant_backup_enabled": false,
            "id": "/subscriptions/a210845b-25ae-4bcf-8aea-919dfd0a4467/resourceGroups/squaremarket-group/providers/Microsoft.DBforMySQL/servers/squaremarket-accounts",
            "identity": [],
            "infrastructure_encryption_enabled": false,
            "location": "northeurope",
            "name": "squaremarket-accounts",
            "public_network_access_enabled": true,
            "resource_group_name": "squaremarket-group",
            "restore_point_in_time": null,
            "sku_name": "B_Gen5_1",
            "ssl_enforcement_enabled": true,
            "ssl_minimal_tls_version_enforced": "TLS1_2",
            "storage_mb": 5120,
            "tags": {
              "environment": "production",
              "source": "terraform"
            },
            "threat_detection_policy": [],
            "timeouts": null,
            "version": "8.0"
          },
          "sensitive_attributes": [],
          "private": "eyJlMmJmYjczMC1lY2FhLTExZTYtOGY4OC0zNDM2M2JjN2M0YzAiOnsiY3JlYXRlIjozNjAwMDAwMDAwMDAwLCJkZWxldGUiOjM2MDAwMDAwMDAwMDAsInJlYWQiOjMwMDAwMDAwMDAwMCwidXBkYXRlIjozNjAwMDAwMDAwMDAwfX0=",
          "dependencies": [
            "azurerm_resource_group.squaremarket-group"
          ]
        }
      ]
    },
    {
      "mode": "managed",
      "type": "azurerm_mysql_server",
      "name": "advertisements-db-server",
      "provider": "provider[\"registry.terraform.io/hashicorp/azurerm\"]",
      "instances": [
        {
          "schema_version": 0,
          "attributes": {
            "administrator_login": "Education6661",
            "administrator_login_password": "Exemplary-Footer-Juice2-Visa-Footing-Trousers",
            "auto_grow_enabled": true,
            "backup_retention_days": 7,
            "create_mode": "Default",
            "creation_source_server_id": null,
            "fqdn": "squaremarket-advertisements.mysql.database.azure.com",
            "geo_redundant_backup_enabled": false,
            "id": "/subscriptions/a210845b-25ae-4bcf-8aea-919dfd0a4467/resourceGroups/squaremarket-group/providers/Microsoft.DBforMySQL/servers/squaremarket-advertisements",
            "identity": [],
            "infrastructure_encryption_enabled": false,
            "location": "northeurope",
            "name": "squaremarket-advertisements",
            "public_network_access_enabled": true,
            "resource_group_name": "squaremarket-group",
            "restore_point_in_time": null,
            "sku_name": "B_Gen5_1",
            "ssl_enforcement_enabled": true,
            "ssl_minimal_tls_version_enforced": "TLS1_2",
            "storage_mb": 5120,
            "tags": {
              "environment": "production",
              "source": "terraform"
            },
            "threat_detection_policy": [],
            "timeouts": null,
            "version": "8.0"
          },
          "sensitive_attributes": [],
          "private": "eyJlMmJmYjczMC1lY2FhLTExZTYtOGY4OC0zNDM2M2JjN2M0YzAiOnsiY3JlYXRlIjozNjAwMDAwMDAwMDAwLCJkZWxldGUiOjM2MDAwMDAwMDAwMDAsInJlYWQiOjMwMDAwMDAwMDAwMCwidXBkYXRlIjozNjAwMDAwMDAwMDAwfX0=",
          "dependencies": [
            "azurerm_resource_group.squaremarket-group"
          ]
        }
      ]
    },
    {
      "mode": "managed",
      "type": "azurerm_mysql_server",
      "name": "messages-db-server",
      "provider": "provider[\"registry.terraform.io/hashicorp/azurerm\"]",
      "instances": [
        {
          "schema_version": 0,
          "attributes": {
            "administrator_login": "Education6661",
            "administrator_login_password": "Exemplary-Footer-Juice2-Visa-Footing-Trousers",
            "auto_grow_enabled": true,
            "backup_retention_days": 7,
            "create_mode": "Default",
            "creation_source_server_id": null,
            "fqdn": "squaremarket-messages.mysql.database.azure.com",
            "geo_redundant_backup_enabled": false,
            "id": "/subscriptions/a210845b-25ae-4bcf-8aea-919dfd0a4467/resourceGroups/squaremarket-group/providers/Microsoft.DBforMySQL/servers/squaremarket-messages",
            "identity": [],
            "infrastructure_encryption_enabled": false,
            "location": "northeurope",
            "name": "squaremarket-messages",
            "public_network_access_enabled": true,
            "resource_group_name": "squaremarket-group",
            "restore_point_in_time": null,
            "sku_name": "B_Gen5_1",
            "ssl_enforcement_enabled": true,
            "ssl_minimal_tls_version_enforced": "TLS1_2",
            "storage_mb": 5120,
            "tags": {
              "environment": "production",
              "source": "terraform"
            },
            "threat_detection_policy": [],
            "timeouts": null,
            "version": "8.0"
          },
          "sensitive_attributes": [],
          "private": "eyJlMmJmYjczMC1lY2FhLTExZTYtOGY4OC0zNDM2M2JjN2M0YzAiOnsiY3JlYXRlIjozNjAwMDAwMDAwMDAwLCJkZWxldGUiOjM2MDAwMDAwMDAwMDAsInJlYWQiOjMwMDAwMDAwMDAwMCwidXBkYXRlIjozNjAwMDAwMDAwMDAwfX0=",
          "dependencies": [
            "azurerm_resource_group.squaremarket-group"
          ]
        }
      ]
    },
    {
      "mode": "managed",
      "type": "azurerm_resource_group",
      "name": "squaremarket-group",
      "provider": "provider[\"registry.terraform.io/hashicorp/azurerm\"]",
      "instances": [
        {
          "schema_version": 0,
          "attributes": {
            "id": "/subscriptions/a210845b-25ae-4bcf-8aea-919dfd0a4467/resourceGroups/squaremarket-group",
            "location": "northeurope",
            "name": "squaremarket-group",
            "tags": {
              "environment": "production",
              "source": "terraform"
            },
            "timeouts": null
          },
          "sensitive_attributes": [],
          "private": "eyJlMmJmYjczMC1lY2FhLTExZTYtOGY4OC0zNDM2M2JjN2M0YzAiOnsiY3JlYXRlIjo1NDAwMDAwMDAwMDAwLCJkZWxldGUiOjU0MDAwMDAwMDAwMDAsInJlYWQiOjMwMDAwMDAwMDAwMCwidXBkYXRlIjo1NDAwMDAwMDAwMDAwfX0="
        }
      ]
    },
    {
      "mode": "managed",
      "type": "azurerm_role_assignment",
      "name": "aks_pull_acr",
      "provider": "provider[\"registry.terraform.io/hashicorp/azurerm\"]",
      "instances": [
        {
          "schema_version": 0,
          "attributes": {
            "condition": "",
            "condition_version": "",
            "delegated_managed_identity_resource_id": "",
            "description": "",
            "id": "/subscriptions/a210845b-25ae-4bcf-8aea-919dfd0a4467/resourceGroups/squaremarket-group/providers/Microsoft.ContainerRegistry/registries/squaremarketacr/providers/Microsoft.Authorization/roleAssignments/06ee86b6-f2ae-8e9c-1bf9-496e144e3c4e",
            "name": "06ee86b6-f2ae-8e9c-1bf9-496e144e3c4e",
            "principal_id": "6c6843b1-74f4-4172-af45-fa29874bc130",
            "principal_type": "ServicePrincipal",
            "role_definition_id": "/subscriptions/a210845b-25ae-4bcf-8aea-919dfd0a4467/providers/Microsoft.Authorization/roleDefinitions/7f951dda-4ed3-4680-a7ca-43fe172d538d",
            "role_definition_name": "AcrPull",
            "scope": "/subscriptions/a210845b-25ae-4bcf-8aea-919dfd0a4467/resourceGroups/squaremarket-group/providers/Microsoft.ContainerRegistry/registries/squaremarketacr",
            "skip_service_principal_aad_check": null,
            "timeouts": null
          },
          "sensitive_attributes": [],
          "private": "eyJlMmJmYjczMC1lY2FhLTExZTYtOGY4OC0zNDM2M2JjN2M0YzAiOnsiY3JlYXRlIjoxODAwMDAwMDAwMDAwLCJkZWxldGUiOjE4MDAwMDAwMDAwMDAsInJlYWQiOjMwMDAwMDAwMDAwMCwidXBkYXRlIjoxODAwMDAwMDAwMDAwfX0=",
          "dependencies": [
            "azurerm_container_registry.acr",
            "azurerm_kubernetes_cluster.api",
            "azurerm_resource_group.squaremarket-group"
          ]
        }
      ]
    },
    {
      "mode": "managed",
      "type": "azurerm_storage_account",
      "name": "frontend-account",
      "provider": "provider[\"registry.terraform.io/hashicorp/azurerm\"]",
      "instances": [
        {
          "schema_version": 3,
          "attributes": {
            "access_tier": "Hot",
            "account_kind": "StorageV2",
            "account_replication_type": "GRS",
            "account_tier": "Standard",
            "allow_nested_items_to_be_public": true,
            "azure_files_authentication": [],
            "blob_properties": [
              {
                "change_feed_enabled": false,
                "container_delete_retention_policy": [],
                "cors_rule": [],
                "default_service_version": "",
                "delete_retention_policy": [],
                "last_access_time_enabled": false,
                "versioning_enabled": false
              }
            ],
            "custom_domain": [],
            "customer_managed_key": [],
            "edge_zone": "",
            "enable_https_traffic_only": true,
            "id": "/subscriptions/a210845b-25ae-4bcf-8aea-919dfd0a4467/resourceGroups/squaremarket-group/providers/Microsoft.Storage/storageAccounts/squaremarketfrontend",
            "identity": [],
            "infrastructure_encryption_enabled": false,
            "is_hns_enabled": false,
            "large_file_share_enabled": null,
            "location": "northeurope",
            "min_tls_version": "TLS1_2",
            "name": "squaremarketfrontend",
            "network_rules": [
              {
                "bypass": [
                  "AzureServices"
                ],
                "default_action": "Allow",
                "ip_rules": [],
                "private_link_access": [],
                "virtual_network_subnet_ids": []
              }
            ],
            "nfsv3_enabled": false,
            "primary_access_key": "6wzESDB8s0BwuRNFbDyYpI/OTG1S0dS/5J140kfiYkOOYuxTiPRsJYNYkaO2er6NzxrhNAoJofPY+ASt+RkGug==",
            "primary_blob_connection_string": "DefaultEndpointsProtocol=https;BlobEndpoint=https://squaremarketfrontend.blob.core.windows.net/;AccountName=squaremarketfrontend;AccountKey=6wzESDB8s0BwuRNFbDyYpI/OTG1S0dS/5J140kfiYkOOYuxTiPRsJYNYkaO2er6NzxrhNAoJofPY+ASt+RkGug==",
            "primary_blob_endpoint": "https://squaremarketfrontend.blob.core.windows.net/",
            "primary_blob_host": "squaremarketfrontend.blob.core.windows.net",
            "primary_connection_string": "DefaultEndpointsProtocol=https;AccountName=squaremarketfrontend;AccountKey=6wzESDB8s0BwuRNFbDyYpI/OTG1S0dS/5J140kfiYkOOYuxTiPRsJYNYkaO2er6NzxrhNAoJofPY+ASt+RkGug==;EndpointSuffix=core.windows.net",
            "primary_dfs_endpoint": "https://squaremarketfrontend.dfs.core.windows.net/",
            "primary_dfs_host": "squaremarketfrontend.dfs.core.windows.net",
            "primary_file_endpoint": "https://squaremarketfrontend.file.core.windows.net/",
            "primary_file_host": "squaremarketfrontend.file.core.windows.net",
            "primary_location": "northeurope",
            "primary_queue_endpoint": "https://squaremarketfrontend.queue.core.windows.net/",
            "primary_queue_host": "squaremarketfrontend.queue.core.windows.net",
            "primary_table_endpoint": "https://squaremarketfrontend.table.core.windows.net/",
            "primary_table_host": "squaremarketfrontend.table.core.windows.net",
            "primary_web_endpoint": "https://squaremarketfrontend.z16.web.core.windows.net/",
            "primary_web_host": "squaremarketfrontend.z16.web.core.windows.net",
            "queue_encryption_key_type": "Service",
            "queue_properties": [
              {
                "cors_rule": [],
                "hour_metrics": [
                  {
                    "enabled": true,
                    "include_apis": true,
                    "retention_policy_days": 7,
                    "version": "1.0"
                  }
                ],
                "logging": [
                  {
                    "delete": false,
                    "read": false,
                    "retention_policy_days": 0,
                    "version": "1.0",
                    "write": false
                  }
                ],
                "minute_metrics": [
                  {
                    "enabled": false,
                    "include_apis": false,
                    "retention_policy_days": 0,
                    "version": "1.0"
                  }
                ]
              }
            ],
            "resource_group_name": "squaremarket-group",
            "routing": [],
            "secondary_access_key": "o4/mqp0Bm8yojMz18k1oXLOkryhmHmq7qlankWIyn+UfIkfKg/cUf3QhId4wIorMThwv7vaIeRPj+ASteZ0taw==",
            "secondary_blob_connection_string": "",
            "secondary_blob_endpoint": null,
            "secondary_blob_host": null,
            "secondary_connection_string": "DefaultEndpointsProtocol=https;AccountName=squaremarketfrontend;AccountKey=o4/mqp0Bm8yojMz18k1oXLOkryhmHmq7qlankWIyn+UfIkfKg/cUf3QhId4wIorMThwv7vaIeRPj+ASteZ0taw==;EndpointSuffix=core.windows.net",
            "secondary_dfs_endpoint": null,
            "secondary_dfs_host": null,
            "secondary_file_endpoint": null,
            "secondary_file_host": null,
            "secondary_location": "westeurope",
            "secondary_queue_endpoint": null,
            "secondary_queue_host": null,
            "secondary_table_endpoint": null,
            "secondary_table_host": null,
            "secondary_web_endpoint": null,
            "secondary_web_host": null,
            "share_properties": [
              {
                "cors_rule": [],
                "retention_policy": [
                  {
                    "days": 7
                  }
                ],
                "smb": []
              }
            ],
            "shared_access_key_enabled": true,
            "static_website": [
              {
                "error_404_document": "index.html",
                "index_document": "index.html"
              }
            ],
            "table_encryption_key_type": "Service",
            "tags": {
              "environment": "production",
              "source": "terraform"
            },
            "timeouts": null
          },
          "sensitive_attributes": [],
          "private": "eyJlMmJmYjczMC1lY2FhLTExZTYtOGY4OC0zNDM2M2JjN2M0YzAiOnsiY3JlYXRlIjozNjAwMDAwMDAwMDAwLCJkZWxldGUiOjM2MDAwMDAwMDAwMDAsInJlYWQiOjMwMDAwMDAwMDAwMCwidXBkYXRlIjozNjAwMDAwMDAwMDAwfSwic2NoZW1hX3ZlcnNpb24iOiIzIn0=",
          "dependencies": [
            "azurerm_resource_group.squaremarket-group"
          ]
        }
      ]
    },
    {
      "mode": "managed",
      "type": "azurerm_storage_account",
      "name": "storage-account",
      "provider": "provider[\"registry.terraform.io/hashicorp/azurerm\"]",
      "instances": [
        {
          "schema_version": 3,
          "attributes": {
            "access_tier": "Hot",
            "account_kind": "StorageV2",
            "account_replication_type": "GRS",
            "account_tier": "Standard",
            "allow_nested_items_to_be_public": true,
            "azure_files_authentication": [],
            "blob_properties": [
              {
                "change_feed_enabled": false,
                "container_delete_retention_policy": [],
                "cors_rule": [],
                "default_service_version": "",
                "delete_retention_policy": [],
                "last_access_time_enabled": false,
                "versioning_enabled": false
              }
            ],
            "custom_domain": [],
            "customer_managed_key": [],
            "edge_zone": "",
            "enable_https_traffic_only": true,
            "id": "/subscriptions/a210845b-25ae-4bcf-8aea-919dfd0a4467/resourceGroups/squaremarket-group/providers/Microsoft.Storage/storageAccounts/squaremarketblobstorage",
            "identity": [],
            "infrastructure_encryption_enabled": false,
            "is_hns_enabled": false,
            "large_file_share_enabled": null,
            "location": "northeurope",
            "min_tls_version": "TLS1_2",
            "name": "squaremarketblobstorage",
            "network_rules": [
              {
                "bypass": [
                  "AzureServices"
                ],
                "default_action": "Allow",
                "ip_rules": [],
                "private_link_access": [],
                "virtual_network_subnet_ids": []
              }
            ],
            "nfsv3_enabled": false,
            "primary_access_key": "5tZKztlQYkVpU2n8zpGRvWl9D0V9bmftp2yJT6oVO/YM3flniGf14eizZaPd+J8zlOxzpvray+oq+AStxcHZIA==",
            "primary_blob_connection_string": "DefaultEndpointsProtocol=https;BlobEndpoint=https://squaremarketblobstorage.blob.core.windows.net/;AccountName=squaremarketblobstorage;AccountKey=5tZKztlQYkVpU2n8zpGRvWl9D0V9bmftp2yJT6oVO/YM3flniGf14eizZaPd+J8zlOxzpvray+oq+AStxcHZIA==",
            "primary_blob_endpoint": "https://squaremarketblobstorage.blob.core.windows.net/",
            "primary_blob_host": "squaremarketblobstorage.blob.core.windows.net",
            "primary_connection_string": "DefaultEndpointsProtocol=https;AccountName=squaremarketblobstorage;AccountKey=5tZKztlQYkVpU2n8zpGRvWl9D0V9bmftp2yJT6oVO/YM3flniGf14eizZaPd+J8zlOxzpvray+oq+AStxcHZIA==;EndpointSuffix=core.windows.net",
            "primary_dfs_endpoint": "https://squaremarketblobstorage.dfs.core.windows.net/",
            "primary_dfs_host": "squaremarketblobstorage.dfs.core.windows.net",
            "primary_file_endpoint": "https://squaremarketblobstorage.file.core.windows.net/",
            "primary_file_host": "squaremarketblobstorage.file.core.windows.net",
            "primary_location": "northeurope",
            "primary_queue_endpoint": "https://squaremarketblobstorage.queue.core.windows.net/",
            "primary_queue_host": "squaremarketblobstorage.queue.core.windows.net",
            "primary_table_endpoint": "https://squaremarketblobstorage.table.core.windows.net/",
            "primary_table_host": "squaremarketblobstorage.table.core.windows.net",
            "primary_web_endpoint": "https://squaremarketblobstorage.z16.web.core.windows.net/",
            "primary_web_host": "squaremarketblobstorage.z16.web.core.windows.net",
            "queue_encryption_key_type": "Service",
            "queue_properties": [
              {
                "cors_rule": [],
                "hour_metrics": [
                  {
                    "enabled": true,
                    "include_apis": true,
                    "retention_policy_days": 7,
                    "version": "1.0"
                  }
                ],
                "logging": [
                  {
                    "delete": false,
                    "read": false,
                    "retention_policy_days": 0,
                    "version": "1.0",
                    "write": false
                  }
                ],
                "minute_metrics": [
                  {
                    "enabled": false,
                    "include_apis": false,
                    "retention_policy_days": 0,
                    "version": "1.0"
                  }
                ]
              }
            ],
            "resource_group_name": "squaremarket-group",
            "routing": [],
            "secondary_access_key": "3PkE32ozjRrElqOx9HA2410ip9RTwqQU2AN04CLvQNv8nrz2uR5EOMN0oA7RR6gDekJWD2kELHcy+AStAsABKg==",
            "secondary_blob_connection_string": "",
            "secondary_blob_endpoint": null,
            "secondary_blob_host": null,
            "secondary_connection_string": "DefaultEndpointsProtocol=https;AccountName=squaremarketblobstorage;AccountKey=3PkE32ozjRrElqOx9HA2410ip9RTwqQU2AN04CLvQNv8nrz2uR5EOMN0oA7RR6gDekJWD2kELHcy+AStAsABKg==;EndpointSuffix=core.windows.net",
            "secondary_dfs_endpoint": null,
            "secondary_dfs_host": null,
            "secondary_file_endpoint": null,
            "secondary_file_host": null,
            "secondary_location": "westeurope",
            "secondary_queue_endpoint": null,
            "secondary_queue_host": null,
            "secondary_table_endpoint": null,
            "secondary_table_host": null,
            "secondary_web_endpoint": null,
            "secondary_web_host": null,
            "share_properties": [
              {
                "cors_rule": [],
                "retention_policy": [
                  {
                    "days": 7
                  }
                ],
                "smb": []
              }
            ],
            "shared_access_key_enabled": true,
            "static_website": [],
            "table_encryption_key_type": "Service",
            "tags": {
              "environment": "production",
              "source": "terraform"
            },
            "timeouts": null
          },
          "sensitive_attributes": [],
          "private": "eyJlMmJmYjczMC1lY2FhLTExZTYtOGY4OC0zNDM2M2JjN2M0YzAiOnsiY3JlYXRlIjozNjAwMDAwMDAwMDAwLCJkZWxldGUiOjM2MDAwMDAwMDAwMDAsInJlYWQiOjMwMDAwMDAwMDAwMCwidXBkYXRlIjozNjAwMDAwMDAwMDAwfSwic2NoZW1hX3ZlcnNpb24iOiIzIn0=",
          "dependencies": [
            "azurerm_resource_group.squaremarket-group"
          ]
        }
      ]
    },
    {
      "mode": "managed",
      "type": "azurerm_storage_container",
      "name": "storage-container",
      "provider": "provider[\"registry.terraform.io/hashicorp/azurerm\"]",
      "instances": [
        {
          "schema_version": 1,
          "attributes": {
            "container_access_type": "private",
            "has_immutability_policy": false,
            "has_legal_hold": false,
            "id": "https://squaremarketblobstorage.blob.core.windows.net/advertisement-images",
            "metadata": {},
            "name": "advertisement-images",
            "resource_manager_id": "/subscriptions/a210845b-25ae-4bcf-8aea-919dfd0a4467/resourceGroups/squaremarket-group/providers/Microsoft.Storage/storageAccounts/squaremarketblobstorage/blobServices/default/containers/advertisement-images",
            "storage_account_name": "squaremarketblobstorage",
            "timeouts": null
          },
          "sensitive_attributes": [],
          "private": "eyJlMmJmYjczMC1lY2FhLTExZTYtOGY4OC0zNDM2M2JjN2M0YzAiOnsiY3JlYXRlIjoxODAwMDAwMDAwMDAwLCJkZWxldGUiOjE4MDAwMDAwMDAwMDAsInJlYWQiOjMwMDAwMDAwMDAwMCwidXBkYXRlIjoxODAwMDAwMDAwMDAwfSwic2NoZW1hX3ZlcnNpb24iOiIxIn0=",
          "dependencies": [
            "azurerm_resource_group.squaremarket-group",
            "azurerm_storage_account.storage-account"
          ]
        }
      ]
    }
  ],
  "check_results": null
}
