{
  "version": 4,
  "terraform_version": "1.6.4",
  "serial": 41,
  "lineage": "b638d247-bec4-7079-c94c-62b1fc867340",
  "outputs": {},
  "resources": [
    {
      "mode": "managed",
      "type": "azurerm_container_registry",
      "name": "acr",
      "provider": "provider[\"registry.terraform.io/hashicorp/azurerm\"]",
      "instances": [
        {
          "schema_version": 2,
          "attributes": {
            "admin_enabled": false,
            "admin_password": "",
            "admin_username": "",
            "anonymous_pull_enabled": false,
            "data_endpoint_enabled": false,
            "encryption": [
              {
                "enabled": false,
                "identity_client_id": "",
                "key_vault_key_id": ""
              }
            ],
            "export_policy_enabled": true,
            "georeplications": [],
            "id": "/subscriptions/a210845b-25ae-4bcf-8aea-919dfd0a4467/resourceGroups/squaremarket-group/providers/Microsoft.ContainerRegistry/registries/squaremarketacr",
            "identity": [],
            "location": "northeurope",
            "login_server": "squaremarketacr.azurecr.io",
            "name": "squaremarketacr",
            "network_rule_bypass_option": "AzureServices",
            "network_rule_set": [],
            "public_network_access_enabled": true,
            "quarantine_policy_enabled": false,
            "resource_group_name": "squaremarket-group",
            "retention_policy": [
              {
                "days": 7,
                "enabled": false
              }
            ],
            "sku": "Basic",
            "tags": {
              "environment": "production",
              "source": "terraform"
            },
            "timeouts": null,
            "trust_policy": [
              {
                "enabled": false
              }
            ],
            "zone_redundancy_enabled": false
          },
          "sensitive_attributes": [],
          "private": "eyJlMmJmYjczMC1lY2FhLTExZTYtOGY4OC0zNDM2M2JjN2M0YzAiOnsiY3JlYXRlIjoxODAwMDAwMDAwMDAwLCJkZWxldGUiOjE4MDAwMDAwMDAwMDAsInJlYWQiOjMwMDAwMDAwMDAwMCwidXBkYXRlIjoxODAwMDAwMDAwMDAwfSwic2NoZW1hX3ZlcnNpb24iOiIyIn0=",
          "dependencies": [
            "azurerm_resource_group.squaremarket-group"
          ]
        }
      ]
    },
    {
      "mode": "managed",
      "type": "azurerm_dns_zone",
      "name": "backend",
      "provider": "provider[\"registry.terraform.io/hashicorp/azurerm\"]",
      "instances": [
        {
          "schema_version": 1,
          "attributes": {
            "id": "/subscriptions/a210845b-25ae-4bcf-8aea-919dfd0a4467/resourceGroups/squaremarket-group/providers/Microsoft.Network/dnszones/sq.api.rikdenbreejen.nl",
            "max_number_of_record_sets": 10000,
            "name": "sq.api.rikdenbreejen.nl",
            "name_servers": [
              "ns1-34.azure-dns.com.",
              "ns2-34.azure-dns.net.",
              "ns3-34.azure-dns.org.",
              "ns4-34.azure-dns.info."
            ],
            "number_of_record_sets": 2,
            "resource_group_name": "squaremarket-group",
            "soa_record": [
              {
                "email": "azuredns-hostmaster.microsoft.com",
                "expire_time": 2419200,
                "fqdn": "sq.api.rikdenbreejen.nl.",
                "host_name": "ns1-34.azure-dns.com.",
                "minimum_ttl": 300,
                "refresh_time": 3600,
                "retry_time": 300,
                "serial_number": 1,
                "tags": {},
                "ttl": 3600
              }
            ],
            "tags": {},
            "timeouts": null
          },
          "sensitive_attributes": [],
          "private": "eyJlMmJmYjczMC1lY2FhLTExZTYtOGY4OC0zNDM2M2JjN2M0YzAiOnsiY3JlYXRlIjoxODAwMDAwMDAwMDAwLCJkZWxldGUiOjE4MDAwMDAwMDAwMDAsInJlYWQiOjMwMDAwMDAwMDAwMCwidXBkYXRlIjoxODAwMDAwMDAwMDAwfSwic2NoZW1hX3ZlcnNpb24iOiIxIn0=",
          "dependencies": [
            "azurerm_resource_group.squaremarket-group"
          ]
        }
      ]
    },
    {
      "mode": "managed",
      "type": "azurerm_dns_zone",
      "name": "frontend",
      "provider": "provider[\"registry.terraform.io/hashicorp/azurerm\"]",
      "instances": [
        {
          "schema_version": 1,
          "attributes": {
            "id": "/subscriptions/a210845b-25ae-4bcf-8aea-919dfd0a4467/resourceGroups/squaremarket-group/providers/Microsoft.Network/dnszones/sq.rikdenbreejen.nl",
            "max_number_of_record_sets": 10000,
            "name": "sq.rikdenbreejen.nl",
            "name_servers": [
              "ns1-36.azure-dns.com.",
              "ns2-36.azure-dns.net.",
              "ns3-36.azure-dns.org.",
              "ns4-36.azure-dns.info."
            ],
            "number_of_record_sets": 2,
            "resource_group_name": "squaremarket-group",
            "soa_record": [
              {
                "email": "azuredns-hostmaster.microsoft.com",
                "expire_time": 2419200,
                "fqdn": "sq.rikdenbreejen.nl.",
                "host_name": "ns1-36.azure-dns.com.",
                "minimum_ttl": 300,
                "refresh_time": 3600,
                "retry_time": 300,
                "serial_number": 1,
                "tags": {},
                "ttl": 3600
              }
            ],
            "tags": null,
            "timeouts": null
          },
          "sensitive_attributes": [],
          "private": "eyJlMmJmYjczMC1lY2FhLTExZTYtOGY4OC0zNDM2M2JjN2M0YzAiOnsiY3JlYXRlIjoxODAwMDAwMDAwMDAwLCJkZWxldGUiOjE4MDAwMDAwMDAwMDAsInJlYWQiOjMwMDAwMDAwMDAwMCwidXBkYXRlIjoxODAwMDAwMDAwMDAwfSwic2NoZW1hX3ZlcnNpb24iOiIxIn0=",
          "dependencies": [
            "azurerm_resource_group.squaremarket-group"
          ]
        }
      ]
    },
    {
      "mode": "managed",
      "type": "azurerm_kubernetes_cluster",
      "name": "aks",
      "provider": "provider[\"registry.terraform.io/hashicorp/azurerm\"]",
      "instances": [
        {
          "schema_version": 2,
          "attributes": {
            "aci_connector_linux": [],
            "api_server_authorized_ip_ranges": [],
            "auto_scaler_profile": [],
            "automatic_channel_upgrade": "",
            "azure_active_directory_role_based_access_control": [],
            "azure_policy_enabled": false,
            "default_node_pool": [
              {
                "enable_auto_scaling": false,
                "enable_host_encryption": false,
                "enable_node_public_ip": false,
                "fips_enabled": false,
                "kubelet_config": [],
                "kubelet_disk_type": "OS",
                "linux_os_config": [],
                "max_count": 0,
                "max_pods": 110,
                "min_count": 0,
                "name": "system",
                "node_count": 2,
                "node_labels": {},
                "node_public_ip_prefix_id": "",
                "node_taints": [],
                "only_critical_addons_enabled": false,
                "orchestrator_version": "1.28.0",
                "os_disk_size_gb": 128,
                "os_disk_type": "Managed",
                "os_sku": "Ubuntu",
                "pod_subnet_id": "",
                "proximity_placement_group_id": "",
                "tags": {},
                "type": "VirtualMachineScaleSets",
                "ultra_ssd_enabled": false,
                "upgrade_settings": [
                  {
                    "max_surge": "10%"
                  }
                ],
                "vm_size": "Standard_DS2_v2",
                "vnet_subnet_id": "",
                "zones": []
              }
            ],
            "disk_encryption_set_id": "",
            "dns_prefix": "squaremarket-aks",
            "dns_prefix_private_cluster": "",
            "enable_pod_security_policy": false,
            "fqdn": "squaremarket-aks-x3z8ynwg.hcp.northeurope.azmk8s.io",
            "http_application_routing_enabled": false,
            "http_application_routing_zone_name": "",
            "http_proxy_config": [],
            "id": "/subscriptions/a210845b-25ae-4bcf-8aea-919dfd0a4467/resourceGroups/squaremarket-group/providers/Microsoft.ContainerService/managedClusters/squaremarket-aks",
            "identity": [
              {
                "identity_ids": [],
                "principal_id": "e41a5341-eb33-470e-b1e5-ebd813c3093d",
                "tenant_id": "0172c9f5-f568-42ac-9eb8-24ef84881faa",
                "type": "SystemAssigned"
              }
            ],
            "ingress_application_gateway": [],
            "key_vault_secrets_provider": [],
            "kube_admin_config": [],
            "kube_admin_config_raw": "",
            "kube_config": [
              {
                "client_certificate": "LS0tLS1CRUdJTiBDRVJUSUZJQ0FURS0tLS0tCk1JSUZIakNDQXdhZ0F3SUJBZ0lSQUtZa1JQTFkwdmxmSzRLZVJSN2J4dG93RFFZSktvWklodmNOQVFFTEJRQXcKRFRFTE1Ba0dBMVVFQXhNQ1kyRXdIaGNOTWpRd01UQTRNVEkwTURNeVdoY05Nall3TVRBNE1USTFNRE15V2pBdwpNUmN3RlFZRFZRUUtFdzV6ZVhOMFpXMDZiV0Z6ZEdWeWN6RVZNQk1HQTFVRUF4TU1iV0Z6ZEdWeVkyeHBaVzUwCk1JSUNJakFOQmdrcWhraUc5dzBCQVFFRkFBT0NBZzhBTUlJQ0NnS0NBZ0VBdnVMSkhJejNkY1Y2d2h5N0xhSVkKZW1zT3RIWVIvckRrQnUySkJjUXRUTDBOOVE2TFRKSlY5T1NzTHp4NExQQzhTc2M3MUlvK0dPV01FRGdYc24zNAovSlB1T0JLMWZKQ2t1TklBanR6NXNHWjhvcDg3REtRMFBjL0Y0dU1kN0xDdW82RnBtR2RZTTcwRTZsb2s4N24rCnpROG5HUDFBRE1oaFNHSnFuU0dsV2gvWURWTi9ZbWV6N2NuYmJwZ0FzMHN2dXVkY2I5Ylc4TWJJS1c5aGNPS2YKQmZkamNNVzRId2E2VG43K0VCZHkyYlBYamR5Q2pYMkUyWlI5TUtOTTZybmpCUk5vWGhxK3drM1ZOSTdoVzlSeQp0bEUra2RhZG5MTG92a2Y4UnBGUkt2eGMwV2tSdFBsWnc5NHVidDdXM1NmQjZnQ3JoODgrQlZ1VzRpUGJxR0NNCmNYaWFFL1ZXMnNpTmNrQWtCRVhIMEJsdTlXQTJzNGNzeUg4Q0c4bEVvMmFhVUFiOGpiVzh1OEtsVGg0WThibjMKdWNWQVpPZXd6QzRqdXhEMzRTTEhKVUdsUkw3OUxHdVdRdDlOdWVQV2dMb2p2SG5RelVmUGRQVzNlZE13OHUyNQp0ZDRPZTZrVC90eEczZjYybVV2YWltY3Naejc0b3BzY1pjdS9RVC9LcUk2dWFHRnF6WWZxYkVhVXYvVitOTmpkClo0YjhmTS9qZ1AvQlEzODhwbnRJLytYQS9vVHZENGRiUmhXWDBLWUppUzQ3RS9WVmpRZWVKakNCZ1lZV1craFcKbURCTlFzWi80eW5HVnRDV2tBWmJPZnUvZjJ4b1ozelY1ZnBMTzZmcFEvcXlIQ1k3WTE1SGZ2YWkvcUNUR0FsWQpraUZZTy9nMWd5NCtIVGRFK04yREFHVUNBd0VBQWFOV01GUXdEZ1lEVlIwUEFRSC9CQVFEQWdXZ01CTUdBMVVkCkpRUU1NQW9HQ0NzR0FRVUZCd01DTUF3R0ExVWRFd0VCL3dRQ01BQXdId1lEVlIwakJCZ3dGb0FVUEU1Z0o5Q3kKMGpXNzJRaWxrN0YwbGQvM2ErY3dEUVlKS29aSWh2Y05BUUVMQlFBRGdnSUJBSWFseTIxUm5vTVVvSGxhTytwdwptRENGZThkaDhLb2RmaTdrV09iT2loYTJleEgxQjZyZkpsU3dHdFRYSWJMOFIzSTFEc2hnb0ZIUDNhemh2Z3YxCllJakVxdnR3ZEEzcjcydXNOUm01WEtLTlBQN2JTclFXUGR0eUl0c2VjTHV6SkM3NVhCWFptYkphWUptalVpaksKNGpCYXpVcTM3dkN5NlYyMUNrR3NTaTByZk81c3E5VmV3QjZQZDNpd3JJYnplMC9BMjZKejlOeG5EeVlWcEptWQppQ3JvNDhWNGltS3B2K1VzNlYzYTZORDRtMVN4WmxhKysvbmkwVlpqZHgvbUFleVZ0bXpESUZneURSVjkvaWk2Cm9yNUJ5bFM0Y1JxaW9SVmxvTmlubHNLV0o5MTRBczhMTmtUM3BqemZ2OXVjcFN6dGFnd0Q2TFNtNFlWaFFiSmIKczZBZjlLelFYMnJQbGdEd1FhVis1Y0VCbzhOZlA2YmxmdlRkWDJPOStGSUx2THFKZ1V5OXlDclVaMmtmcWI5cgpQN2RqNmNXQVJlSHB2bDdQVENuYUdWUUJGeXh3aDNibndReDFyOTlaTjh3WVoremZqVmhaRzE0VnhzYUNBMEZqCjdLNEJJaG16Q094eDhqS0ZhSGpwM1c5cDkvaGRjZXRBeEVWOEczWkNWUGpWOVByVnEweWRQK3lmeDdhNmtIc1UKaG1BMlp6NWJSTHB6NFNObGlXV211MDFPbEpsSGlaNWJXNnBkTDM1Ry9uYncxaU5DeWhFMEl6WjZGR05zaXJkcApLb1JjaHhTdGhweWRMalY0ODdQZnJ4cUxSS082a2x2aDRnVjhBYkNhYWxjcHh3ejJnajN1clpVUzhQNUlBaEM3CjREazJjalkxZVhBYkVHZnJXYnd0d0d2QwotLS0tLUVORCBDRVJUSUZJQ0FURS0tLS0tCg==",
                "client_key": "LS0tLS1CRUdJTiBSU0EgUFJJVkFURSBLRVktLS0tLQpNSUlKS2dJQkFBS0NBZ0VBdnVMSkhJejNkY1Y2d2h5N0xhSVllbXNPdEhZUi9yRGtCdTJKQmNRdFRMME45UTZMClRKSlY5T1NzTHp4NExQQzhTc2M3MUlvK0dPV01FRGdYc24zNC9KUHVPQksxZkpDa3VOSUFqdHo1c0daOG9wODcKREtRMFBjL0Y0dU1kN0xDdW82RnBtR2RZTTcwRTZsb2s4N24relE4bkdQMUFETWhoU0dKcW5TR2xXaC9ZRFZOLwpZbWV6N2NuYmJwZ0FzMHN2dXVkY2I5Ylc4TWJJS1c5aGNPS2ZCZmRqY01XNEh3YTZUbjcrRUJkeTJiUFhqZHlDCmpYMkUyWlI5TUtOTTZybmpCUk5vWGhxK3drM1ZOSTdoVzlSeXRsRStrZGFkbkxMb3ZrZjhScEZSS3Z4YzBXa1IKdFBsWnc5NHVidDdXM1NmQjZnQ3JoODgrQlZ1VzRpUGJxR0NNY1hpYUUvVlcyc2lOY2tBa0JFWEgwQmx1OVdBMgpzNGNzeUg4Q0c4bEVvMmFhVUFiOGpiVzh1OEtsVGg0WThibjN1Y1ZBWk9ld3pDNGp1eEQzNFNMSEpVR2xSTDc5CkxHdVdRdDlOdWVQV2dMb2p2SG5RelVmUGRQVzNlZE13OHUyNXRkNE9lNmtUL3R4RzNmNjJtVXZhaW1jc1p6NzQKb3BzY1pjdS9RVC9LcUk2dWFHRnF6WWZxYkVhVXYvVitOTmpkWjRiOGZNL2pnUC9CUTM4OHBudEkvK1hBL29UdgpENGRiUmhXWDBLWUppUzQ3RS9WVmpRZWVKakNCZ1lZV1craFdtREJOUXNaLzR5bkdWdENXa0FaYk9mdS9mMnhvClozelY1ZnBMTzZmcFEvcXlIQ1k3WTE1SGZ2YWkvcUNUR0FsWWtpRllPL2cxZ3k0K0hUZEUrTjJEQUdVQ0F3RUEKQVFLQ0FnRUF1QmMzSlZXK0FkS21CVFo0UGhZcHpVWWFOR2Y2Q3NyRjN2aU9RUVZsT3JESkdTRWhyb01pYXI5dQpYMC9PQm1sVTdqa2V0bWRzWTg1ZE9mY2V3NEZCOHpVbmRPUjJLdC9FUElvckI1eU5JVloxdE5BanZwbE4ySjdjCmxXZTdvRnowejlJSGFIZWlWS05pYmpEcG1qUXlTOGpsUi9CVktQN0c4MndXcmR1WkFFWGRzMXhuYVp2aHB0NFoKeFpyS2NoOTh0S0FVUWJmTUt3RktZTXVPQ2JSRThSZ1l5dFdrTUNmbzNYTVR5cWtTbG1vZTVDMVpxdUwya0cvbwpIRlFoQmU2bnhtbGxLZnhaSkVLejc3QXNIc2ZRcVl2SThCVXVnOFQzT1N0clhSTWdXSGh4ZTNQOUk2K21wb05MCi9KamtWdnpVd3J4S3NQdHBNUG1YbGhoRzZ5ZlJ5S0xISjY4d2JKNURnMldoSW1iT3RIR2xYSmpsbzh5RUNpc3oKd3ZINldyZHlEZmp2anJtaDI2eDFzTW8xL2x5OFNRdE5qYndjK25IdXNkMnFWakZPN3AzUkJzaWJRaTIxSmc3bQpPUVRNWE5xcVozOUNLK0hsVW9LVzJWa1ZmYWplSGtwZURtSjByRXpaTVhGZkRONndudjQ1bmxYWjI1SStTOG9mCmloVjFBS1hIZlk2Zzk0ZVdaTVE3UVk4WmFJaFNhNkppREI2OWJINkVqTzZ5V3lTT3c0bUI3OFBNMitsMlNQa0UKalpFZ0YrUnRkeDRBTU1GL2VxbmVvQ2lQdG0yUC8rVi9xSHRhSUE1cHdDMzJFdGlSZ29QUk84UWpwYWl0Q0V0MApPcjV5TEkyWjlRZ2prTW1tZVUxZDF5MllsZkRsN0dza1BPeFo3ZHdIQXFOR2t1SnA2ckVDZ2dFQkFOd0Q4TjU4CjUwWDF2VXd2d1FvWlJqMXBITUs5aXpNQTJFS28wVGxRWEVHSXdHNUIraHdrdUJWM20yQjdCazJsYTM3NG9WM00Ka0xDVUFGbDducTYzblNlNHVTSVlpZlc0SHZ5TlpXT0F5d2o3ZG5Ealo5SmRWRlZERGhoVHVMUW1hMTRZR2xjbQoyZDBDcWFqZTI1YytwTFBDSlFzdDNrNnpYTHN2bklWNUhVVllOMGNDUmJTVmFXMnNyY1lFUnZYVDI5N09nL3pVCk9UbE85enlQaTlORmJ3ZjZGbmFESWhyQjMvQlJvcXNzNjhtblFoZm1ua2RxY0xhQTV6M214eU12V0x3cWd5YkMKVW05TWNPaFpyUVo5c29UUFRSWjRhc3EyN3ZleFl0cEFnQXYxUHlUQ3d0WVhWNUc3NkdmZ3JBRm5JdmNKUHVGdApGZ0FpaDh4RWVsWllvbzhDZ2dFQkFONGJNS2dZOFlYTXl0NXozWlhLUXllWWRmQlZ2UHd1a1lJenJjb2N3ejIxClBTOEIvb0pIQ0xDRzFYWCt0SUZTK3FDNUNtR09GQ0FPMUx3aWFCZEZKSW83K3BwUERRLzZyQWJkQWRBU3NaQ0gKemhyR1RqbTlCbjU5ckJEKy94aVhDWGNNMlQzUzk4bnN6ZUgvL2lIQW9xNE14ZzFreWV1RWlZNmdzK3U0ZXR6eQpzM2ZWQ2gyai9mWEM1Y1NBZmdwMXRQdldYRHZVSFpZeHRHZ2pEMUhVbE1VUVQzS0RFSG1SVmtWYzl2UHJ1Z2ozCjlwQkVzMGpQNkM2TDliWGF1TVBFTDVvK1ZPaWUyWVVGSTdlVFdkT3FpL2FYU05GYzV3eWNsbUhsWnQwUUt0eVUKOXV0dlNvL1dsSHJERVpMc2tqSWR2WEpXZVRUVFBYbVdTSGUvWTBvTTE4c0NnZ0VBWE9sZEl0ZmtZdXJ2MGVpbwp3TGNEcnBOaERldzFpSWhteTErM1cxalFYT3gvTnhDdHFvem5JRW11V0FRY0dWWXVHeVNzSUl4dTNlTGljdWQ5Cmo1TUN6dTkzWHlxMXVBclZLeG9iSXZZVXgrcEpqa3E2WVdBQWFURTBGcG5rZWs5dk1BRkZ2bUF0eU9PQytrbUMKdWxBK0JadUxRVGxSbERLeWltb0UwMmplTDVhZFlXTllSSGFFVzBoODZnNk1XT3ZyQWlCOEpKMEt2V1RYaTcraQo4TWwxcGd5Nng3bUJBWU8yS2lxUFkzSkk4Sk90bWFKT1hTSmFEdmhJcng5eUlTMnhiMlVVbFoyaWFsWUJxRjJXCmNCTk0vRUQrOE9wUlR1SUo4SmY4Z3VhU0xIcVkrOUV6cm0yVkVYb2xIeGtHQ21HZnBtdEZIcldPZ09nVUtQTVMKSnJ5dmlRS0NBUUVBcEdHTFNWM3NveEpHc3cwZDJsYXdEUVlSZzZaeEVGT0c3YzVCdVd4QU05T0hUTnMwK2thSQpiOTNhN2xGc1ZxcUxRNWl2empQUlFVaTR1ZVRkRlJ2ZlIwL00wWmZnR3d0emRrRHJyb3VuVDBpemlhMXJCK0NXCmhkZU5HYWNnTlpyVExvRWI1MTNVZG1ZRW1sZFVScmJEci8xVU4yVjQ3QTVUb0hQZnRYMzdzTHNQaUlqcnk3UXIKcVZCdHJWbEw3NEhlU09VRnJtSDI0OG8xc3p6L2daakw0bTJIMzBDUldPZnY2Ylk4TDVzdlBLUUlvQTI0Z3hNYwp6QlpaN0JYTTJWYkJ4RzZOZVB6WUVGTVZkREJpTXYzdVNMcis4YlRJYTlVWWw2dW96Y1BCZFMvcTc2U1drbzVGCnBmWHBjOHdUQjNScldjd1dPTHArclJaRTNCdVI2S1JJc1FLQ0FRRUF3Uyt6bHdxOTl3U1FJby9LZXc5eHI1TDYKYlRudXYrbktRa1U1ak4xM0NHLzFpSUVITFJKUXFZNjRoeWpwMVQzWTZCeXYxdllDenQ2RHhLWUNqRUJ4b25aeApkQko1THhCWnNLWWsyRHVPUllselZIZGNZWVdXUTR6LzNhb0hSa1M5OFhvUjBPZmNTWUFZdmtSdnQ5OEdrU2VmCkd4MmxFb3Nac2dsTmMrUWhnSHI2bHhsQmNRbWlhSmRwZ0gySkk2dXQyT0UvdE15Sk1VTUo2VkRSTXZuNjZEWnQKSVROT3prYkJEYkJZbHg4NDVubjBvL0VOeVV4Mnp5aG5vQkpZZ1dmYlBxOWdQNmwwUlB2cFU1bGhGdUsvUko0Ygp6eE1hbWtINnlBM2lDd1VqdDFEY0tqdUVoYVhUbUxZM0xLWHIvdkRpV0pIWm9rQm5TN1JKb0RLTjVnVWN5dz09Ci0tLS0tRU5EIFJTQSBQUklWQVRFIEtFWS0tLS0tCg==",
                "cluster_ca_certificate": "LS0tLS1CRUdJTiBDRVJUSUZJQ0FURS0tLS0tCk1JSUU2VENDQXRHZ0F3SUJBZ0lSQU0xNWRIbjN1MitoYmxGQUdpS2RYZGd3RFFZSktvWklodmNOQVFFTEJRQXcKRFRFTE1Ba0dBMVVFQXhNQ1kyRXdJQmNOTWpRd01UQTRNVEkwTURNeVdoZ1BNakExTkRBeE1EZ3hNalV3TXpKYQpNQTB4Q3pBSkJnTlZCQU1UQW1OaE1JSUNJakFOQmdrcWhraUc5dzBCQVFFRkFBT0NBZzhBTUlJQ0NnS0NBZ0VBCm9NV0xHYmo1alNQaUQrUXhvRWxQV2ZrdktpcXRZWFc3RVM1ODNRbFJETzFKdHRYWFZvWjBtN1NUbG4xVHN2MUkKNTdMWVZyMWEwV1cyL3ZSa3pJN1UrQ2M3RTRzSldDT1VxWXNJekExTGpFOGRBVVhWWk9UUWI4K3BJWXV4TzduZgpFQzQySWFyZnVXSzczdlB3RGNiVEw3b0FRV2c2UkxTVWRQTThoc3JLQlpZMitBMHFQTHYzOUtXRXM4YW5tc0Z5CnIzemVnZmtSWmo5TWZaSnJjTUo3K0paUExVS1p6WGxIbnFZU2trTmdobG1uMW9mdjZWTUp4bFh0OVFlY1I3QUEKcjA3OU9ISzlPWU52K0UycG1qOGc4NkI0a05MNWgzQk5KaEtvTzhobzFHdnVEVFZoa21mUGRqWUpZcHErMWtqUQpuZUhkWHU4M3JLa3ZzeUNvZ1d2eVZmREZ5ZkZQV25uYlVOVEViZU04bWY5MGZ1TlgyZEJrVFVyNVNtR1dJbHhVCnR2Y20yWUpNd0N6dkcvRUozTHdrRDAvdkFKaDZKK3lxYnJhdjJncHB3VVVDakhieFFtbDl4SFZ0NElkdXBoSHYKSWp0SXBWV0xmZXBJdENEb2FvNk1Jcy94ZVI1eTl2VHpCQWdWVWhHSmt0WXFIUXl3TitBTlFVeFZraGg1MjJSOQpQeW8wRnZUK202ZDE4aFZ3L1kwYWRpTWFxeG5Sem04WWVrRUZ0b2VDcHllT0krT1JVM2Y0QW5FZEFKQUhaODllCnB2bEtTUXRjaTRpTHNRSnJZWGJCSjI1SDl4aHhNTmZmVVBBM29GV0h4K2cvbTVSZHpTSnArUmpQTFc4bWZ5TG4KR2NNeG9URGFrR0NubG12eWIwMmlrVU9kTWlHM2JkakQ5bUhubmtOVHMzc0NBd0VBQWFOQ01FQXdEZ1lEVlIwUApBUUgvQkFRREFnS2tNQThHQTFVZEV3RUIvd1FGTUFNQkFmOHdIUVlEVlIwT0JCWUVGRHhPWUNmUXN0STF1OWtJCnBaT3hkSlhmOTJ2bk1BMEdDU3FHU0liM0RRRUJDd1VBQTRJQ0FRQkNXcTh4K0NBdjdod2luOWhhVTM1TXdOdWEKd0ZqdkUzZ1VUS0t4cWZ2cEZ4SkNDajA0NzFMOHJ4NWx1SGViMmVCcTIwT3BoRjNUR1Zhc1Q5NTBrcVN5eklMawpYdklUKzhqc2lqNEhCTmhVRkhqbGN0V1ZQSVFpeGR0RkZBWWtNa091bHVhWlQ5RlBSNlVISklTQTFXSnYrWFhhCkgwOWNKWEJlYmlQRytIQkpwVjdLckVtL1JnR2Vvc1BXT2J0TmlzaVV3TzExUFBST01NektkSThCbmhUQ3RweS8KcGo4dmtoMVRvamFyVHdUYkRMSW8xd0U3SXA5L29lTXhEN2kvdzNXZEtWL3YrK3pWWWd5MTBSZFIycUJ0NXZpMQorYm5GanNDR1NKWTA3VVF0RlRzWDNyeitZRmc4ME5tbk82bUZUYWZGQlpybHBOUTRSZDkxVXRTSzMzdG95UXBvCmlaRXRuRXF0WWtsczZlRTlNMURyL3JkYnpySDJGYk9GTlZDQjRZNnpNNzErbWY0QytQaGlPd2k4MFJFcnR4TVoKU0JvZVhSZzUyOUhJdzJvNWpOYlB2NDZOMTNhMU0yNkNESkVSWHRCZ0FPM1JVay9kVG9ici9JTGN0UWtiYUUreQpBOFJZM0dERDFJeXhSUUhaR0ZjWmV5WGJmYkRMbmNPUGEwcFUwckZLcDdxeXZhVElmYUZGNzhqQUYzV2wvS0NMCjVEckcrV1hJZkN6ekoybjZFZzhqbXJlVjlLOTY3Wk5NSGNJNmVzelN1WXRwL0orQ0VNNjUwa0hoL2ZJY01iUHIKWXJDYWF3eHdwRWZNK1Z0MTlXencvT21YcWc0RU5nTTd3N05jdTlXTUdTazg1M2lqaFA0aHlCS3Ewc1c2VHFkSwoyM1RyVDR5cjdySmJSOURaRVE9PQotLS0tLUVORCBDRVJUSUZJQ0FURS0tLS0tCg==",
                "host": "https://squaremarket-aks-x3z8ynwg.hcp.northeurope.azmk8s.io:443",
                "password": "1tz37c4ameoyvmakjv9630y4xfgz04hkft390u1zt5mb17xbggmpojzjx0gs1at1kz6cadg9k3s6304b0wp4wccvoqocjqz57nbyb6v0dv7d60a41c4ts3bivijdatgr",
                "username": "clusterUser_squaremarket-group_squaremarket-aks"
              }
            ],
            "kube_config_raw": "apiVersion: v1\nclusters:\n- cluster:\n    certificate-authority-data: LS0tLS1CRUdJTiBDRVJUSUZJQ0FURS0tLS0tCk1JSUU2VENDQXRHZ0F3SUJBZ0lSQU0xNWRIbjN1MitoYmxGQUdpS2RYZGd3RFFZSktvWklodmNOQVFFTEJRQXcKRFRFTE1Ba0dBMVVFQXhNQ1kyRXdJQmNOTWpRd01UQTRNVEkwTURNeVdoZ1BNakExTkRBeE1EZ3hNalV3TXpKYQpNQTB4Q3pBSkJnTlZCQU1UQW1OaE1JSUNJakFOQmdrcWhraUc5dzBCQVFFRkFBT0NBZzhBTUlJQ0NnS0NBZ0VBCm9NV0xHYmo1alNQaUQrUXhvRWxQV2ZrdktpcXRZWFc3RVM1ODNRbFJETzFKdHRYWFZvWjBtN1NUbG4xVHN2MUkKNTdMWVZyMWEwV1cyL3ZSa3pJN1UrQ2M3RTRzSldDT1VxWXNJekExTGpFOGRBVVhWWk9UUWI4K3BJWXV4TzduZgpFQzQySWFyZnVXSzczdlB3RGNiVEw3b0FRV2c2UkxTVWRQTThoc3JLQlpZMitBMHFQTHYzOUtXRXM4YW5tc0Z5CnIzemVnZmtSWmo5TWZaSnJjTUo3K0paUExVS1p6WGxIbnFZU2trTmdobG1uMW9mdjZWTUp4bFh0OVFlY1I3QUEKcjA3OU9ISzlPWU52K0UycG1qOGc4NkI0a05MNWgzQk5KaEtvTzhobzFHdnVEVFZoa21mUGRqWUpZcHErMWtqUQpuZUhkWHU4M3JLa3ZzeUNvZ1d2eVZmREZ5ZkZQV25uYlVOVEViZU04bWY5MGZ1TlgyZEJrVFVyNVNtR1dJbHhVCnR2Y20yWUpNd0N6dkcvRUozTHdrRDAvdkFKaDZKK3lxYnJhdjJncHB3VVVDakhieFFtbDl4SFZ0NElkdXBoSHYKSWp0SXBWV0xmZXBJdENEb2FvNk1Jcy94ZVI1eTl2VHpCQWdWVWhHSmt0WXFIUXl3TitBTlFVeFZraGg1MjJSOQpQeW8wRnZUK202ZDE4aFZ3L1kwYWRpTWFxeG5Sem04WWVrRUZ0b2VDcHllT0krT1JVM2Y0QW5FZEFKQUhaODllCnB2bEtTUXRjaTRpTHNRSnJZWGJCSjI1SDl4aHhNTmZmVVBBM29GV0h4K2cvbTVSZHpTSnArUmpQTFc4bWZ5TG4KR2NNeG9URGFrR0NubG12eWIwMmlrVU9kTWlHM2JkakQ5bUhubmtOVHMzc0NBd0VBQWFOQ01FQXdEZ1lEVlIwUApBUUgvQkFRREFnS2tNQThHQTFVZEV3RUIvd1FGTUFNQkFmOHdIUVlEVlIwT0JCWUVGRHhPWUNmUXN0STF1OWtJCnBaT3hkSlhmOTJ2bk1BMEdDU3FHU0liM0RRRUJDd1VBQTRJQ0FRQkNXcTh4K0NBdjdod2luOWhhVTM1TXdOdWEKd0ZqdkUzZ1VUS0t4cWZ2cEZ4SkNDajA0NzFMOHJ4NWx1SGViMmVCcTIwT3BoRjNUR1Zhc1Q5NTBrcVN5eklMawpYdklUKzhqc2lqNEhCTmhVRkhqbGN0V1ZQSVFpeGR0RkZBWWtNa091bHVhWlQ5RlBSNlVISklTQTFXSnYrWFhhCkgwOWNKWEJlYmlQRytIQkpwVjdLckVtL1JnR2Vvc1BXT2J0TmlzaVV3TzExUFBST01NektkSThCbmhUQ3RweS8KcGo4dmtoMVRvamFyVHdUYkRMSW8xd0U3SXA5L29lTXhEN2kvdzNXZEtWL3YrK3pWWWd5MTBSZFIycUJ0NXZpMQorYm5GanNDR1NKWTA3VVF0RlRzWDNyeitZRmc4ME5tbk82bUZUYWZGQlpybHBOUTRSZDkxVXRTSzMzdG95UXBvCmlaRXRuRXF0WWtsczZlRTlNMURyL3JkYnpySDJGYk9GTlZDQjRZNnpNNzErbWY0QytQaGlPd2k4MFJFcnR4TVoKU0JvZVhSZzUyOUhJdzJvNWpOYlB2NDZOMTNhMU0yNkNESkVSWHRCZ0FPM1JVay9kVG9ici9JTGN0UWtiYUUreQpBOFJZM0dERDFJeXhSUUhaR0ZjWmV5WGJmYkRMbmNPUGEwcFUwckZLcDdxeXZhVElmYUZGNzhqQUYzV2wvS0NMCjVEckcrV1hJZkN6ekoybjZFZzhqbXJlVjlLOTY3Wk5NSGNJNmVzelN1WXRwL0orQ0VNNjUwa0hoL2ZJY01iUHIKWXJDYWF3eHdwRWZNK1Z0MTlXencvT21YcWc0RU5nTTd3N05jdTlXTUdTazg1M2lqaFA0aHlCS3Ewc1c2VHFkSwoyM1RyVDR5cjdySmJSOURaRVE9PQotLS0tLUVORCBDRVJUSUZJQ0FURS0tLS0tCg==\n    server: https://squaremarket-aks-x3z8ynwg.hcp.northeurope.azmk8s.io:443\n  name: squaremarket-aks\ncontexts:\n- context:\n    cluster: squaremarket-aks\n    user: clusterUser_squaremarket-group_squaremarket-aks\n  name: squaremarket-aks\ncurrent-context: squaremarket-aks\nkind: Config\npreferences: {}\nusers:\n- name: clusterUser_squaremarket-group_squaremarket-aks\n  user:\n    client-certificate-data: LS0tLS1CRUdJTiBDRVJUSUZJQ0FURS0tLS0tCk1JSUZIakNDQXdhZ0F3SUJBZ0lSQUtZa1JQTFkwdmxmSzRLZVJSN2J4dG93RFFZSktvWklodmNOQVFFTEJRQXcKRFRFTE1Ba0dBMVVFQXhNQ1kyRXdIaGNOTWpRd01UQTRNVEkwTURNeVdoY05Nall3TVRBNE1USTFNRE15V2pBdwpNUmN3RlFZRFZRUUtFdzV6ZVhOMFpXMDZiV0Z6ZEdWeWN6RVZNQk1HQTFVRUF4TU1iV0Z6ZEdWeVkyeHBaVzUwCk1JSUNJakFOQmdrcWhraUc5dzBCQVFFRkFBT0NBZzhBTUlJQ0NnS0NBZ0VBdnVMSkhJejNkY1Y2d2h5N0xhSVkKZW1zT3RIWVIvckRrQnUySkJjUXRUTDBOOVE2TFRKSlY5T1NzTHp4NExQQzhTc2M3MUlvK0dPV01FRGdYc24zNAovSlB1T0JLMWZKQ2t1TklBanR6NXNHWjhvcDg3REtRMFBjL0Y0dU1kN0xDdW82RnBtR2RZTTcwRTZsb2s4N24rCnpROG5HUDFBRE1oaFNHSnFuU0dsV2gvWURWTi9ZbWV6N2NuYmJwZ0FzMHN2dXVkY2I5Ylc4TWJJS1c5aGNPS2YKQmZkamNNVzRId2E2VG43K0VCZHkyYlBYamR5Q2pYMkUyWlI5TUtOTTZybmpCUk5vWGhxK3drM1ZOSTdoVzlSeQp0bEUra2RhZG5MTG92a2Y4UnBGUkt2eGMwV2tSdFBsWnc5NHVidDdXM1NmQjZnQ3JoODgrQlZ1VzRpUGJxR0NNCmNYaWFFL1ZXMnNpTmNrQWtCRVhIMEJsdTlXQTJzNGNzeUg4Q0c4bEVvMmFhVUFiOGpiVzh1OEtsVGg0WThibjMKdWNWQVpPZXd6QzRqdXhEMzRTTEhKVUdsUkw3OUxHdVdRdDlOdWVQV2dMb2p2SG5RelVmUGRQVzNlZE13OHUyNQp0ZDRPZTZrVC90eEczZjYybVV2YWltY3Naejc0b3BzY1pjdS9RVC9LcUk2dWFHRnF6WWZxYkVhVXYvVitOTmpkClo0YjhmTS9qZ1AvQlEzODhwbnRJLytYQS9vVHZENGRiUmhXWDBLWUppUzQ3RS9WVmpRZWVKakNCZ1lZV1craFcKbURCTlFzWi80eW5HVnRDV2tBWmJPZnUvZjJ4b1ozelY1ZnBMTzZmcFEvcXlIQ1k3WTE1SGZ2YWkvcUNUR0FsWQpraUZZTy9nMWd5NCtIVGRFK04yREFHVUNBd0VBQWFOV01GUXdEZ1lEVlIwUEFRSC9CQVFEQWdXZ01CTUdBMVVkCkpRUU1NQW9HQ0NzR0FRVUZCd01DTUF3R0ExVWRFd0VCL3dRQ01BQXdId1lEVlIwakJCZ3dGb0FVUEU1Z0o5Q3kKMGpXNzJRaWxrN0YwbGQvM2ErY3dEUVlKS29aSWh2Y05BUUVMQlFBRGdnSUJBSWFseTIxUm5vTVVvSGxhTytwdwptRENGZThkaDhLb2RmaTdrV09iT2loYTJleEgxQjZyZkpsU3dHdFRYSWJMOFIzSTFEc2hnb0ZIUDNhemh2Z3YxCllJakVxdnR3ZEEzcjcydXNOUm01WEtLTlBQN2JTclFXUGR0eUl0c2VjTHV6SkM3NVhCWFptYkphWUptalVpaksKNGpCYXpVcTM3dkN5NlYyMUNrR3NTaTByZk81c3E5VmV3QjZQZDNpd3JJYnplMC9BMjZKejlOeG5EeVlWcEptWQppQ3JvNDhWNGltS3B2K1VzNlYzYTZORDRtMVN4WmxhKysvbmkwVlpqZHgvbUFleVZ0bXpESUZneURSVjkvaWk2Cm9yNUJ5bFM0Y1JxaW9SVmxvTmlubHNLV0o5MTRBczhMTmtUM3BqemZ2OXVjcFN6dGFnd0Q2TFNtNFlWaFFiSmIKczZBZjlLelFYMnJQbGdEd1FhVis1Y0VCbzhOZlA2YmxmdlRkWDJPOStGSUx2THFKZ1V5OXlDclVaMmtmcWI5cgpQN2RqNmNXQVJlSHB2bDdQVENuYUdWUUJGeXh3aDNibndReDFyOTlaTjh3WVoremZqVmhaRzE0VnhzYUNBMEZqCjdLNEJJaG16Q094eDhqS0ZhSGpwM1c5cDkvaGRjZXRBeEVWOEczWkNWUGpWOVByVnEweWRQK3lmeDdhNmtIc1UKaG1BMlp6NWJSTHB6NFNObGlXV211MDFPbEpsSGlaNWJXNnBkTDM1Ry9uYncxaU5DeWhFMEl6WjZGR05zaXJkcApLb1JjaHhTdGhweWRMalY0ODdQZnJ4cUxSS082a2x2aDRnVjhBYkNhYWxjcHh3ejJnajN1clpVUzhQNUlBaEM3CjREazJjalkxZVhBYkVHZnJXYnd0d0d2QwotLS0tLUVORCBDRVJUSUZJQ0FURS0tLS0tCg==\n    client-key-data: LS0tLS1CRUdJTiBSU0EgUFJJVkFURSBLRVktLS0tLQpNSUlKS2dJQkFBS0NBZ0VBdnVMSkhJejNkY1Y2d2h5N0xhSVllbXNPdEhZUi9yRGtCdTJKQmNRdFRMME45UTZMClRKSlY5T1NzTHp4NExQQzhTc2M3MUlvK0dPV01FRGdYc24zNC9KUHVPQksxZkpDa3VOSUFqdHo1c0daOG9wODcKREtRMFBjL0Y0dU1kN0xDdW82RnBtR2RZTTcwRTZsb2s4N24relE4bkdQMUFETWhoU0dKcW5TR2xXaC9ZRFZOLwpZbWV6N2NuYmJwZ0FzMHN2dXVkY2I5Ylc4TWJJS1c5aGNPS2ZCZmRqY01XNEh3YTZUbjcrRUJkeTJiUFhqZHlDCmpYMkUyWlI5TUtOTTZybmpCUk5vWGhxK3drM1ZOSTdoVzlSeXRsRStrZGFkbkxMb3ZrZjhScEZSS3Z4YzBXa1IKdFBsWnc5NHVidDdXM1NmQjZnQ3JoODgrQlZ1VzRpUGJxR0NNY1hpYUUvVlcyc2lOY2tBa0JFWEgwQmx1OVdBMgpzNGNzeUg4Q0c4bEVvMmFhVUFiOGpiVzh1OEtsVGg0WThibjN1Y1ZBWk9ld3pDNGp1eEQzNFNMSEpVR2xSTDc5CkxHdVdRdDlOdWVQV2dMb2p2SG5RelVmUGRQVzNlZE13OHUyNXRkNE9lNmtUL3R4RzNmNjJtVXZhaW1jc1p6NzQKb3BzY1pjdS9RVC9LcUk2dWFHRnF6WWZxYkVhVXYvVitOTmpkWjRiOGZNL2pnUC9CUTM4OHBudEkvK1hBL29UdgpENGRiUmhXWDBLWUppUzQ3RS9WVmpRZWVKakNCZ1lZV1craFdtREJOUXNaLzR5bkdWdENXa0FaYk9mdS9mMnhvClozelY1ZnBMTzZmcFEvcXlIQ1k3WTE1SGZ2YWkvcUNUR0FsWWtpRllPL2cxZ3k0K0hUZEUrTjJEQUdVQ0F3RUEKQVFLQ0FnRUF1QmMzSlZXK0FkS21CVFo0UGhZcHpVWWFOR2Y2Q3NyRjN2aU9RUVZsT3JESkdTRWhyb01pYXI5dQpYMC9PQm1sVTdqa2V0bWRzWTg1ZE9mY2V3NEZCOHpVbmRPUjJLdC9FUElvckI1eU5JVloxdE5BanZwbE4ySjdjCmxXZTdvRnowejlJSGFIZWlWS05pYmpEcG1qUXlTOGpsUi9CVktQN0c4MndXcmR1WkFFWGRzMXhuYVp2aHB0NFoKeFpyS2NoOTh0S0FVUWJmTUt3RktZTXVPQ2JSRThSZ1l5dFdrTUNmbzNYTVR5cWtTbG1vZTVDMVpxdUwya0cvbwpIRlFoQmU2bnhtbGxLZnhaSkVLejc3QXNIc2ZRcVl2SThCVXVnOFQzT1N0clhSTWdXSGh4ZTNQOUk2K21wb05MCi9KamtWdnpVd3J4S3NQdHBNUG1YbGhoRzZ5ZlJ5S0xISjY4d2JKNURnMldoSW1iT3RIR2xYSmpsbzh5RUNpc3oKd3ZINldyZHlEZmp2anJtaDI2eDFzTW8xL2x5OFNRdE5qYndjK25IdXNkMnFWakZPN3AzUkJzaWJRaTIxSmc3bQpPUVRNWE5xcVozOUNLK0hsVW9LVzJWa1ZmYWplSGtwZURtSjByRXpaTVhGZkRONndudjQ1bmxYWjI1SStTOG9mCmloVjFBS1hIZlk2Zzk0ZVdaTVE3UVk4WmFJaFNhNkppREI2OWJINkVqTzZ5V3lTT3c0bUI3OFBNMitsMlNQa0UKalpFZ0YrUnRkeDRBTU1GL2VxbmVvQ2lQdG0yUC8rVi9xSHRhSUE1cHdDMzJFdGlSZ29QUk84UWpwYWl0Q0V0MApPcjV5TEkyWjlRZ2prTW1tZVUxZDF5MllsZkRsN0dza1BPeFo3ZHdIQXFOR2t1SnA2ckVDZ2dFQkFOd0Q4TjU4CjUwWDF2VXd2d1FvWlJqMXBITUs5aXpNQTJFS28wVGxRWEVHSXdHNUIraHdrdUJWM20yQjdCazJsYTM3NG9WM00Ka0xDVUFGbDducTYzblNlNHVTSVlpZlc0SHZ5TlpXT0F5d2o3ZG5Ealo5SmRWRlZERGhoVHVMUW1hMTRZR2xjbQoyZDBDcWFqZTI1YytwTFBDSlFzdDNrNnpYTHN2bklWNUhVVllOMGNDUmJTVmFXMnNyY1lFUnZYVDI5N09nL3pVCk9UbE85enlQaTlORmJ3ZjZGbmFESWhyQjMvQlJvcXNzNjhtblFoZm1ua2RxY0xhQTV6M214eU12V0x3cWd5YkMKVW05TWNPaFpyUVo5c29UUFRSWjRhc3EyN3ZleFl0cEFnQXYxUHlUQ3d0WVhWNUc3NkdmZ3JBRm5JdmNKUHVGdApGZ0FpaDh4RWVsWllvbzhDZ2dFQkFONGJNS2dZOFlYTXl0NXozWlhLUXllWWRmQlZ2UHd1a1lJenJjb2N3ejIxClBTOEIvb0pIQ0xDRzFYWCt0SUZTK3FDNUNtR09GQ0FPMUx3aWFCZEZKSW83K3BwUERRLzZyQWJkQWRBU3NaQ0gKemhyR1RqbTlCbjU5ckJEKy94aVhDWGNNMlQzUzk4bnN6ZUgvL2lIQW9xNE14ZzFreWV1RWlZNmdzK3U0ZXR6eQpzM2ZWQ2gyai9mWEM1Y1NBZmdwMXRQdldYRHZVSFpZeHRHZ2pEMUhVbE1VUVQzS0RFSG1SVmtWYzl2UHJ1Z2ozCjlwQkVzMGpQNkM2TDliWGF1TVBFTDVvK1ZPaWUyWVVGSTdlVFdkT3FpL2FYU05GYzV3eWNsbUhsWnQwUUt0eVUKOXV0dlNvL1dsSHJERVpMc2tqSWR2WEpXZVRUVFBYbVdTSGUvWTBvTTE4c0NnZ0VBWE9sZEl0ZmtZdXJ2MGVpbwp3TGNEcnBOaERldzFpSWhteTErM1cxalFYT3gvTnhDdHFvem5JRW11V0FRY0dWWXVHeVNzSUl4dTNlTGljdWQ5Cmo1TUN6dTkzWHlxMXVBclZLeG9iSXZZVXgrcEpqa3E2WVdBQWFURTBGcG5rZWs5dk1BRkZ2bUF0eU9PQytrbUMKdWxBK0JadUxRVGxSbERLeWltb0UwMmplTDVhZFlXTllSSGFFVzBoODZnNk1XT3ZyQWlCOEpKMEt2V1RYaTcraQo4TWwxcGd5Nng3bUJBWU8yS2lxUFkzSkk4Sk90bWFKT1hTSmFEdmhJcng5eUlTMnhiMlVVbFoyaWFsWUJxRjJXCmNCTk0vRUQrOE9wUlR1SUo4SmY4Z3VhU0xIcVkrOUV6cm0yVkVYb2xIeGtHQ21HZnBtdEZIcldPZ09nVUtQTVMKSnJ5dmlRS0NBUUVBcEdHTFNWM3NveEpHc3cwZDJsYXdEUVlSZzZaeEVGT0c3YzVCdVd4QU05T0hUTnMwK2thSQpiOTNhN2xGc1ZxcUxRNWl2empQUlFVaTR1ZVRkRlJ2ZlIwL00wWmZnR3d0emRrRHJyb3VuVDBpemlhMXJCK0NXCmhkZU5HYWNnTlpyVExvRWI1MTNVZG1ZRW1sZFVScmJEci8xVU4yVjQ3QTVUb0hQZnRYMzdzTHNQaUlqcnk3UXIKcVZCdHJWbEw3NEhlU09VRnJtSDI0OG8xc3p6L2daakw0bTJIMzBDUldPZnY2Ylk4TDVzdlBLUUlvQTI0Z3hNYwp6QlpaN0JYTTJWYkJ4RzZOZVB6WUVGTVZkREJpTXYzdVNMcis4YlRJYTlVWWw2dW96Y1BCZFMvcTc2U1drbzVGCnBmWHBjOHdUQjNScldjd1dPTHArclJaRTNCdVI2S1JJc1FLQ0FRRUF3Uyt6bHdxOTl3U1FJby9LZXc5eHI1TDYKYlRudXYrbktRa1U1ak4xM0NHLzFpSUVITFJKUXFZNjRoeWpwMVQzWTZCeXYxdllDenQ2RHhLWUNqRUJ4b25aeApkQko1THhCWnNLWWsyRHVPUllselZIZGNZWVdXUTR6LzNhb0hSa1M5OFhvUjBPZmNTWUFZdmtSdnQ5OEdrU2VmCkd4MmxFb3Nac2dsTmMrUWhnSHI2bHhsQmNRbWlhSmRwZ0gySkk2dXQyT0UvdE15Sk1VTUo2VkRSTXZuNjZEWnQKSVROT3prYkJEYkJZbHg4NDVubjBvL0VOeVV4Mnp5aG5vQkpZZ1dmYlBxOWdQNmwwUlB2cFU1bGhGdUsvUko0Ygp6eE1hbWtINnlBM2lDd1VqdDFEY0tqdUVoYVhUbUxZM0xLWHIvdkRpV0pIWm9rQm5TN1JKb0RLTjVnVWN5dz09Ci0tLS0tRU5EIFJTQSBQUklWQVRFIEtFWS0tLS0tCg==\n    token: 1tz37c4ameoyvmakjv9630y4xfgz04hkft390u1zt5mb17xbggmpojzjx0gs1at1kz6cadg9k3s6304b0wp4wccvoqocjqz57nbyb6v0dv7d60a41c4ts3bivijdatgr\n",
            "kubelet_identity": [
              {
                "client_id": "fcf05011-cf9d-41ff-b7c7-0b3b0193ec4d",
                "object_id": "d72150ad-1308-4401-94b9-5e8d216f4509",
                "user_assigned_identity_id": "/subscriptions/a210845b-25ae-4bcf-8aea-919dfd0a4467/resourceGroups/MC_squaremarket-group_squaremarket-aks_northeurope/providers/Microsoft.ManagedIdentity/userAssignedIdentities/squaremarket-aks-agentpool"
              }
            ],
            "kubernetes_version": "1.28.0",
            "linux_profile": [],
            "local_account_disabled": false,
            "location": "northeurope",
            "maintenance_window": [],
            "name": "squaremarket-aks",
            "network_profile": [
              {
                "dns_service_ip": "10.0.0.10",
                "docker_bridge_cidr": "172.17.0.1/16",
                "load_balancer_profile": [
                  {
                    "effective_outbound_ips": [
                      "/subscriptions/a210845b-25ae-4bcf-8aea-919dfd0a4467/resourceGroups/MC_squaremarket-group_squaremarket-aks_northeurope/providers/Microsoft.Network/publicIPAddresses/780bd729-57c1-4b28-9f5c-314c42402f91"
                    ],
                    "idle_timeout_in_minutes": 0,
                    "managed_outbound_ip_count": 1,
                    "outbound_ip_address_ids": [],
                    "outbound_ip_prefix_ids": [],
                    "outbound_ports_allocated": 0
                  }
                ],
                "load_balancer_sku": "standard",
                "nat_gateway_profile": [],
                "network_mode": "",
                "network_plugin": "kubenet",
                "network_policy": "calico",
                "outbound_type": "loadBalancer",
                "pod_cidr": "10.244.0.0/16",
                "service_cidr": "10.0.0.0/16"
              }
            ],
            "node_resource_group": "MC_squaremarket-group_squaremarket-aks_northeurope",
            "oms_agent": [],
            "open_service_mesh_enabled": false,
            "portal_fqdn": "squaremarket-aks-x3z8ynwg.portal.hcp.northeurope.azmk8s.io",
            "private_cluster_enabled": false,
            "private_cluster_public_fqdn_enabled": false,
            "private_dns_zone_id": "",
            "private_fqdn": "",
            "public_network_access_enabled": true,
            "resource_group_name": "squaremarket-group",
            "role_based_access_control_enabled": true,
            "service_principal": [],
            "sku_tier": "Free",
            "tags": {
              "environment": "production",
              "source": "terraform"
            },
            "timeouts": null,
            "windows_profile": []
          },
          "sensitive_attributes": [],
          "private": "eyJlMmJmYjczMC1lY2FhLTExZTYtOGY4OC0zNDM2M2JjN2M0YzAiOnsiY3JlYXRlIjo1NDAwMDAwMDAwMDAwLCJkZWxldGUiOjU0MDAwMDAwMDAwMDAsInJlYWQiOjMwMDAwMDAwMDAwMCwidXBkYXRlIjo1NDAwMDAwMDAwMDAwfSwic2NoZW1hX3ZlcnNpb24iOiIyIn0=",
          "dependencies": [
            "azurerm_resource_group.squaremarket-group"
          ]
        }
      ]
    },
    {
      "mode": "managed",
      "type": "azurerm_mysql_database",
      "name": "accounts-db",
      "provider": "provider[\"registry.terraform.io/hashicorp/azurerm\"]",
      "instances": [
        {
          "schema_version": 0,
          "attributes": {
            "charset": "utf8",
            "collation": "utf8_unicode_ci",
            "id": "/subscriptions/a210845b-25ae-4bcf-8aea-919dfd0a4467/resourceGroups/squaremarket-group/providers/Microsoft.DBforMySQL/servers/squaremarket-accounts/databases/accounts",
            "name": "accounts",
            "resource_group_name": "squaremarket-group",
            "server_name": "squaremarket-accounts",
            "timeouts": null
          },
          "sensitive_attributes": [],
          "private": "eyJlMmJmYjczMC1lY2FhLTExZTYtOGY4OC0zNDM2M2JjN2M0YzAiOnsiY3JlYXRlIjozNjAwMDAwMDAwMDAwLCJkZWxldGUiOjM2MDAwMDAwMDAwMDAsInJlYWQiOjMwMDAwMDAwMDAwMCwidXBkYXRlIjozNjAwMDAwMDAwMDAwfX0=",
          "dependencies": [
            "azurerm_mysql_server.accounts-db-server",
            "azurerm_resource_group.squaremarket-group"
          ]
        }
      ]
    },
    {
      "mode": "managed",
      "type": "azurerm_mysql_database",
      "name": "advertisements-db",
      "provider": "provider[\"registry.terraform.io/hashicorp/azurerm\"]",
      "instances": [
        {
          "schema_version": 0,
          "attributes": {
            "charset": "utf8",
            "collation": "utf8_unicode_ci",
            "id": "/subscriptions/a210845b-25ae-4bcf-8aea-919dfd0a4467/resourceGroups/squaremarket-group/providers/Microsoft.DBforMySQL/servers/squaremarket-advertisements/databases/advertisements",
            "name": "advertisements",
            "resource_group_name": "squaremarket-group",
            "server_name": "squaremarket-advertisements",
            "timeouts": null
          },
          "sensitive_attributes": [],
          "private": "eyJlMmJmYjczMC1lY2FhLTExZTYtOGY4OC0zNDM2M2JjN2M0YzAiOnsiY3JlYXRlIjozNjAwMDAwMDAwMDAwLCJkZWxldGUiOjM2MDAwMDAwMDAwMDAsInJlYWQiOjMwMDAwMDAwMDAwMCwidXBkYXRlIjozNjAwMDAwMDAwMDAwfX0=",
          "dependencies": [
            "azurerm_mysql_server.advertisements-db-server",
            "azurerm_resource_group.squaremarket-group"
          ]
        }
      ]
    },
    {
      "mode": "managed",
      "type": "azurerm_mysql_firewall_rule",
      "name": "accounts-db-to-server",
      "provider": "provider[\"registry.terraform.io/hashicorp/azurerm\"]",
      "instances": [
        {
          "schema_version": 0,
          "attributes": {
            "end_ip_address": "255.255.255.255",
            "id": "/subscriptions/a210845b-25ae-4bcf-8aea-919dfd0a4467/resourceGroups/squaremarket-group/providers/Microsoft.DBforMySQL/servers/squaremarket-accounts/firewallRules/server",
            "name": "server",
            "resource_group_name": "squaremarket-group",
            "server_name": "squaremarket-accounts",
            "start_ip_address": "0.0.0.0",
            "timeouts": null
          },
          "sensitive_attributes": [],
          "private": "eyJlMmJmYjczMC1lY2FhLTExZTYtOGY4OC0zNDM2M2JjN2M0YzAiOnsiY3JlYXRlIjoxODAwMDAwMDAwMDAwLCJkZWxldGUiOjE4MDAwMDAwMDAwMDAsInJlYWQiOjMwMDAwMDAwMDAwMCwidXBkYXRlIjoxODAwMDAwMDAwMDAwfX0=",
          "dependencies": [
            "azurerm_mysql_server.accounts-db-server",
            "azurerm_resource_group.squaremarket-group"
          ]
        }
      ]
    },
    {
      "mode": "managed",
      "type": "azurerm_mysql_firewall_rule",
      "name": "advertisements-db-to-server",
      "provider": "provider[\"registry.terraform.io/hashicorp/azurerm\"]",
      "instances": [
        {
          "schema_version": 0,
          "attributes": {
            "end_ip_address": "255.255.255.255",
            "id": "/subscriptions/a210845b-25ae-4bcf-8aea-919dfd0a4467/resourceGroups/squaremarket-group/providers/Microsoft.DBforMySQL/servers/squaremarket-advertisements/firewallRules/server",
            "name": "server",
            "resource_group_name": "squaremarket-group",
            "server_name": "squaremarket-advertisements",
            "start_ip_address": "0.0.0.0",
            "timeouts": null
          },
          "sensitive_attributes": [],
          "private": "eyJlMmJmYjczMC1lY2FhLTExZTYtOGY4OC0zNDM2M2JjN2M0YzAiOnsiY3JlYXRlIjoxODAwMDAwMDAwMDAwLCJkZWxldGUiOjE4MDAwMDAwMDAwMDAsInJlYWQiOjMwMDAwMDAwMDAwMCwidXBkYXRlIjoxODAwMDAwMDAwMDAwfX0=",
          "dependencies": [
            "azurerm_mysql_server.advertisements-db-server",
            "azurerm_resource_group.squaremarket-group"
          ]
        }
      ]
    },
    {
      "mode": "managed",
      "type": "azurerm_mysql_server",
      "name": "accounts-db-server",
      "provider": "provider[\"registry.terraform.io/hashicorp/azurerm\"]",
      "instances": [
        {
          "schema_version": 0,
          "attributes": {
            "administrator_login": "Education6661",
            "administrator_login_password": "Exemplary-Footer-Juice2-Visa-Footing-Trousers",
            "auto_grow_enabled": true,
            "backup_retention_days": 7,
            "create_mode": "Default",
            "creation_source_server_id": null,
            "fqdn": "squaremarket-accounts.mysql.database.azure.com",
            "geo_redundant_backup_enabled": false,
            "id": "/subscriptions/a210845b-25ae-4bcf-8aea-919dfd0a4467/resourceGroups/squaremarket-group/providers/Microsoft.DBforMySQL/servers/squaremarket-accounts",
            "identity": [],
            "infrastructure_encryption_enabled": false,
            "location": "northeurope",
            "name": "squaremarket-accounts",
            "public_network_access_enabled": true,
            "resource_group_name": "squaremarket-group",
            "restore_point_in_time": null,
            "sku_name": "B_Gen5_1",
            "ssl_enforcement_enabled": true,
            "ssl_minimal_tls_version_enforced": "TLS1_2",
            "storage_mb": 5120,
            "tags": {
              "environment": "production",
              "source": "terraform"
            },
            "threat_detection_policy": [],
            "timeouts": null,
            "version": "8.0"
          },
          "sensitive_attributes": [],
          "private": "eyJlMmJmYjczMC1lY2FhLTExZTYtOGY4OC0zNDM2M2JjN2M0YzAiOnsiY3JlYXRlIjozNjAwMDAwMDAwMDAwLCJkZWxldGUiOjM2MDAwMDAwMDAwMDAsInJlYWQiOjMwMDAwMDAwMDAwMCwidXBkYXRlIjozNjAwMDAwMDAwMDAwfX0=",
          "dependencies": [
            "azurerm_resource_group.squaremarket-group"
          ]
        }
      ]
    },
    {
      "mode": "managed",
      "type": "azurerm_mysql_server",
      "name": "advertisements-db-server",
      "provider": "provider[\"registry.terraform.io/hashicorp/azurerm\"]",
      "instances": [
        {
          "schema_version": 0,
          "attributes": {
            "administrator_login": "Education6661",
            "administrator_login_password": "Exemplary-Footer-Juice2-Visa-Footing-Trousers",
            "auto_grow_enabled": true,
            "backup_retention_days": 7,
            "create_mode": "Default",
            "creation_source_server_id": null,
            "fqdn": "squaremarket-advertisements.mysql.database.azure.com",
            "geo_redundant_backup_enabled": false,
            "id": "/subscriptions/a210845b-25ae-4bcf-8aea-919dfd0a4467/resourceGroups/squaremarket-group/providers/Microsoft.DBforMySQL/servers/squaremarket-advertisements",
            "identity": [],
            "infrastructure_encryption_enabled": false,
            "location": "northeurope",
            "name": "squaremarket-advertisements",
            "public_network_access_enabled": true,
            "resource_group_name": "squaremarket-group",
            "restore_point_in_time": null,
            "sku_name": "B_Gen5_1",
            "ssl_enforcement_enabled": true,
            "ssl_minimal_tls_version_enforced": "TLS1_2",
            "storage_mb": 5120,
            "tags": {
              "environment": "production",
              "source": "terraform"
            },
            "threat_detection_policy": [],
            "timeouts": null,
            "version": "8.0"
          },
          "sensitive_attributes": [],
          "private": "eyJlMmJmYjczMC1lY2FhLTExZTYtOGY4OC0zNDM2M2JjN2M0YzAiOnsiY3JlYXRlIjozNjAwMDAwMDAwMDAwLCJkZWxldGUiOjM2MDAwMDAwMDAwMDAsInJlYWQiOjMwMDAwMDAwMDAwMCwidXBkYXRlIjozNjAwMDAwMDAwMDAwfX0=",
          "dependencies": [
            "azurerm_resource_group.squaremarket-group"
          ]
        }
      ]
    },
    {
      "mode": "managed",
      "type": "azurerm_resource_group",
      "name": "squaremarket-group",
      "provider": "provider[\"registry.terraform.io/hashicorp/azurerm\"]",
      "instances": [
        {
          "schema_version": 0,
          "attributes": {
            "id": "/subscriptions/a210845b-25ae-4bcf-8aea-919dfd0a4467/resourceGroups/squaremarket-group",
            "location": "northeurope",
            "name": "squaremarket-group",
            "tags": {
              "environment": "production",
              "source": "terraform"
            },
            "timeouts": null
          },
          "sensitive_attributes": [],
          "private": "eyJlMmJmYjczMC1lY2FhLTExZTYtOGY4OC0zNDM2M2JjN2M0YzAiOnsiY3JlYXRlIjo1NDAwMDAwMDAwMDAwLCJkZWxldGUiOjU0MDAwMDAwMDAwMDAsInJlYWQiOjMwMDAwMDAwMDAwMCwidXBkYXRlIjo1NDAwMDAwMDAwMDAwfX0="
        }
      ]
    },
    {
      "mode": "managed",
      "type": "azurerm_role_assignment",
      "name": "aks_pull_acr",
      "provider": "provider[\"registry.terraform.io/hashicorp/azurerm\"]",
      "instances": [
        {
          "schema_version": 0,
          "attributes": {
            "condition": "",
            "condition_version": "",
            "delegated_managed_identity_resource_id": "",
            "description": "",
            "id": "/subscriptions/a210845b-25ae-4bcf-8aea-919dfd0a4467/resourceGroups/squaremarket-group/providers/Microsoft.ContainerRegistry/registries/squaremarketacr/providers/Microsoft.Authorization/roleAssignments/07a078bd-5d4d-c1d4-4fe1-b994398b69cf",
            "name": "07a078bd-5d4d-c1d4-4fe1-b994398b69cf",
            "principal_id": "d72150ad-1308-4401-94b9-5e8d216f4509",
            "principal_type": "ServicePrincipal",
            "role_definition_id": "/subscriptions/a210845b-25ae-4bcf-8aea-919dfd0a4467/providers/Microsoft.Authorization/roleDefinitions/7f951dda-4ed3-4680-a7ca-43fe172d538d",
            "role_definition_name": "AcrPull",
            "scope": "/subscriptions/a210845b-25ae-4bcf-8aea-919dfd0a4467/resourceGroups/squaremarket-group/providers/Microsoft.ContainerRegistry/registries/squaremarketacr",
            "skip_service_principal_aad_check": null,
            "timeouts": null
          },
          "sensitive_attributes": [],
          "private": "eyJlMmJmYjczMC1lY2FhLTExZTYtOGY4OC0zNDM2M2JjN2M0YzAiOnsiY3JlYXRlIjoxODAwMDAwMDAwMDAwLCJkZWxldGUiOjE4MDAwMDAwMDAwMDAsInJlYWQiOjMwMDAwMDAwMDAwMCwidXBkYXRlIjoxODAwMDAwMDAwMDAwfX0=",
          "dependencies": [
            "azurerm_container_registry.acr",
            "azurerm_kubernetes_cluster.aks",
            "azurerm_resource_group.squaremarket-group"
          ]
        }
      ]
    },
    {
      "mode": "managed",
      "type": "azurerm_storage_account",
      "name": "frontend-account",
      "provider": "provider[\"registry.terraform.io/hashicorp/azurerm\"]",
      "instances": [
        {
          "schema_version": 3,
          "attributes": {
            "access_tier": "Hot",
            "account_kind": "StorageV2",
            "account_replication_type": "GRS",
            "account_tier": "Standard",
            "allow_nested_items_to_be_public": true,
            "azure_files_authentication": [],
            "blob_properties": [
              {
                "change_feed_enabled": false,
                "container_delete_retention_policy": [],
                "cors_rule": [],
                "default_service_version": "",
                "delete_retention_policy": [],
                "last_access_time_enabled": false,
                "versioning_enabled": false
              }
            ],
            "custom_domain": [
              {
                "name": "sq.rikdenbreejen.nl",
                "use_subdomain": false
              }
            ],
            "customer_managed_key": [],
            "edge_zone": "",
            "enable_https_traffic_only": true,
            "id": "/subscriptions/a210845b-25ae-4bcf-8aea-919dfd0a4467/resourceGroups/squaremarket-group/providers/Microsoft.Storage/storageAccounts/squaremarketfrontend",
            "identity": [],
            "infrastructure_encryption_enabled": false,
            "is_hns_enabled": false,
            "large_file_share_enabled": null,
            "location": "northeurope",
            "min_tls_version": "TLS1_2",
            "name": "squaremarketfrontend",
            "network_rules": [
              {
                "bypass": [
                  "AzureServices"
                ],
                "default_action": "Allow",
                "ip_rules": [],
                "private_link_access": [],
                "virtual_network_subnet_ids": []
              }
            ],
            "nfsv3_enabled": false,
            "primary_access_key": "3PtuA2DxRax879QomhnaZC+6gRNZS0pH/tRY0CDCblJVfS9iU307MKIEetS8v2602XdXPe7ZW7v1+AStnVry4w==",
            "primary_blob_connection_string": "DefaultEndpointsProtocol=https;BlobEndpoint=https://squaremarketfrontend.blob.core.windows.net/;AccountName=squaremarketfrontend;AccountKey=3PtuA2DxRax879QomhnaZC+6gRNZS0pH/tRY0CDCblJVfS9iU307MKIEetS8v2602XdXPe7ZW7v1+AStnVry4w==",
            "primary_blob_endpoint": "https://squaremarketfrontend.blob.core.windows.net/",
            "primary_blob_host": "squaremarketfrontend.blob.core.windows.net",
            "primary_connection_string": "DefaultEndpointsProtocol=https;AccountName=squaremarketfrontend;AccountKey=3PtuA2DxRax879QomhnaZC+6gRNZS0pH/tRY0CDCblJVfS9iU307MKIEetS8v2602XdXPe7ZW7v1+AStnVry4w==;EndpointSuffix=core.windows.net",
            "primary_dfs_endpoint": "https://squaremarketfrontend.dfs.core.windows.net/",
            "primary_dfs_host": "squaremarketfrontend.dfs.core.windows.net",
            "primary_file_endpoint": "https://squaremarketfrontend.file.core.windows.net/",
            "primary_file_host": "squaremarketfrontend.file.core.windows.net",
            "primary_location": "northeurope",
            "primary_queue_endpoint": "https://squaremarketfrontend.queue.core.windows.net/",
            "primary_queue_host": "squaremarketfrontend.queue.core.windows.net",
            "primary_table_endpoint": "https://squaremarketfrontend.table.core.windows.net/",
            "primary_table_host": "squaremarketfrontend.table.core.windows.net",
            "primary_web_endpoint": "https://squaremarketfrontend.z16.web.core.windows.net/",
            "primary_web_host": "squaremarketfrontend.z16.web.core.windows.net",
            "queue_encryption_key_type": "Service",
            "queue_properties": [
              {
                "cors_rule": [],
                "hour_metrics": [
                  {
                    "enabled": true,
                    "include_apis": true,
                    "retention_policy_days": 7,
                    "version": "1.0"
                  }
                ],
                "logging": [
                  {
                    "delete": false,
                    "read": false,
                    "retention_policy_days": 0,
                    "version": "1.0",
                    "write": false
                  }
                ],
                "minute_metrics": [
                  {
                    "enabled": false,
                    "include_apis": false,
                    "retention_policy_days": 0,
                    "version": "1.0"
                  }
                ]
              }
            ],
            "resource_group_name": "squaremarket-group",
            "routing": [],
            "secondary_access_key": "pfBvnLMKDOVBb/MqqRw/CgCtZkPPUnYE8S2nkLx8ev407cxd5ztqfzZUCm9j+Qd20ObT3sKLNWEU+AStMskbnQ==",
            "secondary_blob_connection_string": "",
            "secondary_blob_endpoint": null,
            "secondary_blob_host": null,
            "secondary_connection_string": "DefaultEndpointsProtocol=https;AccountName=squaremarketfrontend;AccountKey=pfBvnLMKDOVBb/MqqRw/CgCtZkPPUnYE8S2nkLx8ev407cxd5ztqfzZUCm9j+Qd20ObT3sKLNWEU+AStMskbnQ==;EndpointSuffix=core.windows.net",
            "secondary_dfs_endpoint": null,
            "secondary_dfs_host": null,
            "secondary_file_endpoint": null,
            "secondary_file_host": null,
            "secondary_location": "westeurope",
            "secondary_queue_endpoint": null,
            "secondary_queue_host": null,
            "secondary_table_endpoint": null,
            "secondary_table_host": null,
            "secondary_web_endpoint": null,
            "secondary_web_host": null,
            "share_properties": [
              {
                "cors_rule": [],
                "retention_policy": [
                  {
                    "days": 7
                  }
                ],
                "smb": []
              }
            ],
            "shared_access_key_enabled": true,
            "static_website": [
              {
                "error_404_document": "",
                "index_document": "index.html"
              }
            ],
            "table_encryption_key_type": "Service",
            "tags": {
              "environment": "production",
              "source": "terraform"
            },
            "timeouts": null
          },
          "sensitive_attributes": [],
          "private": "eyJlMmJmYjczMC1lY2FhLTExZTYtOGY4OC0zNDM2M2JjN2M0YzAiOnsiY3JlYXRlIjozNjAwMDAwMDAwMDAwLCJkZWxldGUiOjM2MDAwMDAwMDAwMDAsInJlYWQiOjMwMDAwMDAwMDAwMCwidXBkYXRlIjozNjAwMDAwMDAwMDAwfSwic2NoZW1hX3ZlcnNpb24iOiIzIn0=",
          "dependencies": [
            "azurerm_resource_group.squaremarket-group"
          ]
        }
      ]
    },
    {
      "mode": "managed",
      "type": "azurerm_storage_account",
      "name": "storage-account",
      "provider": "provider[\"registry.terraform.io/hashicorp/azurerm\"]",
      "instances": [
        {
          "schema_version": 3,
          "attributes": {
            "access_tier": "Hot",
            "account_kind": "StorageV2",
            "account_replication_type": "GRS",
            "account_tier": "Standard",
            "allow_nested_items_to_be_public": true,
            "azure_files_authentication": [],
            "blob_properties": [
              {
                "change_feed_enabled": false,
                "container_delete_retention_policy": [],
                "cors_rule": [],
                "default_service_version": "",
                "delete_retention_policy": [],
                "last_access_time_enabled": false,
                "versioning_enabled": false
              }
            ],
            "custom_domain": [],
            "customer_managed_key": [],
            "edge_zone": "",
            "enable_https_traffic_only": true,
            "id": "/subscriptions/a210845b-25ae-4bcf-8aea-919dfd0a4467/resourceGroups/squaremarket-group/providers/Microsoft.Storage/storageAccounts/squaremarketblobstorage",
            "identity": [],
            "infrastructure_encryption_enabled": false,
            "is_hns_enabled": false,
            "large_file_share_enabled": null,
            "location": "northeurope",
            "min_tls_version": "TLS1_2",
            "name": "squaremarketblobstorage",
            "network_rules": [
              {
                "bypass": [
                  "AzureServices"
                ],
                "default_action": "Allow",
                "ip_rules": [],
                "private_link_access": [],
                "virtual_network_subnet_ids": []
              }
            ],
            "nfsv3_enabled": false,
            "primary_access_key": "tEZpZsHtEg6AGukAoXTaa7A+xoSUyhMmeoDy4xlMKzS2oj3AUrwPX0q1mF3kwUXpVihLarWvz6wq+AStYwbReA==",
            "primary_blob_connection_string": "DefaultEndpointsProtocol=https;BlobEndpoint=https://squaremarketblobstorage.blob.core.windows.net/;AccountName=squaremarketblobstorage;AccountKey=tEZpZsHtEg6AGukAoXTaa7A+xoSUyhMmeoDy4xlMKzS2oj3AUrwPX0q1mF3kwUXpVihLarWvz6wq+AStYwbReA==",
            "primary_blob_endpoint": "https://squaremarketblobstorage.blob.core.windows.net/",
            "primary_blob_host": "squaremarketblobstorage.blob.core.windows.net",
            "primary_connection_string": "DefaultEndpointsProtocol=https;AccountName=squaremarketblobstorage;AccountKey=tEZpZsHtEg6AGukAoXTaa7A+xoSUyhMmeoDy4xlMKzS2oj3AUrwPX0q1mF3kwUXpVihLarWvz6wq+AStYwbReA==;EndpointSuffix=core.windows.net",
            "primary_dfs_endpoint": "https://squaremarketblobstorage.dfs.core.windows.net/",
            "primary_dfs_host": "squaremarketblobstorage.dfs.core.windows.net",
            "primary_file_endpoint": "https://squaremarketblobstorage.file.core.windows.net/",
            "primary_file_host": "squaremarketblobstorage.file.core.windows.net",
            "primary_location": "northeurope",
            "primary_queue_endpoint": "https://squaremarketblobstorage.queue.core.windows.net/",
            "primary_queue_host": "squaremarketblobstorage.queue.core.windows.net",
            "primary_table_endpoint": "https://squaremarketblobstorage.table.core.windows.net/",
            "primary_table_host": "squaremarketblobstorage.table.core.windows.net",
            "primary_web_endpoint": "https://squaremarketblobstorage.z16.web.core.windows.net/",
            "primary_web_host": "squaremarketblobstorage.z16.web.core.windows.net",
            "queue_encryption_key_type": "Service",
            "queue_properties": [
              {
                "cors_rule": [],
                "hour_metrics": [
                  {
                    "enabled": true,
                    "include_apis": true,
                    "retention_policy_days": 7,
                    "version": "1.0"
                  }
                ],
                "logging": [
                  {
                    "delete": false,
                    "read": false,
                    "retention_policy_days": 0,
                    "version": "1.0",
                    "write": false
                  }
                ],
                "minute_metrics": [
                  {
                    "enabled": false,
                    "include_apis": false,
                    "retention_policy_days": 0,
                    "version": "1.0"
                  }
                ]
              }
            ],
            "resource_group_name": "squaremarket-group",
            "routing": [],
            "secondary_access_key": "8/iovB9UWJkg0KZIf5F+zx3DG/5A5H593f9gI8yQj7iGHqYGkNJHgpNQjgpvZ3W2PvjnidO9FuJP+AStL/oalA==",
            "secondary_blob_connection_string": "",
            "secondary_blob_endpoint": null,
            "secondary_blob_host": null,
            "secondary_connection_string": "DefaultEndpointsProtocol=https;AccountName=squaremarketblobstorage;AccountKey=8/iovB9UWJkg0KZIf5F+zx3DG/5A5H593f9gI8yQj7iGHqYGkNJHgpNQjgpvZ3W2PvjnidO9FuJP+AStL/oalA==;EndpointSuffix=core.windows.net",
            "secondary_dfs_endpoint": null,
            "secondary_dfs_host": null,
            "secondary_file_endpoint": null,
            "secondary_file_host": null,
            "secondary_location": "westeurope",
            "secondary_queue_endpoint": null,
            "secondary_queue_host": null,
            "secondary_table_endpoint": null,
            "secondary_table_host": null,
            "secondary_web_endpoint": null,
            "secondary_web_host": null,
            "share_properties": [
              {
                "cors_rule": [],
                "retention_policy": [
                  {
                    "days": 7
                  }
                ],
                "smb": []
              }
            ],
            "shared_access_key_enabled": true,
            "static_website": [],
            "table_encryption_key_type": "Service",
            "tags": {
              "environment": "production",
              "source": "terraform"
            },
            "timeouts": null
          },
          "sensitive_attributes": [],
          "private": "eyJlMmJmYjczMC1lY2FhLTExZTYtOGY4OC0zNDM2M2JjN2M0YzAiOnsiY3JlYXRlIjozNjAwMDAwMDAwMDAwLCJkZWxldGUiOjM2MDAwMDAwMDAwMDAsInJlYWQiOjMwMDAwMDAwMDAwMCwidXBkYXRlIjozNjAwMDAwMDAwMDAwfSwic2NoZW1hX3ZlcnNpb24iOiIzIn0=",
          "dependencies": [
            "azurerm_resource_group.squaremarket-group"
          ]
        }
      ]
    },
    {
      "mode": "managed",
      "type": "azurerm_storage_container",
      "name": "frontendstorage-container",
      "provider": "provider[\"registry.terraform.io/hashicorp/azurerm\"]",
      "instances": [
        {
          "schema_version": 1,
          "attributes": {
            "container_access_type": "private",
            "has_immutability_policy": false,
            "has_legal_hold": false,
            "id": "https://squaremarketfrontend.blob.core.windows.net/frontend-storage-container",
            "metadata": {},
            "name": "frontend-storage-container",
            "resource_manager_id": "/subscriptions/a210845b-25ae-4bcf-8aea-919dfd0a4467/resourceGroups/squaremarket-group/providers/Microsoft.Storage/storageAccounts/squaremarketfrontend/blobServices/default/containers/frontend-storage-container",
            "storage_account_name": "squaremarketfrontend",
            "timeouts": null
          },
          "sensitive_attributes": [],
          "private": "eyJlMmJmYjczMC1lY2FhLTExZTYtOGY4OC0zNDM2M2JjN2M0YzAiOnsiY3JlYXRlIjoxODAwMDAwMDAwMDAwLCJkZWxldGUiOjE4MDAwMDAwMDAwMDAsInJlYWQiOjMwMDAwMDAwMDAwMCwidXBkYXRlIjoxODAwMDAwMDAwMDAwfSwic2NoZW1hX3ZlcnNpb24iOiIxIn0=",
          "dependencies": [
            "azurerm_resource_group.squaremarket-group",
            "azurerm_storage_account.frontend-account"
          ]
        }
      ]
    },
    {
      "mode": "managed",
      "type": "azurerm_storage_container",
      "name": "storage-container",
      "provider": "provider[\"registry.terraform.io/hashicorp/azurerm\"]",
      "instances": [
        {
          "schema_version": 1,
          "attributes": {
            "container_access_type": "private",
            "has_immutability_policy": false,
            "has_legal_hold": false,
            "id": "https://squaremarketblobstorage.blob.core.windows.net/storage-container",
            "metadata": {},
            "name": "storage-container",
            "resource_manager_id": "/subscriptions/a210845b-25ae-4bcf-8aea-919dfd0a4467/resourceGroups/squaremarket-group/providers/Microsoft.Storage/storageAccounts/squaremarketblobstorage/blobServices/default/containers/storage-container",
            "storage_account_name": "squaremarketblobstorage",
            "timeouts": null
          },
          "sensitive_attributes": [],
          "private": "eyJlMmJmYjczMC1lY2FhLTExZTYtOGY4OC0zNDM2M2JjN2M0YzAiOnsiY3JlYXRlIjoxODAwMDAwMDAwMDAwLCJkZWxldGUiOjE4MDAwMDAwMDAwMDAsInJlYWQiOjMwMDAwMDAwMDAwMCwidXBkYXRlIjoxODAwMDAwMDAwMDAwfSwic2NoZW1hX3ZlcnNpb24iOiIxIn0=",
          "dependencies": [
            "azurerm_resource_group.squaremarket-group",
            "azurerm_storage_account.storage-account"
          ]
        }
      ]
    }
  ],
  "check_results": null
}
